// !$*UTF8*$!
{
	archiveVersion = 1;
	classes = {
	};
	objectVersion = 48;
	objects = {

/* Begin PBXBuildFile section */
		DA1AFCF71FD4D0F2002F6FA1 /* ViewMenu+Actions.swift in Sources */ = {isa = PBXBuildFile; fileRef = DA1AFCF21FD4D0F2002F6FA1 /* ViewMenu+Actions.swift */; };
		DA1AFCF81FD4D0F2002F6FA1 /* ViewMenu+Actions.swift in Sources */ = {isa = PBXBuildFile; fileRef = DA1AFCF21FD4D0F2002F6FA1 /* ViewMenu+Actions.swift */; };
		DA1AFCF91FD4D0F2002F6FA1 /* ViewMenu+Collection.swift in Sources */ = {isa = PBXBuildFile; fileRef = DA1AFCF31FD4D0F2002F6FA1 /* ViewMenu+Collection.swift */; };
		DA1AFCFA1FD4D0F2002F6FA1 /* ViewMenu+Collection.swift in Sources */ = {isa = PBXBuildFile; fileRef = DA1AFCF31FD4D0F2002F6FA1 /* ViewMenu+Collection.swift */; };
		DA1AFCFB1FD4D0F2002F6FA1 /* ViewMenu.swift in Sources */ = {isa = PBXBuildFile; fileRef = DA1AFCF41FD4D0F2002F6FA1 /* ViewMenu.swift */; };
		DA1AFCFC1FD4D0F2002F6FA1 /* ViewMenu.swift in Sources */ = {isa = PBXBuildFile; fileRef = DA1AFCF41FD4D0F2002F6FA1 /* ViewMenu.swift */; };
		DA1AFCFD1FD4D0F2002F6FA1 /* ViewMenu+Synth.swift in Sources */ = {isa = PBXBuildFile; fileRef = DA1AFCF51FD4D0F2002F6FA1 /* ViewMenu+Synth.swift */; };
		DA1AFCFE1FD4D0F2002F6FA1 /* ViewMenu+Synth.swift in Sources */ = {isa = PBXBuildFile; fileRef = DA1AFCF51FD4D0F2002F6FA1 /* ViewMenu+Synth.swift */; };
		DA1AFCFF1FD4D0F2002F6FA1 /* ViewMenuCell.swift in Sources */ = {isa = PBXBuildFile; fileRef = DA1AFCF61FD4D0F2002F6FA1 /* ViewMenuCell.swift */; };
		DA1AFD001FD4D0F2002F6FA1 /* ViewMenuCell.swift in Sources */ = {isa = PBXBuildFile; fileRef = DA1AFCF61FD4D0F2002F6FA1 /* ViewMenuCell.swift */; };
		DA5A97CC1FD605E1006223BA /* MenuItemGeneric.swift in Sources */ = {isa = PBXBuildFile; fileRef = DA5A97CB1FD605E1006223BA /* MenuItemGeneric.swift */; };
		DA5A97CD1FD6061B006223BA /* MenuItemGeneric.swift in Sources */ = {isa = PBXBuildFile; fileRef = DA5A97CB1FD605E1006223BA /* MenuItemGeneric.swift */; };
		DA70AFBF1FD5A8B10016B0DC /* ViewHome.swift in Sources */ = {isa = PBXBuildFile; fileRef = DA70AFBE1FD5A8B10016B0DC /* ViewHome.swift */; };
		DA70AFC01FD5A8B10016B0DC /* ViewHome.swift in Sources */ = {isa = PBXBuildFile; fileRef = DA70AFBE1FD5A8B10016B0DC /* ViewHome.swift */; };
		DA70AFC21FD5AA980016B0DC /* ControllerHome.swift in Sources */ = {isa = PBXBuildFile; fileRef = DA70AFC11FD5AA980016B0DC /* ControllerHome.swift */; };
		DA70AFC31FD5AA980016B0DC /* ControllerHome.swift in Sources */ = {isa = PBXBuildFile; fileRef = DA70AFC11FD5AA980016B0DC /* ControllerHome.swift */; };
		DA70AFC51FD5AABF0016B0DC /* Home.swift in Sources */ = {isa = PBXBuildFile; fileRef = DA70AFC41FD5AABF0016B0DC /* Home.swift */; };
		DA70AFC61FD5AABF0016B0DC /* Home.swift in Sources */ = {isa = PBXBuildFile; fileRef = DA70AFC41FD5AABF0016B0DC /* Home.swift */; };
		DA753DAB1FD5EBC8007E5BC5 /* generic.xcassets in Resources */ = {isa = PBXBuildFile; fileRef = DA753DAA1FD5EBC8007E5BC5 /* generic.xcassets */; };
		DA753DAC1FD5EBC8007E5BC5 /* generic.xcassets in Resources */ = {isa = PBXBuildFile; fileRef = DA753DAA1FD5EBC8007E5BC5 /* generic.xcassets */; };
		DA9089031FD4C65F00C1208A /* LaunchScreen.storyboard in Resources */ = {isa = PBXBuildFile; fileRef = DA90889E1FD4C65F00C1208A /* LaunchScreen.storyboard */; };
		DA9089041FD4C65F00C1208A /* LocalizableModel.strings in Resources */ = {isa = PBXBuildFile; fileRef = DA9088A01FD4C65F00C1208A /* LocalizableModel.strings */; };
		DA9089051FD4C65F00C1208A /* InfoPlist.strings in Resources */ = {isa = PBXBuildFile; fileRef = DA9088A21FD4C65F00C1208A /* InfoPlist.strings */; };
		DA9089061FD4C65F00C1208A /* LocalizableView.strings in Resources */ = {isa = PBXBuildFile; fileRef = DA9088A41FD4C65F00C1208A /* LocalizableView.strings */; };
		DA9089071FD4C65F00C1208A /* LocalizableController.strings in Resources */ = {isa = PBXBuildFile; fileRef = DA9088A61FD4C65F00C1208A /* LocalizableController.strings */; };
		DA9089081FD4C65F00C1208A /* Database.swift in Sources */ = {isa = PBXBuildFile; fileRef = DA9088AB1FD4C65F00C1208A /* Database.swift */; };
		DA9089091FD4C65F00C1208A /* Database+Factory.swift in Sources */ = {isa = PBXBuildFile; fileRef = DA9088AC1FD4C65F00C1208A /* Database+Factory.swift */; };
		DA90890A1FD4C65F00C1208A /* Database+Constants.swift in Sources */ = {isa = PBXBuildFile; fileRef = DA9088AD1FD4C65F00C1208A /* Database+Constants.swift */; };
		DA90890B1FD4C65F00C1208A /* ExtensionDictionary.swift in Sources */ = {isa = PBXBuildFile; fileRef = DA9088B11FD4C65F00C1208A /* ExtensionDictionary.swift */; };
		DA90890C1FD4C65F00C1208A /* ExtensionNotification.swift in Sources */ = {isa = PBXBuildFile; fileRef = DA9088B21FD4C65F00C1208A /* ExtensionNotification.swift */; };
		DA90890D1FD4C65F00C1208A /* ExtensionUIColor.swift in Sources */ = {isa = PBXBuildFile; fileRef = DA9088B31FD4C65F00C1208A /* ExtensionUIColor.swift */; };
		DA90890E1FD4C65F00C1208A /* ExtensionCGImage.swift in Sources */ = {isa = PBXBuildFile; fileRef = DA9088B41FD4C65F00C1208A /* ExtensionCGImage.swift */; };
		DA90890F1FD4C65F00C1208A /* ExtensionMKPolyline.swift in Sources */ = {isa = PBXBuildFile; fileRef = DA9088B51FD4C65F00C1208A /* ExtensionMKPolyline.swift */; };
		DA9089101FD4C65F00C1208A /* ExtensionString+Constants.swift in Sources */ = {isa = PBXBuildFile; fileRef = DA9088B61FD4C65F00C1208A /* ExtensionString+Constants.swift */; };
		DA9089111FD4C65F00C1208A /* ExtensionFileManager.swift in Sources */ = {isa = PBXBuildFile; fileRef = DA9088B71FD4C65F00C1208A /* ExtensionFileManager.swift */; };
		DA9089121FD4C65F00C1208A /* ExtensionURLResponse.swift in Sources */ = {isa = PBXBuildFile; fileRef = DA9088B81FD4C65F00C1208A /* ExtensionURLResponse.swift */; };
		DA9089131FD4C65F00C1208A /* ExtensionMKAnnotationView.swift in Sources */ = {isa = PBXBuildFile; fileRef = DA9088B91FD4C65F00C1208A /* ExtensionMKAnnotationView.swift */; };
		DA9089141FD4C65F00C1208A /* ExtensionNSLayoutConstraint.swift in Sources */ = {isa = PBXBuildFile; fileRef = DA9088BA1FD4C65F00C1208A /* ExtensionNSLayoutConstraint.swift */; };
		DA9089151FD4C65F00C1208A /* ExtensionUIFont.swift in Sources */ = {isa = PBXBuildFile; fileRef = DA9088BB1FD4C65F00C1208A /* ExtensionUIFont.swift */; };
		DA9089161FD4C65F00C1208A /* ExtensionUIImage.swift in Sources */ = {isa = PBXBuildFile; fileRef = DA9088BC1FD4C65F00C1208A /* ExtensionUIImage.swift */; };
		DA9089171FD4C66000C1208A /* ExtensionData.swift in Sources */ = {isa = PBXBuildFile; fileRef = DA9088BD1FD4C65F00C1208A /* ExtensionData.swift */; };
		DA9089181FD4C66000C1208A /* ExtensionNSManagedObject.swift in Sources */ = {isa = PBXBuildFile; fileRef = DA9088BE1FD4C65F00C1208A /* ExtensionNSManagedObject.swift */; };
		DA9089191FD4C66000C1208A /* ExtensionString.swift in Sources */ = {isa = PBXBuildFile; fileRef = DA9088BF1FD4C65F00C1208A /* ExtensionString.swift */; };
		DA90891A1FD4C66000C1208A /* ExtensionUIFont+Constants.swift in Sources */ = {isa = PBXBuildFile; fileRef = DA9088C01FD4C65F00C1208A /* ExtensionUIFont+Constants.swift */; };
		DA90891B1FD4C66000C1208A /* ExtensionUICollectionReusableView.swift in Sources */ = {isa = PBXBuildFile; fileRef = DA9088C11FD4C65F00C1208A /* ExtensionUICollectionReusableView.swift */; };
		DA90891C1FD4C66000C1208A /* ExtensionURL.swift in Sources */ = {isa = PBXBuildFile; fileRef = DA9088C21FD4C65F00C1208A /* ExtensionURL.swift */; };
		DA90891D1FD4C66000C1208A /* Controller.swift in Sources */ = {isa = PBXBuildFile; fileRef = DA9088C51FD4C65F00C1208A /* Controller.swift */; };
		DA90891E1FD4C66000C1208A /* ControllerParent+Orientation.swift in Sources */ = {isa = PBXBuildFile; fileRef = DA9088C61FD4C65F00C1208A /* ControllerParent+Orientation.swift */; };
		DA90891F1FD4C66000C1208A /* ControllerParent+Constants.swift in Sources */ = {isa = PBXBuildFile; fileRef = DA9088C71FD4C65F00C1208A /* ControllerParent+Constants.swift */; };
		DA9089201FD4C66000C1208A /* ControllerParent+Menu.swift in Sources */ = {isa = PBXBuildFile; fileRef = DA9088C81FD4C65F00C1208A /* ControllerParent+Menu.swift */; };
		DA9089211FD4C66000C1208A /* ControllerParent+Transitions.swift in Sources */ = {isa = PBXBuildFile; fileRef = DA9088C91FD4C65F00C1208A /* ControllerParent+Transitions.swift */; };
		DA9089221FD4C66000C1208A /* AppDelegate.swift in Sources */ = {isa = PBXBuildFile; fileRef = DA9088CA1FD4C65F00C1208A /* AppDelegate.swift */; };
		DA9089231FD4C66000C1208A /* ControllerTransition.swift in Sources */ = {isa = PBXBuildFile; fileRef = DA9088CB1FD4C65F00C1208A /* ControllerTransition.swift */; };
		DA9089241FD4C66000C1208A /* ControllerParent.swift in Sources */ = {isa = PBXBuildFile; fileRef = DA9088CC1FD4C65F00C1208A /* ControllerParent.swift */; };
		DA9089251FD4C66000C1208A /* Arch.swift in Sources */ = {isa = PBXBuildFile; fileRef = DA9088CF1FD4C65F00C1208A /* Arch.swift */; };
		DA9089261FD4C66000C1208A /* ArchHome.swift in Sources */ = {isa = PBXBuildFile; fileRef = DA9088D01FD4C65F00C1208A /* ArchHome.swift */; };
		DA9089271FD4C66000C1208A /* Model.swift in Sources */ = {isa = PBXBuildFile; fileRef = DA9088D31FD4C65F00C1208A /* Model.swift */; };
		DA9089281FD4C66000C1208A /* Menu+Constants.swift in Sources */ = {isa = PBXBuildFile; fileRef = DA9088D61FD4C65F00C1208A /* Menu+Constants.swift */; };
		DA9089291FD4C66000C1208A /* Menu+Order.swift in Sources */ = {isa = PBXBuildFile; fileRef = DA9088D71FD4C65F00C1208A /* Menu+Order.swift */; };
		DA90892A1FD4C66000C1208A /* MenuItemHome.swift in Sources */ = {isa = PBXBuildFile; fileRef = DA9088D81FD4C65F00C1208A /* MenuItemHome.swift */; };
		DA90892D1FD4C66000C1208A /* Menu.swift in Sources */ = {isa = PBXBuildFile; fileRef = DA9088DB1FD4C65F00C1208A /* Menu.swift */; };
		DA90892F1FD4C66000C1208A /* Menu+Factory.swift in Sources */ = {isa = PBXBuildFile; fileRef = DA9088DD1FD4C65F00C1208A /* Menu+Factory.swift */; };
		DA9089311FD4C66000C1208A /* MenuItemProtocol.swift in Sources */ = {isa = PBXBuildFile; fileRef = DA9088DF1FD4C65F00C1208A /* MenuItemProtocol.swift */; };
		DA9089321FD4C66000C1208A /* View.swift in Sources */ = {isa = PBXBuildFile; fileRef = DA9088E31FD4C65F00C1208A /* View.swift */; };
		DA9089331FD4C66000C1208A /* ViewParent.swift in Sources */ = {isa = PBXBuildFile; fileRef = DA9088E41FD4C65F00C1208A /* ViewParent.swift */; };
		DA9089341FD4C66000C1208A /* ViewMain+Constants.swift in Sources */ = {isa = PBXBuildFile; fileRef = DA9088E51FD4C65F00C1208A /* ViewMain+Constants.swift */; };
		DA9089351FD4C66000C1208A /* ViewProtocol.swift in Sources */ = {isa = PBXBuildFile; fileRef = DA9088E61FD4C65F00C1208A /* ViewProtocol.swift */; };
		DA9089361FD4C66000C1208A /* ViewMain.swift in Sources */ = {isa = PBXBuildFile; fileRef = DA9088E71FD4C65F00C1208A /* ViewMain.swift */; };
		DA9089371FD4C66000C1208A /* ViewParent+Transitions.swift in Sources */ = {isa = PBXBuildFile; fileRef = DA9088E81FD4C65F00C1208A /* ViewParent+Transitions.swift */; };
		DA9089381FD4C66000C1208A /* ViewParent+Constants.swift in Sources */ = {isa = PBXBuildFile; fileRef = DA9088E91FD4C65F00C1208A /* ViewParent+Constants.swift */; };
		DA9089391FD4C66000C1208A /* ViewParent+Gesture.swift in Sources */ = {isa = PBXBuildFile; fileRef = DA9088EA1FD4C65F00C1208A /* ViewParent+Gesture.swift */; };
		DA90893F1FD4C66000C1208A /* ViewBorder.swift in Sources */ = {isa = PBXBuildFile; fileRef = DA9088F31FD4C65F00C1208A /* ViewBorder.swift */; };
		DA9089401FD4C66000C1208A /* ViewSpinner.swift in Sources */ = {isa = PBXBuildFile; fileRef = DA9088F41FD4C65F00C1208A /* ViewSpinner.swift */; };
		DA9089411FD4C66000C1208A /* ViewGradient.swift in Sources */ = {isa = PBXBuildFile; fileRef = DA9088F51FD4C65F00C1208A /* ViewGradient.swift */; };
		DA9089421FD4C66000C1208A /* ViewSlider+Gesture.swift in Sources */ = {isa = PBXBuildFile; fileRef = DA9088F61FD4C65F00C1208A /* ViewSlider+Gesture.swift */; };
		DA9089431FD4C66000C1208A /* ViewSliderBar.swift in Sources */ = {isa = PBXBuildFile; fileRef = DA9088F71FD4C65F00C1208A /* ViewSliderBar.swift */; };
		DA9089441FD4C66000C1208A /* ViewSlider.swift in Sources */ = {isa = PBXBuildFile; fileRef = DA9088F81FD4C65F00C1208A /* ViewSlider.swift */; };
		DA9089451FD4C66000C1208A /* ViewGradient+Constants.swift in Sources */ = {isa = PBXBuildFile; fileRef = DA9088F91FD4C65F00C1208A /* ViewGradient+Constants.swift */; };
		DA9089461FD4C66000C1208A /* ViewSpinner+Constants.swift in Sources */ = {isa = PBXBuildFile; fileRef = DA9088FA1FD4C65F00C1208A /* ViewSpinner+Constants.swift */; };
		DA9089471FD4C66000C1208A /* ViewBlur.swift in Sources */ = {isa = PBXBuildFile; fileRef = DA9088FB1FD4C65F00C1208A /* ViewBlur.swift */; };
		DA9089481FD4C66000C1208A /* ViewCollectionFlow.swift in Sources */ = {isa = PBXBuildFile; fileRef = DA9088FC1FD4C65F00C1208A /* ViewCollectionFlow.swift */; };
		DA9089491FD4C66000C1208A /* ViewPushBackground.swift in Sources */ = {isa = PBXBuildFile; fileRef = DA9088FD1FD4C65F00C1208A /* ViewPushBackground.swift */; };
		DA90894A1FD4C66000C1208A /* ViewSlider+Constants.swift in Sources */ = {isa = PBXBuildFile; fileRef = DA9088FE1FD4C65F00C1208A /* ViewSlider+Constants.swift */; };
		DA90894B1FD4C66000C1208A /* ViewCollection.swift in Sources */ = {isa = PBXBuildFile; fileRef = DA9088FF1FD4C65F00C1208A /* ViewCollection.swift */; };
		DA90894C1FD4C66000C1208A /* ViewAlert+Constants.swift in Sources */ = {isa = PBXBuildFile; fileRef = DA9089001FD4C65F00C1208A /* ViewAlert+Constants.swift */; };
		DA90894D1FD4C66000C1208A /* ViewAlert.swift in Sources */ = {isa = PBXBuildFile; fileRef = DA9089011FD4C65F00C1208A /* ViewAlert.swift */; };
		DA9089661FD4CDFA00C1208A /* Database.swift in Sources */ = {isa = PBXBuildFile; fileRef = DA9088AB1FD4C65F00C1208A /* Database.swift */; };
		DA9089671FD4CDFC00C1208A /* Database+Factory.swift in Sources */ = {isa = PBXBuildFile; fileRef = DA9088AC1FD4C65F00C1208A /* Database+Factory.swift */; };
		DA9089681FD4CDFF00C1208A /* Database+Constants.swift in Sources */ = {isa = PBXBuildFile; fileRef = DA9088AD1FD4C65F00C1208A /* Database+Constants.swift */; };
		DA90896B1FD4CE1400C1208A /* habanero.xcdatamodeld in Sources */ = {isa = PBXBuildFile; fileRef = DA9089691FD4CE1400C1208A /* habanero.xcdatamodeld */; };
		DA90896C1FD4CE1400C1208A /* habanero.xcdatamodeld in Sources */ = {isa = PBXBuildFile; fileRef = DA9089691FD4CE1400C1208A /* habanero.xcdatamodeld */; };
		DA90896D1FD4CE1C00C1208A /* ExtensionDictionary.swift in Sources */ = {isa = PBXBuildFile; fileRef = DA9088B11FD4C65F00C1208A /* ExtensionDictionary.swift */; };
		DA90896E1FD4CE1E00C1208A /* ExtensionNotification.swift in Sources */ = {isa = PBXBuildFile; fileRef = DA9088B21FD4C65F00C1208A /* ExtensionNotification.swift */; };
		DA90896F1FD4CE2200C1208A /* ExtensionUIColor.swift in Sources */ = {isa = PBXBuildFile; fileRef = DA9088B31FD4C65F00C1208A /* ExtensionUIColor.swift */; };
		DA9089701FD4CE2200C1208A /* ExtensionCGImage.swift in Sources */ = {isa = PBXBuildFile; fileRef = DA9088B41FD4C65F00C1208A /* ExtensionCGImage.swift */; };
		DA9089711FD4CE2200C1208A /* ExtensionMKPolyline.swift in Sources */ = {isa = PBXBuildFile; fileRef = DA9088B51FD4C65F00C1208A /* ExtensionMKPolyline.swift */; };
		DA9089721FD4CE2200C1208A /* ExtensionString+Constants.swift in Sources */ = {isa = PBXBuildFile; fileRef = DA9088B61FD4C65F00C1208A /* ExtensionString+Constants.swift */; };
		DA9089731FD4CE2200C1208A /* ExtensionFileManager.swift in Sources */ = {isa = PBXBuildFile; fileRef = DA9088B71FD4C65F00C1208A /* ExtensionFileManager.swift */; };
		DA9089741FD4CE2200C1208A /* ExtensionURLResponse.swift in Sources */ = {isa = PBXBuildFile; fileRef = DA9088B81FD4C65F00C1208A /* ExtensionURLResponse.swift */; };
		DA9089751FD4CE2200C1208A /* ExtensionMKAnnotationView.swift in Sources */ = {isa = PBXBuildFile; fileRef = DA9088B91FD4C65F00C1208A /* ExtensionMKAnnotationView.swift */; };
		DA9089761FD4CE2200C1208A /* ExtensionNSLayoutConstraint.swift in Sources */ = {isa = PBXBuildFile; fileRef = DA9088BA1FD4C65F00C1208A /* ExtensionNSLayoutConstraint.swift */; };
		DA9089771FD4CE2200C1208A /* ExtensionUIFont.swift in Sources */ = {isa = PBXBuildFile; fileRef = DA9088BB1FD4C65F00C1208A /* ExtensionUIFont.swift */; };
		DA9089781FD4CE2200C1208A /* ExtensionUIImage.swift in Sources */ = {isa = PBXBuildFile; fileRef = DA9088BC1FD4C65F00C1208A /* ExtensionUIImage.swift */; };
		DA9089791FD4CE2200C1208A /* ExtensionData.swift in Sources */ = {isa = PBXBuildFile; fileRef = DA9088BD1FD4C65F00C1208A /* ExtensionData.swift */; };
		DA90897A1FD4CE2200C1208A /* ExtensionNSManagedObject.swift in Sources */ = {isa = PBXBuildFile; fileRef = DA9088BE1FD4C65F00C1208A /* ExtensionNSManagedObject.swift */; };
		DA90897B1FD4CE2200C1208A /* ExtensionString.swift in Sources */ = {isa = PBXBuildFile; fileRef = DA9088BF1FD4C65F00C1208A /* ExtensionString.swift */; };
		DA90897C1FD4CE2200C1208A /* ExtensionUIFont+Constants.swift in Sources */ = {isa = PBXBuildFile; fileRef = DA9088C01FD4C65F00C1208A /* ExtensionUIFont+Constants.swift */; };
		DA90897D1FD4CE2200C1208A /* ExtensionUICollectionReusableView.swift in Sources */ = {isa = PBXBuildFile; fileRef = DA9088C11FD4C65F00C1208A /* ExtensionUICollectionReusableView.swift */; };
		DA90897E1FD4CE2200C1208A /* ExtensionURL.swift in Sources */ = {isa = PBXBuildFile; fileRef = DA9088C21FD4C65F00C1208A /* ExtensionURL.swift */; };
		DA90897F1FD4CE2E00C1208A /* AppDelegate.swift in Sources */ = {isa = PBXBuildFile; fileRef = DA9088CA1FD4C65F00C1208A /* AppDelegate.swift */; };
		DA9089801FD4CE2E00C1208A /* Controller.swift in Sources */ = {isa = PBXBuildFile; fileRef = DA9088C51FD4C65F00C1208A /* Controller.swift */; };
		DA9089811FD4CE2E00C1208A /* ControllerParent+Orientation.swift in Sources */ = {isa = PBXBuildFile; fileRef = DA9088C61FD4C65F00C1208A /* ControllerParent+Orientation.swift */; };
		DA9089821FD4CE2E00C1208A /* ControllerParent+Constants.swift in Sources */ = {isa = PBXBuildFile; fileRef = DA9088C71FD4C65F00C1208A /* ControllerParent+Constants.swift */; };
		DA9089831FD4CE2E00C1208A /* ControllerParent+Menu.swift in Sources */ = {isa = PBXBuildFile; fileRef = DA9088C81FD4C65F00C1208A /* ControllerParent+Menu.swift */; };
		DA9089841FD4CE2E00C1208A /* ControllerParent+Transitions.swift in Sources */ = {isa = PBXBuildFile; fileRef = DA9088C91FD4C65F00C1208A /* ControllerParent+Transitions.swift */; };
		DA9089851FD4CE2E00C1208A /* ControllerTransition.swift in Sources */ = {isa = PBXBuildFile; fileRef = DA9088CB1FD4C65F00C1208A /* ControllerTransition.swift */; };
		DA9089861FD4CE2E00C1208A /* ControllerParent.swift in Sources */ = {isa = PBXBuildFile; fileRef = DA9088CC1FD4C65F00C1208A /* ControllerParent.swift */; };
		DA9089871FD4CE3300C1208A /* Arch.swift in Sources */ = {isa = PBXBuildFile; fileRef = DA9088CF1FD4C65F00C1208A /* Arch.swift */; };
		DA9089881FD4CE3300C1208A /* ArchHome.swift in Sources */ = {isa = PBXBuildFile; fileRef = DA9088D01FD4C65F00C1208A /* ArchHome.swift */; };
		DA9089891FD4CE3700C1208A /* Model.swift in Sources */ = {isa = PBXBuildFile; fileRef = DA9088D31FD4C65F00C1208A /* Model.swift */; };
		DA90898A1FD4CE3E00C1208A /* Menu+Constants.swift in Sources */ = {isa = PBXBuildFile; fileRef = DA9088D61FD4C65F00C1208A /* Menu+Constants.swift */; };
		DA90898B1FD4CE3E00C1208A /* Menu+Order.swift in Sources */ = {isa = PBXBuildFile; fileRef = DA9088D71FD4C65F00C1208A /* Menu+Order.swift */; };
		DA90898C1FD4CE3E00C1208A /* MenuItemHome.swift in Sources */ = {isa = PBXBuildFile; fileRef = DA9088D81FD4C65F00C1208A /* MenuItemHome.swift */; };
		DA90898F1FD4CE3E00C1208A /* Menu.swift in Sources */ = {isa = PBXBuildFile; fileRef = DA9088DB1FD4C65F00C1208A /* Menu.swift */; };
		DA9089911FD4CE3E00C1208A /* Menu+Factory.swift in Sources */ = {isa = PBXBuildFile; fileRef = DA9088DD1FD4C65F00C1208A /* Menu+Factory.swift */; };
		DA9089931FD4CE3E00C1208A /* MenuItemProtocol.swift in Sources */ = {isa = PBXBuildFile; fileRef = DA9088DF1FD4C65F00C1208A /* MenuItemProtocol.swift */; };
		DA9089941FD4CE4700C1208A /* View.swift in Sources */ = {isa = PBXBuildFile; fileRef = DA9088E31FD4C65F00C1208A /* View.swift */; };
		DA9089951FD4CE4700C1208A /* ViewParent.swift in Sources */ = {isa = PBXBuildFile; fileRef = DA9088E41FD4C65F00C1208A /* ViewParent.swift */; };
		DA9089961FD4CE4700C1208A /* ViewMain+Constants.swift in Sources */ = {isa = PBXBuildFile; fileRef = DA9088E51FD4C65F00C1208A /* ViewMain+Constants.swift */; };
		DA9089971FD4CE4700C1208A /* ViewProtocol.swift in Sources */ = {isa = PBXBuildFile; fileRef = DA9088E61FD4C65F00C1208A /* ViewProtocol.swift */; };
		DA9089981FD4CE4700C1208A /* ViewMain.swift in Sources */ = {isa = PBXBuildFile; fileRef = DA9088E71FD4C65F00C1208A /* ViewMain.swift */; };
		DA9089991FD4CE4700C1208A /* ViewParent+Transitions.swift in Sources */ = {isa = PBXBuildFile; fileRef = DA9088E81FD4C65F00C1208A /* ViewParent+Transitions.swift */; };
		DA90899A1FD4CE4700C1208A /* ViewParent+Constants.swift in Sources */ = {isa = PBXBuildFile; fileRef = DA9088E91FD4C65F00C1208A /* ViewParent+Constants.swift */; };
		DA90899B1FD4CE4700C1208A /* ViewParent+Gesture.swift in Sources */ = {isa = PBXBuildFile; fileRef = DA9088EA1FD4C65F00C1208A /* ViewParent+Gesture.swift */; };
		DA9089A11FD4CE5300C1208A /* ViewBorder.swift in Sources */ = {isa = PBXBuildFile; fileRef = DA9088F31FD4C65F00C1208A /* ViewBorder.swift */; };
		DA9089A21FD4CE5300C1208A /* ViewSpinner.swift in Sources */ = {isa = PBXBuildFile; fileRef = DA9088F41FD4C65F00C1208A /* ViewSpinner.swift */; };
		DA9089A31FD4CE5300C1208A /* ViewGradient.swift in Sources */ = {isa = PBXBuildFile; fileRef = DA9088F51FD4C65F00C1208A /* ViewGradient.swift */; };
		DA9089A41FD4CE5300C1208A /* ViewSlider+Gesture.swift in Sources */ = {isa = PBXBuildFile; fileRef = DA9088F61FD4C65F00C1208A /* ViewSlider+Gesture.swift */; };
		DA9089A51FD4CE5300C1208A /* ViewSliderBar.swift in Sources */ = {isa = PBXBuildFile; fileRef = DA9088F71FD4C65F00C1208A /* ViewSliderBar.swift */; };
		DA9089A61FD4CE5300C1208A /* ViewSlider.swift in Sources */ = {isa = PBXBuildFile; fileRef = DA9088F81FD4C65F00C1208A /* ViewSlider.swift */; };
		DA9089A71FD4CE5300C1208A /* ViewGradient+Constants.swift in Sources */ = {isa = PBXBuildFile; fileRef = DA9088F91FD4C65F00C1208A /* ViewGradient+Constants.swift */; };
		DA9089A81FD4CE5300C1208A /* ViewSpinner+Constants.swift in Sources */ = {isa = PBXBuildFile; fileRef = DA9088FA1FD4C65F00C1208A /* ViewSpinner+Constants.swift */; };
		DA9089A91FD4CE5300C1208A /* ViewBlur.swift in Sources */ = {isa = PBXBuildFile; fileRef = DA9088FB1FD4C65F00C1208A /* ViewBlur.swift */; };
		DA9089AA1FD4CE5300C1208A /* ViewCollectionFlow.swift in Sources */ = {isa = PBXBuildFile; fileRef = DA9088FC1FD4C65F00C1208A /* ViewCollectionFlow.swift */; };
		DA9089AB1FD4CE5300C1208A /* ViewPushBackground.swift in Sources */ = {isa = PBXBuildFile; fileRef = DA9088FD1FD4C65F00C1208A /* ViewPushBackground.swift */; };
		DA9089AC1FD4CE5300C1208A /* ViewSlider+Constants.swift in Sources */ = {isa = PBXBuildFile; fileRef = DA9088FE1FD4C65F00C1208A /* ViewSlider+Constants.swift */; };
		DA9089AD1FD4CE5300C1208A /* ViewCollection.swift in Sources */ = {isa = PBXBuildFile; fileRef = DA9088FF1FD4C65F00C1208A /* ViewCollection.swift */; };
		DA9089AE1FD4CE5300C1208A /* ViewAlert+Constants.swift in Sources */ = {isa = PBXBuildFile; fileRef = DA9089001FD4C65F00C1208A /* ViewAlert+Constants.swift */; };
		DA9089AF1FD4CE5300C1208A /* ViewAlert.swift in Sources */ = {isa = PBXBuildFile; fileRef = DA9089011FD4C65F00C1208A /* ViewAlert.swift */; };
		DA9089B01FD4CE5800C1208A /* LaunchScreen.storyboard in Resources */ = {isa = PBXBuildFile; fileRef = DA90889E1FD4C65F00C1208A /* LaunchScreen.storyboard */; };
		DA9089B11FD4CE5F00C1208A /* LocalizableModel.strings in Resources */ = {isa = PBXBuildFile; fileRef = DA9088A01FD4C65F00C1208A /* LocalizableModel.strings */; };
		DA9089B21FD4CE5F00C1208A /* InfoPlist.strings in Resources */ = {isa = PBXBuildFile; fileRef = DA9088A21FD4C65F00C1208A /* InfoPlist.strings */; };
		DA9089B31FD4CE5F00C1208A /* LocalizableView.strings in Resources */ = {isa = PBXBuildFile; fileRef = DA9088A41FD4C65F00C1208A /* LocalizableView.strings */; };
		DA9089B41FD4CE5F00C1208A /* LocalizableController.strings in Resources */ = {isa = PBXBuildFile; fileRef = DA9088A61FD4C65F00C1208A /* LocalizableController.strings */; };
		DA992D771FD61E7300A6CFEF /* MenuItemGenericProtocol.swift in Sources */ = {isa = PBXBuildFile; fileRef = DA992D751FD61E7300A6CFEF /* MenuItemGenericProtocol.swift */; };
		DA992D781FD61E7300A6CFEF /* MenuItemGenericProtocol+Default.swift in Sources */ = {isa = PBXBuildFile; fileRef = DA992D761FD61E7300A6CFEF /* MenuItemGenericProtocol+Default.swift */; };
		DA992D791FD61ED700A6CFEF /* MenuItemGenericProtocol.swift in Sources */ = {isa = PBXBuildFile; fileRef = DA992D751FD61E7300A6CFEF /* MenuItemGenericProtocol.swift */; };
		DA992D7A1FD61EE500A6CFEF /* MenuItemGenericProtocol+Default.swift in Sources */ = {isa = PBXBuildFile; fileRef = DA992D761FD61E7300A6CFEF /* MenuItemGenericProtocol+Default.swift */; };
/* End PBXBuildFile section */

/* Begin PBXFileReference section */
		DA1AFCF21FD4D0F2002F6FA1 /* ViewMenu+Actions.swift */ = {isa = PBXFileReference; fileEncoding = 4; lastKnownFileType = sourcecode.swift; path = "ViewMenu+Actions.swift"; sourceTree = "<group>"; };
		DA1AFCF31FD4D0F2002F6FA1 /* ViewMenu+Collection.swift */ = {isa = PBXFileReference; fileEncoding = 4; lastKnownFileType = sourcecode.swift; path = "ViewMenu+Collection.swift"; sourceTree = "<group>"; };
		DA1AFCF41FD4D0F2002F6FA1 /* ViewMenu.swift */ = {isa = PBXFileReference; fileEncoding = 4; lastKnownFileType = sourcecode.swift; path = ViewMenu.swift; sourceTree = "<group>"; };
		DA1AFCF51FD4D0F2002F6FA1 /* ViewMenu+Synth.swift */ = {isa = PBXFileReference; fileEncoding = 4; lastKnownFileType = sourcecode.swift; path = "ViewMenu+Synth.swift"; sourceTree = "<group>"; };
		DA1AFCF61FD4D0F2002F6FA1 /* ViewMenuCell.swift */ = {isa = PBXFileReference; fileEncoding = 4; lastKnownFileType = sourcecode.swift; path = ViewMenuCell.swift; sourceTree = "<group>"; };
		DA5A97CB1FD605E1006223BA /* MenuItemGeneric.swift */ = {isa = PBXFileReference; lastKnownFileType = sourcecode.swift; path = MenuItemGeneric.swift; sourceTree = "<group>"; };
		DA70AFBE1FD5A8B10016B0DC /* ViewHome.swift */ = {isa = PBXFileReference; lastKnownFileType = sourcecode.swift; path = ViewHome.swift; sourceTree = "<group>"; };
		DA70AFC11FD5AA980016B0DC /* ControllerHome.swift */ = {isa = PBXFileReference; lastKnownFileType = sourcecode.swift; path = ControllerHome.swift; sourceTree = "<group>"; };
		DA70AFC41FD5AABF0016B0DC /* Home.swift */ = {isa = PBXFileReference; lastKnownFileType = sourcecode.swift; path = Home.swift; sourceTree = "<group>"; };
		DA753DA91FD5EB96007E5BC5 /* Design */ = {isa = PBXFileReference; lastKnownFileType = folder; path = Design; sourceTree = "<group>"; };
		DA753DAA1FD5EBC8007E5BC5 /* generic.xcassets */ = {isa = PBXFileReference; lastKnownFileType = folder.assetcatalog; path = generic.xcassets; sourceTree = "<group>"; };
		DA795D301FD5F00B00ABD191 /* version.sh */ = {isa = PBXFileReference; lastKnownFileType = text.script.sh; path = version.sh; sourceTree = "<group>"; };
		DA9088821FD4C38E00C1208A /* user.app */ = {isa = PBXFileReference; explicitFileType = wrapper.application; includeInIndex = 0; path = user.app; sourceTree = BUILT_PRODUCTS_DIR; };
		DA9088981FD4C45600C1208A /* README.md */ = {isa = PBXFileReference; fileEncoding = 4; lastKnownFileType = net.daringfireball.markdown; path = README.md; sourceTree = "<group>"; };
		DA90889B1FD4C4AF00C1208A /* LICENSE */ = {isa = PBXFileReference; fileEncoding = 4; lastKnownFileType = text; path = LICENSE; sourceTree = "<group>"; };
		DA90889E1FD4C65F00C1208A /* LaunchScreen.storyboard */ = {isa = PBXFileReference; fileEncoding = 4; lastKnownFileType = file.storyboard; path = LaunchScreen.storyboard; sourceTree = "<group>"; };
		DA9088A11FD4C65F00C1208A /* en */ = {isa = PBXFileReference; lastKnownFileType = text.plist.strings; name = en; path = en.lproj/LocalizableModel.strings; sourceTree = "<group>"; };
		DA9088A31FD4C65F00C1208A /* en */ = {isa = PBXFileReference; lastKnownFileType = text.plist.strings; name = en; path = en.lproj/InfoPlist.strings; sourceTree = "<group>"; };
		DA9088A51FD4C65F00C1208A /* en */ = {isa = PBXFileReference; lastKnownFileType = text.plist.strings; name = en; path = en.lproj/LocalizableView.strings; sourceTree = "<group>"; };
		DA9088A71FD4C65F00C1208A /* en */ = {isa = PBXFileReference; lastKnownFileType = text.plist.strings; name = en; path = en.lproj/LocalizableController.strings; sourceTree = "<group>"; };
		DA9088AB1FD4C65F00C1208A /* Database.swift */ = {isa = PBXFileReference; fileEncoding = 4; lastKnownFileType = sourcecode.swift; path = Database.swift; sourceTree = "<group>"; };
		DA9088AC1FD4C65F00C1208A /* Database+Factory.swift */ = {isa = PBXFileReference; fileEncoding = 4; lastKnownFileType = sourcecode.swift; path = "Database+Factory.swift"; sourceTree = "<group>"; };
		DA9088AD1FD4C65F00C1208A /* Database+Constants.swift */ = {isa = PBXFileReference; fileEncoding = 4; lastKnownFileType = sourcecode.swift; path = "Database+Constants.swift"; sourceTree = "<group>"; };
		DA9088B11FD4C65F00C1208A /* ExtensionDictionary.swift */ = {isa = PBXFileReference; fileEncoding = 4; lastKnownFileType = sourcecode.swift; path = ExtensionDictionary.swift; sourceTree = "<group>"; };
		DA9088B21FD4C65F00C1208A /* ExtensionNotification.swift */ = {isa = PBXFileReference; fileEncoding = 4; lastKnownFileType = sourcecode.swift; path = ExtensionNotification.swift; sourceTree = "<group>"; };
		DA9088B31FD4C65F00C1208A /* ExtensionUIColor.swift */ = {isa = PBXFileReference; fileEncoding = 4; lastKnownFileType = sourcecode.swift; path = ExtensionUIColor.swift; sourceTree = "<group>"; };
		DA9088B41FD4C65F00C1208A /* ExtensionCGImage.swift */ = {isa = PBXFileReference; fileEncoding = 4; lastKnownFileType = sourcecode.swift; path = ExtensionCGImage.swift; sourceTree = "<group>"; };
		DA9088B51FD4C65F00C1208A /* ExtensionMKPolyline.swift */ = {isa = PBXFileReference; fileEncoding = 4; lastKnownFileType = sourcecode.swift; path = ExtensionMKPolyline.swift; sourceTree = "<group>"; };
		DA9088B61FD4C65F00C1208A /* ExtensionString+Constants.swift */ = {isa = PBXFileReference; fileEncoding = 4; lastKnownFileType = sourcecode.swift; path = "ExtensionString+Constants.swift"; sourceTree = "<group>"; };
		DA9088B71FD4C65F00C1208A /* ExtensionFileManager.swift */ = {isa = PBXFileReference; fileEncoding = 4; lastKnownFileType = sourcecode.swift; path = ExtensionFileManager.swift; sourceTree = "<group>"; };
		DA9088B81FD4C65F00C1208A /* ExtensionURLResponse.swift */ = {isa = PBXFileReference; fileEncoding = 4; lastKnownFileType = sourcecode.swift; path = ExtensionURLResponse.swift; sourceTree = "<group>"; };
		DA9088B91FD4C65F00C1208A /* ExtensionMKAnnotationView.swift */ = {isa = PBXFileReference; fileEncoding = 4; lastKnownFileType = sourcecode.swift; path = ExtensionMKAnnotationView.swift; sourceTree = "<group>"; };
		DA9088BA1FD4C65F00C1208A /* ExtensionNSLayoutConstraint.swift */ = {isa = PBXFileReference; fileEncoding = 4; lastKnownFileType = sourcecode.swift; path = ExtensionNSLayoutConstraint.swift; sourceTree = "<group>"; };
		DA9088BB1FD4C65F00C1208A /* ExtensionUIFont.swift */ = {isa = PBXFileReference; fileEncoding = 4; lastKnownFileType = sourcecode.swift; path = ExtensionUIFont.swift; sourceTree = "<group>"; };
		DA9088BC1FD4C65F00C1208A /* ExtensionUIImage.swift */ = {isa = PBXFileReference; fileEncoding = 4; lastKnownFileType = sourcecode.swift; path = ExtensionUIImage.swift; sourceTree = "<group>"; };
		DA9088BD1FD4C65F00C1208A /* ExtensionData.swift */ = {isa = PBXFileReference; fileEncoding = 4; lastKnownFileType = sourcecode.swift; path = ExtensionData.swift; sourceTree = "<group>"; };
		DA9088BE1FD4C65F00C1208A /* ExtensionNSManagedObject.swift */ = {isa = PBXFileReference; fileEncoding = 4; lastKnownFileType = sourcecode.swift; path = ExtensionNSManagedObject.swift; sourceTree = "<group>"; };
		DA9088BF1FD4C65F00C1208A /* ExtensionString.swift */ = {isa = PBXFileReference; fileEncoding = 4; lastKnownFileType = sourcecode.swift; path = ExtensionString.swift; sourceTree = "<group>"; };
		DA9088C01FD4C65F00C1208A /* ExtensionUIFont+Constants.swift */ = {isa = PBXFileReference; fileEncoding = 4; lastKnownFileType = sourcecode.swift; path = "ExtensionUIFont+Constants.swift"; sourceTree = "<group>"; };
		DA9088C11FD4C65F00C1208A /* ExtensionUICollectionReusableView.swift */ = {isa = PBXFileReference; fileEncoding = 4; lastKnownFileType = sourcecode.swift; path = ExtensionUICollectionReusableView.swift; sourceTree = "<group>"; };
		DA9088C21FD4C65F00C1208A /* ExtensionURL.swift */ = {isa = PBXFileReference; fileEncoding = 4; lastKnownFileType = sourcecode.swift; path = ExtensionURL.swift; sourceTree = "<group>"; };
		DA9088C51FD4C65F00C1208A /* Controller.swift */ = {isa = PBXFileReference; fileEncoding = 4; lastKnownFileType = sourcecode.swift; path = Controller.swift; sourceTree = "<group>"; };
		DA9088C61FD4C65F00C1208A /* ControllerParent+Orientation.swift */ = {isa = PBXFileReference; fileEncoding = 4; lastKnownFileType = sourcecode.swift; path = "ControllerParent+Orientation.swift"; sourceTree = "<group>"; };
		DA9088C71FD4C65F00C1208A /* ControllerParent+Constants.swift */ = {isa = PBXFileReference; fileEncoding = 4; lastKnownFileType = sourcecode.swift; path = "ControllerParent+Constants.swift"; sourceTree = "<group>"; };
		DA9088C81FD4C65F00C1208A /* ControllerParent+Menu.swift */ = {isa = PBXFileReference; fileEncoding = 4; lastKnownFileType = sourcecode.swift; path = "ControllerParent+Menu.swift"; sourceTree = "<group>"; };
		DA9088C91FD4C65F00C1208A /* ControllerParent+Transitions.swift */ = {isa = PBXFileReference; fileEncoding = 4; lastKnownFileType = sourcecode.swift; path = "ControllerParent+Transitions.swift"; sourceTree = "<group>"; };
		DA9088CA1FD4C65F00C1208A /* AppDelegate.swift */ = {isa = PBXFileReference; fileEncoding = 4; lastKnownFileType = sourcecode.swift; path = AppDelegate.swift; sourceTree = "<group>"; };
		DA9088CB1FD4C65F00C1208A /* ControllerTransition.swift */ = {isa = PBXFileReference; fileEncoding = 4; lastKnownFileType = sourcecode.swift; path = ControllerTransition.swift; sourceTree = "<group>"; };
		DA9088CC1FD4C65F00C1208A /* ControllerParent.swift */ = {isa = PBXFileReference; fileEncoding = 4; lastKnownFileType = sourcecode.swift; path = ControllerParent.swift; sourceTree = "<group>"; };
		DA9088CF1FD4C65F00C1208A /* Arch.swift */ = {isa = PBXFileReference; fileEncoding = 4; lastKnownFileType = sourcecode.swift; path = Arch.swift; sourceTree = "<group>"; };
		DA9088D01FD4C65F00C1208A /* ArchHome.swift */ = {isa = PBXFileReference; fileEncoding = 4; lastKnownFileType = sourcecode.swift; path = ArchHome.swift; sourceTree = "<group>"; };
		DA9088D31FD4C65F00C1208A /* Model.swift */ = {isa = PBXFileReference; fileEncoding = 4; lastKnownFileType = sourcecode.swift; path = Model.swift; sourceTree = "<group>"; };
		DA9088D61FD4C65F00C1208A /* Menu+Constants.swift */ = {isa = PBXFileReference; fileEncoding = 4; lastKnownFileType = sourcecode.swift; path = "Menu+Constants.swift"; sourceTree = "<group>"; };
		DA9088D71FD4C65F00C1208A /* Menu+Order.swift */ = {isa = PBXFileReference; fileEncoding = 4; lastKnownFileType = sourcecode.swift; path = "Menu+Order.swift"; sourceTree = "<group>"; };
		DA9088D81FD4C65F00C1208A /* MenuItemHome.swift */ = {isa = PBXFileReference; fileEncoding = 4; lastKnownFileType = sourcecode.swift; path = MenuItemHome.swift; sourceTree = "<group>"; };
		DA9088DB1FD4C65F00C1208A /* Menu.swift */ = {isa = PBXFileReference; fileEncoding = 4; lastKnownFileType = sourcecode.swift; path = Menu.swift; sourceTree = "<group>"; };
		DA9088DD1FD4C65F00C1208A /* Menu+Factory.swift */ = {isa = PBXFileReference; fileEncoding = 4; lastKnownFileType = sourcecode.swift; path = "Menu+Factory.swift"; sourceTree = "<group>"; };
		DA9088DF1FD4C65F00C1208A /* MenuItemProtocol.swift */ = {isa = PBXFileReference; fileEncoding = 4; lastKnownFileType = sourcecode.swift; path = MenuItemProtocol.swift; sourceTree = "<group>"; };
		DA9088E31FD4C65F00C1208A /* View.swift */ = {isa = PBXFileReference; fileEncoding = 4; lastKnownFileType = sourcecode.swift; path = View.swift; sourceTree = "<group>"; };
		DA9088E41FD4C65F00C1208A /* ViewParent.swift */ = {isa = PBXFileReference; fileEncoding = 4; lastKnownFileType = sourcecode.swift; path = ViewParent.swift; sourceTree = "<group>"; };
		DA9088E51FD4C65F00C1208A /* ViewMain+Constants.swift */ = {isa = PBXFileReference; fileEncoding = 4; lastKnownFileType = sourcecode.swift; path = "ViewMain+Constants.swift"; sourceTree = "<group>"; };
		DA9088E61FD4C65F00C1208A /* ViewProtocol.swift */ = {isa = PBXFileReference; fileEncoding = 4; lastKnownFileType = sourcecode.swift; path = ViewProtocol.swift; sourceTree = "<group>"; };
		DA9088E71FD4C65F00C1208A /* ViewMain.swift */ = {isa = PBXFileReference; fileEncoding = 4; lastKnownFileType = sourcecode.swift; path = ViewMain.swift; sourceTree = "<group>"; };
		DA9088E81FD4C65F00C1208A /* ViewParent+Transitions.swift */ = {isa = PBXFileReference; fileEncoding = 4; lastKnownFileType = sourcecode.swift; path = "ViewParent+Transitions.swift"; sourceTree = "<group>"; };
		DA9088E91FD4C65F00C1208A /* ViewParent+Constants.swift */ = {isa = PBXFileReference; fileEncoding = 4; lastKnownFileType = sourcecode.swift; path = "ViewParent+Constants.swift"; sourceTree = "<group>"; };
		DA9088EA1FD4C65F00C1208A /* ViewParent+Gesture.swift */ = {isa = PBXFileReference; fileEncoding = 4; lastKnownFileType = sourcecode.swift; path = "ViewParent+Gesture.swift"; sourceTree = "<group>"; };
		DA9088F31FD4C65F00C1208A /* ViewBorder.swift */ = {isa = PBXFileReference; fileEncoding = 4; lastKnownFileType = sourcecode.swift; path = ViewBorder.swift; sourceTree = "<group>"; };
		DA9088F41FD4C65F00C1208A /* ViewSpinner.swift */ = {isa = PBXFileReference; fileEncoding = 4; lastKnownFileType = sourcecode.swift; path = ViewSpinner.swift; sourceTree = "<group>"; };
		DA9088F51FD4C65F00C1208A /* ViewGradient.swift */ = {isa = PBXFileReference; fileEncoding = 4; lastKnownFileType = sourcecode.swift; path = ViewGradient.swift; sourceTree = "<group>"; };
		DA9088F61FD4C65F00C1208A /* ViewSlider+Gesture.swift */ = {isa = PBXFileReference; fileEncoding = 4; lastKnownFileType = sourcecode.swift; path = "ViewSlider+Gesture.swift"; sourceTree = "<group>"; };
		DA9088F71FD4C65F00C1208A /* ViewSliderBar.swift */ = {isa = PBXFileReference; fileEncoding = 4; lastKnownFileType = sourcecode.swift; path = ViewSliderBar.swift; sourceTree = "<group>"; };
		DA9088F81FD4C65F00C1208A /* ViewSlider.swift */ = {isa = PBXFileReference; fileEncoding = 4; lastKnownFileType = sourcecode.swift; path = ViewSlider.swift; sourceTree = "<group>"; };
		DA9088F91FD4C65F00C1208A /* ViewGradient+Constants.swift */ = {isa = PBXFileReference; fileEncoding = 4; lastKnownFileType = sourcecode.swift; path = "ViewGradient+Constants.swift"; sourceTree = "<group>"; };
		DA9088FA1FD4C65F00C1208A /* ViewSpinner+Constants.swift */ = {isa = PBXFileReference; fileEncoding = 4; lastKnownFileType = sourcecode.swift; path = "ViewSpinner+Constants.swift"; sourceTree = "<group>"; };
		DA9088FB1FD4C65F00C1208A /* ViewBlur.swift */ = {isa = PBXFileReference; fileEncoding = 4; lastKnownFileType = sourcecode.swift; path = ViewBlur.swift; sourceTree = "<group>"; };
		DA9088FC1FD4C65F00C1208A /* ViewCollectionFlow.swift */ = {isa = PBXFileReference; fileEncoding = 4; lastKnownFileType = sourcecode.swift; path = ViewCollectionFlow.swift; sourceTree = "<group>"; };
		DA9088FD1FD4C65F00C1208A /* ViewPushBackground.swift */ = {isa = PBXFileReference; fileEncoding = 4; lastKnownFileType = sourcecode.swift; path = ViewPushBackground.swift; sourceTree = "<group>"; };
		DA9088FE1FD4C65F00C1208A /* ViewSlider+Constants.swift */ = {isa = PBXFileReference; fileEncoding = 4; lastKnownFileType = sourcecode.swift; path = "ViewSlider+Constants.swift"; sourceTree = "<group>"; };
		DA9088FF1FD4C65F00C1208A /* ViewCollection.swift */ = {isa = PBXFileReference; fileEncoding = 4; lastKnownFileType = sourcecode.swift; path = ViewCollection.swift; sourceTree = "<group>"; };
		DA9089001FD4C65F00C1208A /* ViewAlert+Constants.swift */ = {isa = PBXFileReference; fileEncoding = 4; lastKnownFileType = sourcecode.swift; path = "ViewAlert+Constants.swift"; sourceTree = "<group>"; };
		DA9089011FD4C65F00C1208A /* ViewAlert.swift */ = {isa = PBXFileReference; fileEncoding = 4; lastKnownFileType = sourcecode.swift; path = ViewAlert.swift; sourceTree = "<group>"; };
		DA9089021FD4C65F00C1208A /* userInfo.plist */ = {isa = PBXFileReference; fileEncoding = 4; lastKnownFileType = text.plist.xml; path = userInfo.plist; sourceTree = "<group>"; };
		DA9089531FD4CB4D00C1208A /* admin.app */ = {isa = PBXFileReference; explicitFileType = wrapper.application; includeInIndex = 0; path = admin.app; sourceTree = BUILT_PRODUCTS_DIR; };
		DA9089651FD4CBE400C1208A /* adminInfo.plist */ = {isa = PBXFileReference; lastKnownFileType = text.plist.xml; path = adminInfo.plist; sourceTree = "<group>"; };
		DA90896A1FD4CE1400C1208A /* habanero.xcdatamodel */ = {isa = PBXFileReference; lastKnownFileType = wrapper.xcdatamodel; path = habanero.xcdatamodel; sourceTree = "<group>"; };
		DA992D751FD61E7300A6CFEF /* MenuItemGenericProtocol.swift */ = {isa = PBXFileReference; fileEncoding = 4; lastKnownFileType = sourcecode.swift; path = MenuItemGenericProtocol.swift; sourceTree = "<group>"; };
		DA992D761FD61E7300A6CFEF /* MenuItemGenericProtocol+Default.swift */ = {isa = PBXFileReference; fileEncoding = 4; lastKnownFileType = sourcecode.swift; path = "MenuItemGenericProtocol+Default.swift"; sourceTree = "<group>"; };
/* End PBXFileReference section */

/* Begin PBXFrameworksBuildPhase section */
		DA90887F1FD4C38E00C1208A /* Frameworks */ = {
			isa = PBXFrameworksBuildPhase;
			buildActionMask = 2147483647;
			files = (
			);
			runOnlyForDeploymentPostprocessing = 0;
		};
		DA9089501FD4CB4D00C1208A /* Frameworks */ = {
			isa = PBXFrameworksBuildPhase;
			buildActionMask = 2147483647;
			files = (
			);
			runOnlyForDeploymentPostprocessing = 0;
		};
/* End PBXFrameworksBuildPhase section */

/* Begin PBXGroup section */
		DA1AFCF11FD4D0F2002F6FA1 /* Menu */ = {
			isa = PBXGroup;
			children = (
				DA1AFCF21FD4D0F2002F6FA1 /* ViewMenu+Actions.swift */,
				DA1AFCF31FD4D0F2002F6FA1 /* ViewMenu+Collection.swift */,
				DA1AFCF41FD4D0F2002F6FA1 /* ViewMenu.swift */,
				DA1AFCF51FD4D0F2002F6FA1 /* ViewMenu+Synth.swift */,
				DA1AFCF61FD4D0F2002F6FA1 /* ViewMenuCell.swift */,
			);
			path = Menu;
			sourceTree = "<group>";
		};
		DA9088791FD4C38E00C1208A = {
			isa = PBXGroup;
			children = (
				DA9088A81FD4C65F00C1208A /* Source */,
				DA90889D1FD4C65F00C1208A /* Assets */,
				DA90889F1FD4C65F00C1208A /* Resources */,
				DA753DA91FD5EB96007E5BC5 /* Design */,
				DA795D301FD5F00B00ABD191 /* version.sh */,
				DA90889B1FD4C4AF00C1208A /* LICENSE */,
				DA9088981FD4C45600C1208A /* README.md */,
				DA9088831FD4C38E00C1208A /* Products */,
			);
			sourceTree = "<group>";
		};
		DA9088831FD4C38E00C1208A /* Products */ = {
			isa = PBXGroup;
			children = (
				DA9088821FD4C38E00C1208A /* user.app */,
				DA9089531FD4CB4D00C1208A /* admin.app */,
			);
			name = Products;
			sourceTree = "<group>";
		};
		DA90889D1FD4C65F00C1208A /* Assets */ = {
			isa = PBXGroup;
			children = (
				DA90889E1FD4C65F00C1208A /* LaunchScreen.storyboard */,
				DA753DAA1FD5EBC8007E5BC5 /* generic.xcassets */,
			);
			path = Assets;
			sourceTree = "<group>";
		};
		DA90889F1FD4C65F00C1208A /* Resources */ = {
			isa = PBXGroup;
			children = (
				DA9088A01FD4C65F00C1208A /* LocalizableModel.strings */,
				DA9088A21FD4C65F00C1208A /* InfoPlist.strings */,
				DA9088A41FD4C65F00C1208A /* LocalizableView.strings */,
				DA9088A61FD4C65F00C1208A /* LocalizableController.strings */,
			);
			path = Resources;
			sourceTree = "<group>";
		};
		DA9088A81FD4C65F00C1208A /* Source */ = {
			isa = PBXGroup;
			children = (
				DA9088CE1FD4C65F00C1208A /* Architecture */,
				DA9088C31FD4C65F00C1208A /* Controller */,
				DA9088D11FD4C65F00C1208A /* Model */,
				DA9088E01FD4C65F00C1208A /* View */,
				DA9088A91FD4C65F00C1208A /* CoreData */,
				DA9088B01FD4C65F00C1208A /* GenericExtensions */,
				DA9089021FD4C65F00C1208A /* userInfo.plist */,
				DA9089651FD4CBE400C1208A /* adminInfo.plist */,
			);
			path = Source;
			sourceTree = "<group>";
		};
		DA9088A91FD4C65F00C1208A /* CoreData */ = {
			isa = PBXGroup;
			children = (
				DA9088AA1FD4C65F00C1208A /* Manager */,
				DA9088AE1FD4C65F00C1208A /* Model */,
				DA9088AF1FD4C65F00C1208A /* Entities */,
			);
			path = CoreData;
			sourceTree = "<group>";
		};
		DA9088AA1FD4C65F00C1208A /* Manager */ = {
			isa = PBXGroup;
			children = (
				DA9088AB1FD4C65F00C1208A /* Database.swift */,
				DA9088AC1FD4C65F00C1208A /* Database+Factory.swift */,
				DA9088AD1FD4C65F00C1208A /* Database+Constants.swift */,
			);
			path = Manager;
			sourceTree = "<group>";
		};
		DA9088AE1FD4C65F00C1208A /* Model */ = {
			isa = PBXGroup;
			children = (
				DA9089691FD4CE1400C1208A /* habanero.xcdatamodeld */,
			);
			path = Model;
			sourceTree = "<group>";
		};
		DA9088AF1FD4C65F00C1208A /* Entities */ = {
			isa = PBXGroup;
			children = (
			);
			path = Entities;
			sourceTree = "<group>";
		};
		DA9088B01FD4C65F00C1208A /* GenericExtensions */ = {
			isa = PBXGroup;
			children = (
				DA9088B11FD4C65F00C1208A /* ExtensionDictionary.swift */,
				DA9088B21FD4C65F00C1208A /* ExtensionNotification.swift */,
				DA9088B31FD4C65F00C1208A /* ExtensionUIColor.swift */,
				DA9088B41FD4C65F00C1208A /* ExtensionCGImage.swift */,
				DA9088B51FD4C65F00C1208A /* ExtensionMKPolyline.swift */,
				DA9088B61FD4C65F00C1208A /* ExtensionString+Constants.swift */,
				DA9088B71FD4C65F00C1208A /* ExtensionFileManager.swift */,
				DA9088B81FD4C65F00C1208A /* ExtensionURLResponse.swift */,
				DA9088B91FD4C65F00C1208A /* ExtensionMKAnnotationView.swift */,
				DA9088BA1FD4C65F00C1208A /* ExtensionNSLayoutConstraint.swift */,
				DA9088BB1FD4C65F00C1208A /* ExtensionUIFont.swift */,
				DA9088BC1FD4C65F00C1208A /* ExtensionUIImage.swift */,
				DA9088BD1FD4C65F00C1208A /* ExtensionData.swift */,
				DA9088BE1FD4C65F00C1208A /* ExtensionNSManagedObject.swift */,
				DA9088BF1FD4C65F00C1208A /* ExtensionString.swift */,
				DA9088C01FD4C65F00C1208A /* ExtensionUIFont+Constants.swift */,
				DA9088C11FD4C65F00C1208A /* ExtensionUICollectionReusableView.swift */,
				DA9088C21FD4C65F00C1208A /* ExtensionURL.swift */,
			);
			path = GenericExtensions;
			sourceTree = "<group>";
		};
		DA9088C31FD4C65F00C1208A /* Controller */ = {
			isa = PBXGroup;
			children = (
				DA9088C41FD4C65F00C1208A /* Abstract */,
				DA9088CD1FD4C65F00C1208A /* Home */,
			);
			path = Controller;
			sourceTree = "<group>";
		};
		DA9088C41FD4C65F00C1208A /* Abstract */ = {
			isa = PBXGroup;
			children = (
				DA9088CA1FD4C65F00C1208A /* AppDelegate.swift */,
				DA9088C51FD4C65F00C1208A /* Controller.swift */,
				DA9088CC1FD4C65F00C1208A /* ControllerParent.swift */,
				DA9088C61FD4C65F00C1208A /* ControllerParent+Orientation.swift */,
				DA9088C71FD4C65F00C1208A /* ControllerParent+Constants.swift */,
				DA9088C81FD4C65F00C1208A /* ControllerParent+Menu.swift */,
				DA9088C91FD4C65F00C1208A /* ControllerParent+Transitions.swift */,
				DA9088CB1FD4C65F00C1208A /* ControllerTransition.swift */,
			);
			path = Abstract;
			sourceTree = "<group>";
		};
		DA9088CD1FD4C65F00C1208A /* Home */ = {
			isa = PBXGroup;
			children = (
				DA70AFC11FD5AA980016B0DC /* ControllerHome.swift */,
			);
			path = Home;
			sourceTree = "<group>";
		};
		DA9088CE1FD4C65F00C1208A /* Architecture */ = {
			isa = PBXGroup;
			children = (
				DA9088CF1FD4C65F00C1208A /* Arch.swift */,
				DA9088D01FD4C65F00C1208A /* ArchHome.swift */,
			);
			path = Architecture;
			sourceTree = "<group>";
		};
		DA9088D11FD4C65F00C1208A /* Model */ = {
			isa = PBXGroup;
			children = (
				DA9088D21FD4C65F00C1208A /* Abstract */,
				DA9088D41FD4C65F00C1208A /* Home */,
				DA9088D51FD4C65F00C1208A /* Menu */,
			);
			path = Model;
			sourceTree = "<group>";
		};
		DA9088D21FD4C65F00C1208A /* Abstract */ = {
			isa = PBXGroup;
			children = (
				DA9088D31FD4C65F00C1208A /* Model.swift */,
			);
			path = Abstract;
			sourceTree = "<group>";
		};
		DA9088D41FD4C65F00C1208A /* Home */ = {
			isa = PBXGroup;
			children = (
				DA70AFC41FD5AABF0016B0DC /* Home.swift */,
			);
			path = Home;
			sourceTree = "<group>";
		};
		DA9088D51FD4C65F00C1208A /* Menu */ = {
			isa = PBXGroup;
			children = (
				DA992D751FD61E7300A6CFEF /* MenuItemGenericProtocol.swift */,
				DA992D761FD61E7300A6CFEF /* MenuItemGenericProtocol+Default.swift */,
				DA9088DB1FD4C65F00C1208A /* Menu.swift */,
				DA9088D61FD4C65F00C1208A /* Menu+Constants.swift */,
				DA9088D71FD4C65F00C1208A /* Menu+Order.swift */,
				DA9088DD1FD4C65F00C1208A /* Menu+Factory.swift */,
				DA5A97CB1FD605E1006223BA /* MenuItemGeneric.swift */,
				DA9088DF1FD4C65F00C1208A /* MenuItemProtocol.swift */,
				DA9088D81FD4C65F00C1208A /* MenuItemHome.swift */,
			);
			path = Menu;
			sourceTree = "<group>";
		};
		DA9088E01FD4C65F00C1208A /* View */ = {
			isa = PBXGroup;
			children = (
				DA9088E11FD4C65F00C1208A /* Abstract */,
				DA9088F11FD4C65F00C1208A /* Home */,
				DA9088F21FD4C65F00C1208A /* Basic */,
			);
			path = View;
			sourceTree = "<group>";
		};
		DA9088E11FD4C65F00C1208A /* Abstract */ = {
			isa = PBXGroup;
			children = (
				DA9088E21FD4C65F00C1208A /* Basic */,
				DA1AFCF11FD4D0F2002F6FA1 /* Menu */,
			);
			path = Abstract;
			sourceTree = "<group>";
		};
		DA9088E21FD4C65F00C1208A /* Basic */ = {
			isa = PBXGroup;
			children = (
				DA9088E31FD4C65F00C1208A /* View.swift */,
				DA9088E41FD4C65F00C1208A /* ViewParent.swift */,
				DA9088E51FD4C65F00C1208A /* ViewMain+Constants.swift */,
				DA9088E61FD4C65F00C1208A /* ViewProtocol.swift */,
				DA9088E71FD4C65F00C1208A /* ViewMain.swift */,
				DA9088E81FD4C65F00C1208A /* ViewParent+Transitions.swift */,
				DA9088E91FD4C65F00C1208A /* ViewParent+Constants.swift */,
				DA9088EA1FD4C65F00C1208A /* ViewParent+Gesture.swift */,
			);
			path = Basic;
			sourceTree = "<group>";
		};
		DA9088F11FD4C65F00C1208A /* Home */ = {
			isa = PBXGroup;
			children = (
				DA70AFBE1FD5A8B10016B0DC /* ViewHome.swift */,
			);
			path = Home;
			sourceTree = "<group>";
		};
		DA9088F21FD4C65F00C1208A /* Basic */ = {
			isa = PBXGroup;
			children = (
				DA9088F31FD4C65F00C1208A /* ViewBorder.swift */,
				DA9088F41FD4C65F00C1208A /* ViewSpinner.swift */,
				DA9088FA1FD4C65F00C1208A /* ViewSpinner+Constants.swift */,
				DA9088F51FD4C65F00C1208A /* ViewGradient.swift */,
				DA9088F91FD4C65F00C1208A /* ViewGradient+Constants.swift */,
				DA9088F81FD4C65F00C1208A /* ViewSlider.swift */,
				DA9088F61FD4C65F00C1208A /* ViewSlider+Gesture.swift */,
				DA9088F71FD4C65F00C1208A /* ViewSliderBar.swift */,
				DA9088FB1FD4C65F00C1208A /* ViewBlur.swift */,
				DA9088FD1FD4C65F00C1208A /* ViewPushBackground.swift */,
				DA9088FE1FD4C65F00C1208A /* ViewSlider+Constants.swift */,
				DA9088FF1FD4C65F00C1208A /* ViewCollection.swift */,
				DA9088FC1FD4C65F00C1208A /* ViewCollectionFlow.swift */,
				DA9089001FD4C65F00C1208A /* ViewAlert+Constants.swift */,
				DA9089011FD4C65F00C1208A /* ViewAlert.swift */,
			);
			path = Basic;
			sourceTree = "<group>";
		};
/* End PBXGroup section */

/* Begin PBXNativeTarget section */
		DA9088811FD4C38E00C1208A /* user */ = {
			isa = PBXNativeTarget;
			buildConfigurationList = DA9088941FD4C38E00C1208A /* Build configuration list for PBXNativeTarget "user" */;
			buildPhases = (
				DA90887E1FD4C38E00C1208A /* Sources */,
				DA90887F1FD4C38E00C1208A /* Frameworks */,
				DA9088801FD4C38E00C1208A /* Resources */,
			);
			buildRules = (
			);
			dependencies = (
			);
			name = user;
			productName = habanero;
			productReference = DA9088821FD4C38E00C1208A /* user.app */;
			productType = "com.apple.product-type.application";
		};
		DA9089521FD4CB4D00C1208A /* admin */ = {
			isa = PBXNativeTarget;
			buildConfigurationList = DA9089621FD4CB4D00C1208A /* Build configuration list for PBXNativeTarget "admin" */;
			buildPhases = (
				DA90894F1FD4CB4D00C1208A /* Sources */,
				DA9089501FD4CB4D00C1208A /* Frameworks */,
				DA9089511FD4CB4D00C1208A /* Resources */,
			);
			buildRules = (
			);
			dependencies = (
			);
			name = admin;
			productName = velvetHabanero;
			productReference = DA9089531FD4CB4D00C1208A /* admin.app */;
			productType = "com.apple.product-type.application";
		};
/* End PBXNativeTarget section */

/* Begin PBXProject section */
		DA90887A1FD4C38E00C1208A /* Project object */ = {
			isa = PBXProject;
			attributes = {
				LastSwiftUpdateCheck = 0910;
				LastUpgradeCheck = 0910;
				ORGANIZATIONNAME = iturbide;
				TargetAttributes = {
					DA9088811FD4C38E00C1208A = {
						CreatedOnToolsVersion = 9.1;
						ProvisioningStyle = Automatic;
					};
					DA9089521FD4CB4D00C1208A = {
						CreatedOnToolsVersion = 9.1;
						ProvisioningStyle = Automatic;
					};
				};
			};
			buildConfigurationList = DA90887D1FD4C38E00C1208A /* Build configuration list for PBXProject "habanero" */;
			compatibilityVersion = "Xcode 8.0";
			developmentRegion = en;
			hasScannedForEncodings = 0;
			knownRegions = (
				en,
			);
			mainGroup = DA9088791FD4C38E00C1208A;
			productRefGroup = DA9088831FD4C38E00C1208A /* Products */;
			projectDirPath = "";
			projectRoot = "";
			targets = (
				DA9088811FD4C38E00C1208A /* user */,
				DA9089521FD4CB4D00C1208A /* admin */,
			);
		};
/* End PBXProject section */

/* Begin PBXResourcesBuildPhase section */
		DA9088801FD4C38E00C1208A /* Resources */ = {
			isa = PBXResourcesBuildPhase;
			buildActionMask = 2147483647;
			files = (
				DA9089031FD4C65F00C1208A /* LaunchScreen.storyboard in Resources */,
				DA9089071FD4C65F00C1208A /* LocalizableController.strings in Resources */,
				DA9089061FD4C65F00C1208A /* LocalizableView.strings in Resources */,
				DA753DAB1FD5EBC8007E5BC5 /* generic.xcassets in Resources */,
				DA9089041FD4C65F00C1208A /* LocalizableModel.strings in Resources */,
				DA9089051FD4C65F00C1208A /* InfoPlist.strings in Resources */,
			);
			runOnlyForDeploymentPostprocessing = 0;
		};
		DA9089511FD4CB4D00C1208A /* Resources */ = {
			isa = PBXResourcesBuildPhase;
			buildActionMask = 2147483647;
			files = (
				DA9089B41FD4CE5F00C1208A /* LocalizableController.strings in Resources */,
				DA9089B31FD4CE5F00C1208A /* LocalizableView.strings in Resources */,
				DA9089B01FD4CE5800C1208A /* LaunchScreen.storyboard in Resources */,
				DA753DAC1FD5EBC8007E5BC5 /* generic.xcassets in Resources */,
				DA9089B21FD4CE5F00C1208A /* InfoPlist.strings in Resources */,
				DA9089B11FD4CE5F00C1208A /* LocalizableModel.strings in Resources */,
			);
			runOnlyForDeploymentPostprocessing = 0;
		};
/* End PBXResourcesBuildPhase section */

/* Begin PBXSourcesBuildPhase section */
		DA90887E1FD4C38E00C1208A /* Sources */ = {
			isa = PBXSourcesBuildPhase;
			buildActionMask = 2147483647;
			files = (
				DA70AFC21FD5AA980016B0DC /* ControllerHome.swift in Sources */,
				DA9089331FD4C66000C1208A /* ViewParent.swift in Sources */,
				DA9089281FD4C66000C1208A /* Menu+Constants.swift in Sources */,
				DA90890C1FD4C65F00C1208A /* ExtensionNotification.swift in Sources */,
				DA90890D1FD4C65F00C1208A /* ExtensionUIColor.swift in Sources */,
				DA90894A1FD4C66000C1208A /* ViewSlider+Constants.swift in Sources */,
				DA9089451FD4C66000C1208A /* ViewGradient+Constants.swift in Sources */,
				DA90891F1FD4C66000C1208A /* ControllerParent+Constants.swift in Sources */,
				DA9089401FD4C66000C1208A /* ViewSpinner.swift in Sources */,
				DA90890A1FD4C65F00C1208A /* Database+Constants.swift in Sources */,
				DA9089231FD4C66000C1208A /* ControllerTransition.swift in Sources */,
				DA1AFCF71FD4D0F2002F6FA1 /* ViewMenu+Actions.swift in Sources */,
				DA90891E1FD4C66000C1208A /* ControllerParent+Orientation.swift in Sources */,
				DA9089081FD4C65F00C1208A /* Database.swift in Sources */,
				DA9089441FD4C66000C1208A /* ViewSlider.swift in Sources */,
				DA90896B1FD4CE1400C1208A /* habanero.xcdatamodeld in Sources */,
				DA992D781FD61E7300A6CFEF /* MenuItemGenericProtocol+Default.swift in Sources */,
				DA9089381FD4C66000C1208A /* ViewParent+Constants.swift in Sources */,
				DA90892A1FD4C66000C1208A /* MenuItemHome.swift in Sources */,
				DA1AFCFB1FD4D0F2002F6FA1 /* ViewMenu.swift in Sources */,
				DA992D771FD61E7300A6CFEF /* MenuItemGenericProtocol.swift in Sources */,
				DA9089471FD4C66000C1208A /* ViewBlur.swift in Sources */,
				DA1AFCFF1FD4D0F2002F6FA1 /* ViewMenuCell.swift in Sources */,
				DA9089261FD4C66000C1208A /* ArchHome.swift in Sources */,
				DA9089321FD4C66000C1208A /* View.swift in Sources */,
				DA90894D1FD4C66000C1208A /* ViewAlert.swift in Sources */,
				DA9089481FD4C66000C1208A /* ViewCollectionFlow.swift in Sources */,
				DA9089101FD4C65F00C1208A /* ExtensionString+Constants.swift in Sources */,
				DA9089171FD4C66000C1208A /* ExtensionData.swift in Sources */,
				DA9089141FD4C65F00C1208A /* ExtensionNSLayoutConstraint.swift in Sources */,
				DA9089411FD4C66000C1208A /* ViewGradient.swift in Sources */,
				DA9089431FD4C66000C1208A /* ViewSliderBar.swift in Sources */,
				DA9089161FD4C65F00C1208A /* ExtensionUIImage.swift in Sources */,
				DA9089361FD4C66000C1208A /* ViewMain.swift in Sources */,
				DA9089131FD4C65F00C1208A /* ExtensionMKAnnotationView.swift in Sources */,
				DA9089121FD4C65F00C1208A /* ExtensionURLResponse.swift in Sources */,
				DA5A97CC1FD605E1006223BA /* MenuItemGeneric.swift in Sources */,
				DA9089371FD4C66000C1208A /* ViewParent+Transitions.swift in Sources */,
				DA9089291FD4C66000C1208A /* Menu+Order.swift in Sources */,
				DA9089151FD4C65F00C1208A /* ExtensionUIFont.swift in Sources */,
				DA9089311FD4C66000C1208A /* MenuItemProtocol.swift in Sources */,
				DA9089241FD4C66000C1208A /* ControllerParent.swift in Sources */,
				DA9089181FD4C66000C1208A /* ExtensionNSManagedObject.swift in Sources */,
				DA9089111FD4C65F00C1208A /* ExtensionFileManager.swift in Sources */,
				DA90891D1FD4C66000C1208A /* Controller.swift in Sources */,
				DA9089211FD4C66000C1208A /* ControllerParent+Transitions.swift in Sources */,
				DA9089201FD4C66000C1208A /* ControllerParent+Menu.swift in Sources */,
				DA90891C1FD4C66000C1208A /* ExtensionURL.swift in Sources */,
				DA9089091FD4C65F00C1208A /* Database+Factory.swift in Sources */,
				DA90893F1FD4C66000C1208A /* ViewBorder.swift in Sources */,
				DA9089351FD4C66000C1208A /* ViewProtocol.swift in Sources */,
				DA9089421FD4C66000C1208A /* ViewSlider+Gesture.swift in Sources */,
				DA9089461FD4C66000C1208A /* ViewSpinner+Constants.swift in Sources */,
				DA9089271FD4C66000C1208A /* Model.swift in Sources */,
				DA90894B1FD4C66000C1208A /* ViewCollection.swift in Sources */,
				DA9089341FD4C66000C1208A /* ViewMain+Constants.swift in Sources */,
				DA90891A1FD4C66000C1208A /* ExtensionUIFont+Constants.swift in Sources */,
				DA9089221FD4C66000C1208A /* AppDelegate.swift in Sources */,
				DA1AFCF91FD4D0F2002F6FA1 /* ViewMenu+Collection.swift in Sources */,
				DA90892D1FD4C66000C1208A /* Menu.swift in Sources */,
				DA1AFCFD1FD4D0F2002F6FA1 /* ViewMenu+Synth.swift in Sources */,
				DA9089391FD4C66000C1208A /* ViewParent+Gesture.swift in Sources */,
				DA9089191FD4C66000C1208A /* ExtensionString.swift in Sources */,
				DA9089251FD4C66000C1208A /* Arch.swift in Sources */,
				DA9089491FD4C66000C1208A /* ViewPushBackground.swift in Sources */,
				DA70AFC51FD5AABF0016B0DC /* Home.swift in Sources */,
				DA90892F1FD4C66000C1208A /* Menu+Factory.swift in Sources */,
				DA90890F1FD4C65F00C1208A /* ExtensionMKPolyline.swift in Sources */,
				DA90890B1FD4C65F00C1208A /* ExtensionDictionary.swift in Sources */,
				DA90890E1FD4C65F00C1208A /* ExtensionCGImage.swift in Sources */,
				DA70AFBF1FD5A8B10016B0DC /* ViewHome.swift in Sources */,
				DA90894C1FD4C66000C1208A /* ViewAlert+Constants.swift in Sources */,
				DA90891B1FD4C66000C1208A /* ExtensionUICollectionReusableView.swift in Sources */,
			);
			runOnlyForDeploymentPostprocessing = 0;
		};
		DA90894F1FD4CB4D00C1208A /* Sources */ = {
			isa = PBXSourcesBuildPhase;
			buildActionMask = 2147483647;
			files = (
				DA70AFC31FD5AA980016B0DC /* ControllerHome.swift in Sources */,
				DA90898A1FD4CE3E00C1208A /* Menu+Constants.swift in Sources */,
				DA9089AE1FD4CE5300C1208A /* ViewAlert+Constants.swift in Sources */,
				DA9089871FD4CE3300C1208A /* Arch.swift in Sources */,
				DA9089791FD4CE2200C1208A /* ExtensionData.swift in Sources */,
				DA9089911FD4CE3E00C1208A /* Menu+Factory.swift in Sources */,
				DA90897A1FD4CE2200C1208A /* ExtensionNSManagedObject.swift in Sources */,
				DA9089721FD4CE2200C1208A /* ExtensionString+Constants.swift in Sources */,
				DA90896D1FD4CE1C00C1208A /* ExtensionDictionary.swift in Sources */,
				DA9089AD1FD4CE5300C1208A /* ViewCollection.swift in Sources */,
				DA9089951FD4CE4700C1208A /* ViewParent.swift in Sources */,
				DA1AFCF81FD4D0F2002F6FA1 /* ViewMenu+Actions.swift in Sources */,
				DA9089841FD4CE2E00C1208A /* ControllerParent+Transitions.swift in Sources */,
				DA9089981FD4CE4700C1208A /* ViewMain.swift in Sources */,
				DA90899A1FD4CE4700C1208A /* ViewParent+Constants.swift in Sources */,
				DA90897C1FD4CE2200C1208A /* ExtensionUIFont+Constants.swift in Sources */,
				DA9089681FD4CDFF00C1208A /* Database+Constants.swift in Sources */,
				DA9089A81FD4CE5300C1208A /* ViewSpinner+Constants.swift in Sources */,
				DA90898B1FD4CE3E00C1208A /* Menu+Order.swift in Sources */,
				DA1AFCFC1FD4D0F2002F6FA1 /* ViewMenu.swift in Sources */,
				DA9089A21FD4CE5300C1208A /* ViewSpinner.swift in Sources */,
				DA1AFD001FD4D0F2002F6FA1 /* ViewMenuCell.swift in Sources */,
				DA9089851FD4CE2E00C1208A /* ControllerTransition.swift in Sources */,
				DA9089A71FD4CE5300C1208A /* ViewGradient+Constants.swift in Sources */,
				DA90896E1FD4CE1E00C1208A /* ExtensionNotification.swift in Sources */,
				DA9089741FD4CE2200C1208A /* ExtensionURLResponse.swift in Sources */,
				DA9089811FD4CE2E00C1208A /* ControllerParent+Orientation.swift in Sources */,
				DA9089A61FD4CE5300C1208A /* ViewSlider.swift in Sources */,
				DA90897B1FD4CE2200C1208A /* ExtensionString.swift in Sources */,
				DA9089AF1FD4CE5300C1208A /* ViewAlert.swift in Sources */,
				DA9089AC1FD4CE5300C1208A /* ViewSlider+Constants.swift in Sources */,
				DA9089711FD4CE2200C1208A /* ExtensionMKPolyline.swift in Sources */,
				DA9089A31FD4CE5300C1208A /* ViewGradient.swift in Sources */,
				DA9089771FD4CE2200C1208A /* ExtensionUIFont.swift in Sources */,
				DA5A97CD1FD6061B006223BA /* MenuItemGeneric.swift in Sources */,
				DA9089AA1FD4CE5300C1208A /* ViewCollectionFlow.swift in Sources */,
				DA9089731FD4CE2200C1208A /* ExtensionFileManager.swift in Sources */,
				DA9089941FD4CE4700C1208A /* View.swift in Sources */,
				DA9089881FD4CE3300C1208A /* ArchHome.swift in Sources */,
				DA9089AB1FD4CE5300C1208A /* ViewPushBackground.swift in Sources */,
				DA9089701FD4CE2200C1208A /* ExtensionCGImage.swift in Sources */,
				DA9089751FD4CE2200C1208A /* ExtensionMKAnnotationView.swift in Sources */,
				DA90896C1FD4CE1400C1208A /* habanero.xcdatamodeld in Sources */,
				DA9089A91FD4CE5300C1208A /* ViewBlur.swift in Sources */,
				DA9089801FD4CE2E00C1208A /* Controller.swift in Sources */,
				DA9089861FD4CE2E00C1208A /* ControllerParent.swift in Sources */,
				DA9089661FD4CDFA00C1208A /* Database.swift in Sources */,
				DA9089A41FD4CE5300C1208A /* ViewSlider+Gesture.swift in Sources */,
				DA90896F1FD4CE2200C1208A /* ExtensionUIColor.swift in Sources */,
				DA90899B1FD4CE4700C1208A /* ViewParent+Gesture.swift in Sources */,
				DA9089671FD4CDFC00C1208A /* Database+Factory.swift in Sources */,
				DA9089931FD4CE3E00C1208A /* MenuItemProtocol.swift in Sources */,
				DA9089821FD4CE2E00C1208A /* ControllerParent+Constants.swift in Sources */,
				DA9089A11FD4CE5300C1208A /* ViewBorder.swift in Sources */,
				DA90898C1FD4CE3E00C1208A /* MenuItemHome.swift in Sources */,
				DA9089961FD4CE4700C1208A /* ViewMain+Constants.swift in Sources */,
				DA9089761FD4CE2200C1208A /* ExtensionNSLayoutConstraint.swift in Sources */,
				DA1AFCFA1FD4D0F2002F6FA1 /* ViewMenu+Collection.swift in Sources */,
				DA9089781FD4CE2200C1208A /* ExtensionUIImage.swift in Sources */,
				DA1AFCFE1FD4D0F2002F6FA1 /* ViewMenu+Synth.swift in Sources */,
				DA9089991FD4CE4700C1208A /* ViewParent+Transitions.swift in Sources */,
				DA90897D1FD4CE2200C1208A /* ExtensionUICollectionReusableView.swift in Sources */,
				DA992D7A1FD61EE500A6CFEF /* MenuItemGenericProtocol+Default.swift in Sources */,
				DA9089831FD4CE2E00C1208A /* ControllerParent+Menu.swift in Sources */,
				DA70AFC61FD5AABF0016B0DC /* Home.swift in Sources */,
				DA90898F1FD4CE3E00C1208A /* Menu.swift in Sources */,
				DA9089971FD4CE4700C1208A /* ViewProtocol.swift in Sources */,
				DA9089A51FD4CE5300C1208A /* ViewSliderBar.swift in Sources */,
				DA992D791FD61ED700A6CFEF /* MenuItemGenericProtocol.swift in Sources */,
				DA9089891FD4CE3700C1208A /* Model.swift in Sources */,
				DA70AFC01FD5A8B10016B0DC /* ViewHome.swift in Sources */,
				DA90897E1FD4CE2200C1208A /* ExtensionURL.swift in Sources */,
				DA90897F1FD4CE2E00C1208A /* AppDelegate.swift in Sources */,
			);
			runOnlyForDeploymentPostprocessing = 0;
		};
/* End PBXSourcesBuildPhase section */

/* Begin PBXVariantGroup section */
		DA9088A01FD4C65F00C1208A /* LocalizableModel.strings */ = {
			isa = PBXVariantGroup;
			children = (
				DA9088A11FD4C65F00C1208A /* en */,
			);
			name = LocalizableModel.strings;
			sourceTree = "<group>";
		};
		DA9088A21FD4C65F00C1208A /* InfoPlist.strings */ = {
			isa = PBXVariantGroup;
			children = (
				DA9088A31FD4C65F00C1208A /* en */,
			);
			name = InfoPlist.strings;
			sourceTree = "<group>";
		};
		DA9088A41FD4C65F00C1208A /* LocalizableView.strings */ = {
			isa = PBXVariantGroup;
			children = (
				DA9088A51FD4C65F00C1208A /* en */,
			);
			name = LocalizableView.strings;
			sourceTree = "<group>";
		};
		DA9088A61FD4C65F00C1208A /* LocalizableController.strings */ = {
			isa = PBXVariantGroup;
			children = (
				DA9088A71FD4C65F00C1208A /* en */,
			);
			name = LocalizableController.strings;
			sourceTree = "<group>";
		};
/* End PBXVariantGroup section */

/* Begin XCBuildConfiguration section */
		DA9088921FD4C38E00C1208A /* Debug */ = {
			isa = XCBuildConfiguration;
			buildSettings = {
				ALWAYS_SEARCH_USER_PATHS = NO;
				CLANG_ANALYZER_NONNULL = YES;
				CLANG_ANALYZER_NUMBER_OBJECT_CONVERSION = YES_AGGRESSIVE;
				CLANG_CXX_LANGUAGE_STANDARD = "gnu++14";
				CLANG_CXX_LIBRARY = "libc++";
				CLANG_ENABLE_MODULES = NO;
				CLANG_ENABLE_OBJC_ARC = YES;
				CLANG_WARN_BLOCK_CAPTURE_AUTORELEASING = YES;
				CLANG_WARN_BOOL_CONVERSION = YES;
				CLANG_WARN_COMMA = YES;
				CLANG_WARN_CONSTANT_CONVERSION = YES;
				CLANG_WARN_DIRECT_OBJC_ISA_USAGE = YES_ERROR;
				CLANG_WARN_DOCUMENTATION_COMMENTS = YES;
				CLANG_WARN_EMPTY_BODY = YES;
				CLANG_WARN_ENUM_CONVERSION = YES;
				CLANG_WARN_INFINITE_RECURSION = YES;
				CLANG_WARN_INT_CONVERSION = YES;
				CLANG_WARN_NON_LITERAL_NULL_CONVERSION = YES;
				CLANG_WARN_OBJC_LITERAL_CONVERSION = YES;
				CLANG_WARN_OBJC_ROOT_CLASS = YES_ERROR;
				CLANG_WARN_RANGE_LOOP_ANALYSIS = YES;
				CLANG_WARN_STRICT_PROTOTYPES = YES;
				CLANG_WARN_SUSPICIOUS_MOVE = YES;
				CLANG_WARN_UNGUARDED_AVAILABILITY = YES_AGGRESSIVE;
				CLANG_WARN_UNREACHABLE_CODE = YES;
				CLANG_WARN__DUPLICATE_METHOD_MATCH = YES;
				CODE_SIGN_IDENTITY = "iPhone Developer";
				COPY_PHASE_STRIP = NO;
				CURRENT_PROJECT_VERSION = 32;
				DEBUG_INFORMATION_FORMAT = dwarf;
				ENABLE_STRICT_OBJC_MSGSEND = YES;
				ENABLE_TESTABILITY = YES;
				GCC_C_LANGUAGE_STANDARD = gnu11;
				GCC_DYNAMIC_NO_PIC = NO;
				GCC_NO_COMMON_BLOCKS = YES;
				GCC_OPTIMIZATION_LEVEL = 0;
				GCC_PREPROCESSOR_DEFINITIONS = (
					"DEBUG=1",
					"$(inherited)",
				);
				GCC_WARN_64_TO_32_BIT_CONVERSION = YES;
				GCC_WARN_ABOUT_RETURN_TYPE = YES_ERROR;
				GCC_WARN_UNDECLARED_SELECTOR = YES;
				GCC_WARN_UNINITIALIZED_AUTOS = YES_AGGRESSIVE;
				GCC_WARN_UNUSED_FUNCTION = YES;
				GCC_WARN_UNUSED_VARIABLE = YES;
				IPHONEOS_DEPLOYMENT_TARGET = 9.0;
				MTL_ENABLE_DEBUG_INFO = YES;
				ONLY_ACTIVE_ARCH = YES;
				SDKROOT = iphoneos;
				SWIFT_ACTIVE_COMPILATION_CONDITIONS = DEBUG;
				SWIFT_INSTALL_OBJC_HEADER = NO;
				SWIFT_OPTIMIZATION_LEVEL = "-Onone";
				VERSIONING_SYSTEM = "apple-generic";
			};
			name = Debug;
		};
		DA9088931FD4C38E00C1208A /* Release */ = {
			isa = XCBuildConfiguration;
			buildSettings = {
				ALWAYS_SEARCH_USER_PATHS = NO;
				CLANG_ANALYZER_NONNULL = YES;
				CLANG_ANALYZER_NUMBER_OBJECT_CONVERSION = YES_AGGRESSIVE;
				CLANG_CXX_LANGUAGE_STANDARD = "gnu++14";
				CLANG_CXX_LIBRARY = "libc++";
				CLANG_ENABLE_MODULES = NO;
				CLANG_ENABLE_OBJC_ARC = YES;
				CLANG_WARN_BLOCK_CAPTURE_AUTORELEASING = YES;
				CLANG_WARN_BOOL_CONVERSION = YES;
				CLANG_WARN_COMMA = YES;
				CLANG_WARN_CONSTANT_CONVERSION = YES;
				CLANG_WARN_DIRECT_OBJC_ISA_USAGE = YES_ERROR;
				CLANG_WARN_DOCUMENTATION_COMMENTS = YES;
				CLANG_WARN_EMPTY_BODY = YES;
				CLANG_WARN_ENUM_CONVERSION = YES;
				CLANG_WARN_INFINITE_RECURSION = YES;
				CLANG_WARN_INT_CONVERSION = YES;
				CLANG_WARN_NON_LITERAL_NULL_CONVERSION = YES;
				CLANG_WARN_OBJC_LITERAL_CONVERSION = YES;
				CLANG_WARN_OBJC_ROOT_CLASS = YES_ERROR;
				CLANG_WARN_RANGE_LOOP_ANALYSIS = YES;
				CLANG_WARN_STRICT_PROTOTYPES = YES;
				CLANG_WARN_SUSPICIOUS_MOVE = YES;
				CLANG_WARN_UNGUARDED_AVAILABILITY = YES_AGGRESSIVE;
				CLANG_WARN_UNREACHABLE_CODE = YES;
				CLANG_WARN__DUPLICATE_METHOD_MATCH = YES;
				CODE_SIGN_IDENTITY = "iPhone Developer";
				COPY_PHASE_STRIP = NO;
				CURRENT_PROJECT_VERSION = 32;
				DEBUG_INFORMATION_FORMAT = "dwarf-with-dsym";
				ENABLE_NS_ASSERTIONS = NO;
				ENABLE_STRICT_OBJC_MSGSEND = YES;
				GCC_C_LANGUAGE_STANDARD = gnu11;
				GCC_NO_COMMON_BLOCKS = YES;
				GCC_WARN_64_TO_32_BIT_CONVERSION = YES;
				GCC_WARN_ABOUT_RETURN_TYPE = YES_ERROR;
				GCC_WARN_UNDECLARED_SELECTOR = YES;
				GCC_WARN_UNINITIALIZED_AUTOS = YES_AGGRESSIVE;
				GCC_WARN_UNUSED_FUNCTION = YES;
				GCC_WARN_UNUSED_VARIABLE = YES;
				IPHONEOS_DEPLOYMENT_TARGET = 9.0;
				MTL_ENABLE_DEBUG_INFO = NO;
				SDKROOT = iphoneos;
				SWIFT_INSTALL_OBJC_HEADER = NO;
				SWIFT_OPTIMIZATION_LEVEL = "-Owholemodule";
				VALIDATE_PRODUCT = YES;
				VERSIONING_SYSTEM = "apple-generic";
			};
			name = Release;
		};
		DA9088951FD4C38E00C1208A /* Debug */ = {
			isa = XCBuildConfiguration;
			buildSettings = {
				CODE_SIGN_STYLE = Automatic;
				DEVELOPMENT_TEAM = 7AMWG3RLHN;
				INFOPLIST_FILE = Source/userInfo.plist;
				LD_RUNPATH_SEARCH_PATHS = "$(inherited) @executable_path/Frameworks";
				PRODUCT_BUNDLE_IDENTIFIER = iturbide.habanero;
				PRODUCT_NAME = "$(TARGET_NAME)";
				SWIFT_VERSION = 4.0;
				TARGETED_DEVICE_FAMILY = "1,2";
			};
			name = Debug;
		};
		DA9088961FD4C38E00C1208A /* Release */ = {
			isa = XCBuildConfiguration;
			buildSettings = {
				CODE_SIGN_STYLE = Automatic;
				DEVELOPMENT_TEAM = 7AMWG3RLHN;
				INFOPLIST_FILE = Source/userInfo.plist;
				LD_RUNPATH_SEARCH_PATHS = "$(inherited) @executable_path/Frameworks";
				PRODUCT_BUNDLE_IDENTIFIER = iturbide.habanero;
				PRODUCT_NAME = "$(TARGET_NAME)";
				SWIFT_VERSION = 4.0;
				TARGETED_DEVICE_FAMILY = "1,2";
			};
			name = Release;
		};
		DA9089631FD4CB4D00C1208A /* Debug */ = {
			isa = XCBuildConfiguration;
			buildSettings = {
				CLANG_ENABLE_MODULES = NO;
				CODE_SIGN_STYLE = Automatic;
				DEVELOPMENT_TEAM = 7AMWG3RLHN;
				INFOPLIST_FILE = Source/adminInfo.plist;
				LD_RUNPATH_SEARCH_PATHS = "$(inherited) @executable_path/Frameworks";
				PRODUCT_BUNDLE_IDENTIFIER = "iturbide.-";
				PRODUCT_NAME = "$(TARGET_NAME)";
				SWIFT_VERSION = 4.0;
				TARGETED_DEVICE_FAMILY = "1,2";
			};
			name = Debug;
		};
		DA9089641FD4CB4D00C1208A /* Release */ = {
			isa = XCBuildConfiguration;
			buildSettings = {
				CLANG_ENABLE_MODULES = NO;
				CODE_SIGN_STYLE = Automatic;
				DEVELOPMENT_TEAM = 7AMWG3RLHN;
				INFOPLIST_FILE = Source/adminInfo.plist;
				LD_RUNPATH_SEARCH_PATHS = "$(inherited) @executable_path/Frameworks";
				PRODUCT_BUNDLE_IDENTIFIER = "iturbide.-";
				PRODUCT_NAME = "$(TARGET_NAME)";
				SWIFT_VERSION = 4.0;
				TARGETED_DEVICE_FAMILY = "1,2";
			};
			name = Release;
		};
/* End XCBuildConfiguration section */

/* Begin XCConfigurationList section */
		DA90887D1FD4C38E00C1208A /* Build configuration list for PBXProject "habanero" */ = {
			isa = XCConfigurationList;
			buildConfigurations = (
				DA9088921FD4C38E00C1208A /* Debug */,
				DA9088931FD4C38E00C1208A /* Release */,
			);
			defaultConfigurationIsVisible = 0;
			defaultConfigurationName = Release;
		};
		DA9088941FD4C38E00C1208A /* Build configuration list for PBXNativeTarget "user" */ = {
			isa = XCConfigurationList;
			buildConfigurations = (
				DA9088951FD4C38E00C1208A /* Debug */,
				DA9088961FD4C38E00C1208A /* Release */,
			);
			defaultConfigurationIsVisible = 0;
			defaultConfigurationName = Release;
		};
		DA9089621FD4CB4D00C1208A /* Build configuration list for PBXNativeTarget "admin" */ = {
			isa = XCConfigurationList;
			buildConfigurations = (
				DA9089631FD4CB4D00C1208A /* Debug */,
				DA9089641FD4CB4D00C1208A /* Release */,
			);
			defaultConfigurationIsVisible = 0;
			defaultConfigurationName = Release;
		};
/* End XCConfigurationList section */

/* Begin XCVersionGroup section */
		DA9089691FD4CE1400C1208A /* habanero.xcdatamodeld */ = {
			isa = XCVersionGroup;
			children = (
				DA90896A1FD4CE1400C1208A /* habanero.xcdatamodel */,
			);
			currentVersion = DA90896A1FD4CE1400C1208A /* habanero.xcdatamodel */;
			path = habanero.xcdatamodeld;
			sourceTree = "<group>";
			versionGroupType = wrapper.xcdatamodel;
		};
/* End XCVersionGroup section */
	};
	rootObject = DA90887A1FD4C38E00C1208A /* Project object */;
}
