// !$*UTF8*$!
{
	archiveVersion = 1;
	classes = {
	};
	objectVersion = 48;
	objects = {

/* Begin PBXBuildFile section */
		DA177BEB1FD7758F003B3836 /* ViewNew+Factory.swift in Sources */ = {isa = PBXBuildFile; fileRef = DA177BEA1FD7758F003B3836 /* ViewNew+Factory.swift */; };
		DA177BED1FD77713003B3836 /* ViewNewList.swift in Sources */ = {isa = PBXBuildFile; fileRef = DA177BEC1FD77713003B3836 /* ViewNewList.swift */; };
		DA177BEF1FD77773003B3836 /* ViewNewListCell.swift in Sources */ = {isa = PBXBuildFile; fileRef = DA177BEE1FD77773003B3836 /* ViewNewListCell.swift */; };
		DA177BF11FD77874003B3836 /* ViewNewBar.swift in Sources */ = {isa = PBXBuildFile; fileRef = DA177BF01FD77874003B3836 /* ViewNewBar.swift */; };
		DA177BF41FD7792C003B3836 /* ViewBar.swift in Sources */ = {isa = PBXBuildFile; fileRef = DA177BF31FD7792C003B3836 /* ViewBar.swift */; };
		DA177BF51FD7792C003B3836 /* ViewBar.swift in Sources */ = {isa = PBXBuildFile; fileRef = DA177BF31FD7792C003B3836 /* ViewBar.swift */; };
		DA177BF71FD77B2E003B3836 /* ViewBar+Factory.swift in Sources */ = {isa = PBXBuildFile; fileRef = DA177BF61FD77B2E003B3836 /* ViewBar+Factory.swift */; };
		DA177BF81FD77B2E003B3836 /* ViewBar+Factory.swift in Sources */ = {isa = PBXBuildFile; fileRef = DA177BF61FD77B2E003B3836 /* ViewBar+Factory.swift */; };
		DA3F0EB11FD7480000593B83 /* menu.xcassets in Resources */ = {isa = PBXBuildFile; fileRef = DA3F0EB01FD7480000593B83 /* menu.xcassets */; };
		DA3F0EB21FD7480A00593B83 /* menu.xcassets in Resources */ = {isa = PBXBuildFile; fileRef = DA3F0EB01FD7480000593B83 /* menu.xcassets */; };
		DA3F0EB41FD74C5F00593B83 /* Menu+FactoryUser.swift in Sources */ = {isa = PBXBuildFile; fileRef = DA3F0EB31FD74C5F00593B83 /* Menu+FactoryUser.swift */; };
		DA3F0EB61FD74C8700593B83 /* Menu+FactoryAdmin.swift in Sources */ = {isa = PBXBuildFile; fileRef = DA3F0EB51FD74C8700593B83 /* Menu+FactoryAdmin.swift */; };
		DA3F0EB81FD74FC400593B83 /* MenuItemNew.swift in Sources */ = {isa = PBXBuildFile; fileRef = DA3F0EB71FD74FC400593B83 /* MenuItemNew.swift */; };
		DA3F0EBB1FD7505E00593B83 /* Menu+OrderUser.swift in Sources */ = {isa = PBXBuildFile; fileRef = DA3F0EB91FD7505A00593B83 /* Menu+OrderUser.swift */; };
		DA3F0EBD1FD7509500593B83 /* Menu+OrderAdmin.swift in Sources */ = {isa = PBXBuildFile; fileRef = DA3F0EBC1FD7509500593B83 /* Menu+OrderAdmin.swift */; };
		DA5A97CC1FD605E1006223BA /* MenuItemGeneric.swift in Sources */ = {isa = PBXBuildFile; fileRef = DA5A97CB1FD605E1006223BA /* MenuItemGeneric.swift */; };
		DA5A97CD1FD6061B006223BA /* MenuItemGeneric.swift in Sources */ = {isa = PBXBuildFile; fileRef = DA5A97CB1FD605E1006223BA /* MenuItemGeneric.swift */; };
		DA70AFBF1FD5A8B10016B0DC /* ViewHome.swift in Sources */ = {isa = PBXBuildFile; fileRef = DA70AFBE1FD5A8B10016B0DC /* ViewHome.swift */; };
		DA70AFC01FD5A8B10016B0DC /* ViewHome.swift in Sources */ = {isa = PBXBuildFile; fileRef = DA70AFBE1FD5A8B10016B0DC /* ViewHome.swift */; };
		DA70AFC21FD5AA980016B0DC /* ControllerHome.swift in Sources */ = {isa = PBXBuildFile; fileRef = DA70AFC11FD5AA980016B0DC /* ControllerHome.swift */; };
		DA70AFC31FD5AA980016B0DC /* ControllerHome.swift in Sources */ = {isa = PBXBuildFile; fileRef = DA70AFC11FD5AA980016B0DC /* ControllerHome.swift */; };
		DA70AFC51FD5AABF0016B0DC /* Home.swift in Sources */ = {isa = PBXBuildFile; fileRef = DA70AFC41FD5AABF0016B0DC /* Home.swift */; };
		DA70AFC61FD5AABF0016B0DC /* Home.swift in Sources */ = {isa = PBXBuildFile; fileRef = DA70AFC41FD5AABF0016B0DC /* Home.swift */; };
		DA753DAB1FD5EBC8007E5BC5 /* generic.xcassets in Resources */ = {isa = PBXBuildFile; fileRef = DA753DAA1FD5EBC8007E5BC5 /* generic.xcassets */; };
		DA753DAC1FD5EBC8007E5BC5 /* generic.xcassets in Resources */ = {isa = PBXBuildFile; fileRef = DA753DAA1FD5EBC8007E5BC5 /* generic.xcassets */; };
		DA84C0EF1FD73F59008959EA /* ArchNew.swift in Sources */ = {isa = PBXBuildFile; fileRef = DA84C0EE1FD73F59008959EA /* ArchNew.swift */; };
		DA84C0F21FD73FCD008959EA /* ControllerNew.swift in Sources */ = {isa = PBXBuildFile; fileRef = DA84C0F11FD73FCD008959EA /* ControllerNew.swift */; };
		DA84C0F51FD74009008959EA /* New.swift in Sources */ = {isa = PBXBuildFile; fileRef = DA84C0F41FD74009008959EA /* New.swift */; };
		DA84C0F81FD7403D008959EA /* ViewNew.swift in Sources */ = {isa = PBXBuildFile; fileRef = DA84C0F71FD7403D008959EA /* ViewNew.swift */; };
		DA9089031FD4C65F00C1208A /* LaunchScreen.storyboard in Resources */ = {isa = PBXBuildFile; fileRef = DA90889E1FD4C65F00C1208A /* LaunchScreen.storyboard */; };
		DA9089041FD4C65F00C1208A /* LocalizableModel.strings in Resources */ = {isa = PBXBuildFile; fileRef = DA9088A01FD4C65F00C1208A /* LocalizableModel.strings */; };
		DA9089051FD4C65F00C1208A /* InfoPlist.strings in Resources */ = {isa = PBXBuildFile; fileRef = DA9088A21FD4C65F00C1208A /* InfoPlist.strings */; };
		DA9089061FD4C65F00C1208A /* LocalizableView.strings in Resources */ = {isa = PBXBuildFile; fileRef = DA9088A41FD4C65F00C1208A /* LocalizableView.strings */; };
		DA9089071FD4C65F00C1208A /* LocalizableController.strings in Resources */ = {isa = PBXBuildFile; fileRef = DA9088A61FD4C65F00C1208A /* LocalizableController.strings */; };
		DA90891D1FD4C66000C1208A /* Controller.swift in Sources */ = {isa = PBXBuildFile; fileRef = DA9088C51FD4C65F00C1208A /* Controller.swift */; };
		DA90891E1FD4C66000C1208A /* ControllerParent+Orientation.swift in Sources */ = {isa = PBXBuildFile; fileRef = DA9088C61FD4C65F00C1208A /* ControllerParent+Orientation.swift */; };
		DA90891F1FD4C66000C1208A /* ControllerParent+Constants.swift in Sources */ = {isa = PBXBuildFile; fileRef = DA9088C71FD4C65F00C1208A /* ControllerParent+Constants.swift */; };
		DA9089201FD4C66000C1208A /* ControllerParent+Menu.swift in Sources */ = {isa = PBXBuildFile; fileRef = DA9088C81FD4C65F00C1208A /* ControllerParent+Menu.swift */; };
		DA9089211FD4C66000C1208A /* ControllerParent+Transitions.swift in Sources */ = {isa = PBXBuildFile; fileRef = DA9088C91FD4C65F00C1208A /* ControllerParent+Transitions.swift */; };
		DA9089221FD4C66000C1208A /* AppDelegate.swift in Sources */ = {isa = PBXBuildFile; fileRef = DA9088CA1FD4C65F00C1208A /* AppDelegate.swift */; };
		DA9089231FD4C66000C1208A /* ControllerTransition.swift in Sources */ = {isa = PBXBuildFile; fileRef = DA9088CB1FD4C65F00C1208A /* ControllerTransition.swift */; };
		DA9089241FD4C66000C1208A /* ControllerParent.swift in Sources */ = {isa = PBXBuildFile; fileRef = DA9088CC1FD4C65F00C1208A /* ControllerParent.swift */; };
		DA9089251FD4C66000C1208A /* Arch.swift in Sources */ = {isa = PBXBuildFile; fileRef = DA9088CF1FD4C65F00C1208A /* Arch.swift */; };
		DA9089261FD4C66000C1208A /* ArchHome.swift in Sources */ = {isa = PBXBuildFile; fileRef = DA9088D01FD4C65F00C1208A /* ArchHome.swift */; };
		DA9089271FD4C66000C1208A /* Model.swift in Sources */ = {isa = PBXBuildFile; fileRef = DA9088D31FD4C65F00C1208A /* Model.swift */; };
		DA9089281FD4C66000C1208A /* Menu+Constants.swift in Sources */ = {isa = PBXBuildFile; fileRef = DA9088D61FD4C65F00C1208A /* Menu+Constants.swift */; };
		DA90892A1FD4C66000C1208A /* MenuItemHome.swift in Sources */ = {isa = PBXBuildFile; fileRef = DA9088D81FD4C65F00C1208A /* MenuItemHome.swift */; };
		DA90892D1FD4C66000C1208A /* Menu.swift in Sources */ = {isa = PBXBuildFile; fileRef = DA9088DB1FD4C65F00C1208A /* Menu.swift */; };
		DA90892F1FD4C66000C1208A /* Menu+Factory.swift in Sources */ = {isa = PBXBuildFile; fileRef = DA9088DD1FD4C65F00C1208A /* Menu+Factory.swift */; };
		DA9089311FD4C66000C1208A /* MenuItemProtocol.swift in Sources */ = {isa = PBXBuildFile; fileRef = DA9088DF1FD4C65F00C1208A /* MenuItemProtocol.swift */; };
		DA90897F1FD4CE2E00C1208A /* AppDelegate.swift in Sources */ = {isa = PBXBuildFile; fileRef = DA9088CA1FD4C65F00C1208A /* AppDelegate.swift */; };
		DA9089801FD4CE2E00C1208A /* Controller.swift in Sources */ = {isa = PBXBuildFile; fileRef = DA9088C51FD4C65F00C1208A /* Controller.swift */; };
		DA9089811FD4CE2E00C1208A /* ControllerParent+Orientation.swift in Sources */ = {isa = PBXBuildFile; fileRef = DA9088C61FD4C65F00C1208A /* ControllerParent+Orientation.swift */; };
		DA9089821FD4CE2E00C1208A /* ControllerParent+Constants.swift in Sources */ = {isa = PBXBuildFile; fileRef = DA9088C71FD4C65F00C1208A /* ControllerParent+Constants.swift */; };
		DA9089831FD4CE2E00C1208A /* ControllerParent+Menu.swift in Sources */ = {isa = PBXBuildFile; fileRef = DA9088C81FD4C65F00C1208A /* ControllerParent+Menu.swift */; };
		DA9089841FD4CE2E00C1208A /* ControllerParent+Transitions.swift in Sources */ = {isa = PBXBuildFile; fileRef = DA9088C91FD4C65F00C1208A /* ControllerParent+Transitions.swift */; };
		DA9089851FD4CE2E00C1208A /* ControllerTransition.swift in Sources */ = {isa = PBXBuildFile; fileRef = DA9088CB1FD4C65F00C1208A /* ControllerTransition.swift */; };
		DA9089861FD4CE2E00C1208A /* ControllerParent.swift in Sources */ = {isa = PBXBuildFile; fileRef = DA9088CC1FD4C65F00C1208A /* ControllerParent.swift */; };
		DA9089871FD4CE3300C1208A /* Arch.swift in Sources */ = {isa = PBXBuildFile; fileRef = DA9088CF1FD4C65F00C1208A /* Arch.swift */; };
		DA9089881FD4CE3300C1208A /* ArchHome.swift in Sources */ = {isa = PBXBuildFile; fileRef = DA9088D01FD4C65F00C1208A /* ArchHome.swift */; };
		DA9089891FD4CE3700C1208A /* Model.swift in Sources */ = {isa = PBXBuildFile; fileRef = DA9088D31FD4C65F00C1208A /* Model.swift */; };
		DA90898A1FD4CE3E00C1208A /* Menu+Constants.swift in Sources */ = {isa = PBXBuildFile; fileRef = DA9088D61FD4C65F00C1208A /* Menu+Constants.swift */; };
		DA90898C1FD4CE3E00C1208A /* MenuItemHome.swift in Sources */ = {isa = PBXBuildFile; fileRef = DA9088D81FD4C65F00C1208A /* MenuItemHome.swift */; };
		DA90898F1FD4CE3E00C1208A /* Menu.swift in Sources */ = {isa = PBXBuildFile; fileRef = DA9088DB1FD4C65F00C1208A /* Menu.swift */; };
		DA9089911FD4CE3E00C1208A /* Menu+Factory.swift in Sources */ = {isa = PBXBuildFile; fileRef = DA9088DD1FD4C65F00C1208A /* Menu+Factory.swift */; };
		DA9089931FD4CE3E00C1208A /* MenuItemProtocol.swift in Sources */ = {isa = PBXBuildFile; fileRef = DA9088DF1FD4C65F00C1208A /* MenuItemProtocol.swift */; };
		DA9089B01FD4CE5800C1208A /* LaunchScreen.storyboard in Resources */ = {isa = PBXBuildFile; fileRef = DA90889E1FD4C65F00C1208A /* LaunchScreen.storyboard */; };
		DA9089B11FD4CE5F00C1208A /* LocalizableModel.strings in Resources */ = {isa = PBXBuildFile; fileRef = DA9088A01FD4C65F00C1208A /* LocalizableModel.strings */; };
		DA9089B21FD4CE5F00C1208A /* InfoPlist.strings in Resources */ = {isa = PBXBuildFile; fileRef = DA9088A21FD4C65F00C1208A /* InfoPlist.strings */; };
		DA9089B31FD4CE5F00C1208A /* LocalizableView.strings in Resources */ = {isa = PBXBuildFile; fileRef = DA9088A41FD4C65F00C1208A /* LocalizableView.strings */; };
		DA9089B41FD4CE5F00C1208A /* LocalizableController.strings in Resources */ = {isa = PBXBuildFile; fileRef = DA9088A61FD4C65F00C1208A /* LocalizableController.strings */; };
		DA91EAE81FD62C1F0063560D /* ViewMenu+Actions.swift in Sources */ = {isa = PBXBuildFile; fileRef = DA91EACA1FD62C1F0063560D /* ViewMenu+Actions.swift */; };
		DA91EAE91FD62C1F0063560D /* ViewMenu+Actions.swift in Sources */ = {isa = PBXBuildFile; fileRef = DA91EACA1FD62C1F0063560D /* ViewMenu+Actions.swift */; };
		DA91EAEA1FD62C1F0063560D /* ViewMenu+Collection.swift in Sources */ = {isa = PBXBuildFile; fileRef = DA91EACB1FD62C1F0063560D /* ViewMenu+Collection.swift */; };
		DA91EAEB1FD62C1F0063560D /* ViewMenu+Collection.swift in Sources */ = {isa = PBXBuildFile; fileRef = DA91EACB1FD62C1F0063560D /* ViewMenu+Collection.swift */; };
		DA91EAEC1FD62C1F0063560D /* ViewMenu.swift in Sources */ = {isa = PBXBuildFile; fileRef = DA91EACC1FD62C1F0063560D /* ViewMenu.swift */; };
		DA91EAED1FD62C1F0063560D /* ViewMenu.swift in Sources */ = {isa = PBXBuildFile; fileRef = DA91EACC1FD62C1F0063560D /* ViewMenu.swift */; };
		DA91EAEE1FD62C1F0063560D /* ViewMenu+Synth.swift in Sources */ = {isa = PBXBuildFile; fileRef = DA91EACD1FD62C1F0063560D /* ViewMenu+Synth.swift */; };
		DA91EAEF1FD62C1F0063560D /* ViewMenu+Synth.swift in Sources */ = {isa = PBXBuildFile; fileRef = DA91EACD1FD62C1F0063560D /* ViewMenu+Synth.swift */; };
		DA91EAF01FD62C1F0063560D /* ViewMenuCell.swift in Sources */ = {isa = PBXBuildFile; fileRef = DA91EACE1FD62C1F0063560D /* ViewMenuCell.swift */; };
		DA91EAF11FD62C1F0063560D /* ViewMenuCell.swift in Sources */ = {isa = PBXBuildFile; fileRef = DA91EACE1FD62C1F0063560D /* ViewMenuCell.swift */; };
		DA91EAF21FD62C1F0063560D /* View.swift in Sources */ = {isa = PBXBuildFile; fileRef = DA91EAD01FD62C1F0063560D /* View.swift */; };
		DA91EAF31FD62C1F0063560D /* View.swift in Sources */ = {isa = PBXBuildFile; fileRef = DA91EAD01FD62C1F0063560D /* View.swift */; };
		DA91EAF41FD62C1F0063560D /* ViewParent.swift in Sources */ = {isa = PBXBuildFile; fileRef = DA91EAD11FD62C1F0063560D /* ViewParent.swift */; };
		DA91EAF51FD62C1F0063560D /* ViewParent.swift in Sources */ = {isa = PBXBuildFile; fileRef = DA91EAD11FD62C1F0063560D /* ViewParent.swift */; };
		DA91EAFA1FD62C1F0063560D /* ViewMain.swift in Sources */ = {isa = PBXBuildFile; fileRef = DA91EAD41FD62C1F0063560D /* ViewMain.swift */; };
		DA91EAFB1FD62C1F0063560D /* ViewMain.swift in Sources */ = {isa = PBXBuildFile; fileRef = DA91EAD41FD62C1F0063560D /* ViewMain.swift */; };
		DA91EAFC1FD62C1F0063560D /* ViewParent+Transitions.swift in Sources */ = {isa = PBXBuildFile; fileRef = DA91EAD51FD62C1F0063560D /* ViewParent+Transitions.swift */; };
		DA91EAFD1FD62C1F0063560D /* ViewParent+Transitions.swift in Sources */ = {isa = PBXBuildFile; fileRef = DA91EAD51FD62C1F0063560D /* ViewParent+Transitions.swift */; };
		DA91EAFE1FD62C1F0063560D /* ViewParent+Constants.swift in Sources */ = {isa = PBXBuildFile; fileRef = DA91EAD61FD62C1F0063560D /* ViewParent+Constants.swift */; };
		DA91EAFF1FD62C1F0063560D /* ViewParent+Constants.swift in Sources */ = {isa = PBXBuildFile; fileRef = DA91EAD61FD62C1F0063560D /* ViewParent+Constants.swift */; };
		DA91EB001FD62C1F0063560D /* ViewParent+Gesture.swift in Sources */ = {isa = PBXBuildFile; fileRef = DA91EAD71FD62C1F0063560D /* ViewParent+Gesture.swift */; };
		DA91EB011FD62C1F0063560D /* ViewParent+Gesture.swift in Sources */ = {isa = PBXBuildFile; fileRef = DA91EAD71FD62C1F0063560D /* ViewParent+Gesture.swift */; };
		DA91EB021FD62C1F0063560D /* ViewAlert+Constants.swift in Sources */ = {isa = PBXBuildFile; fileRef = DA91EAD91FD62C1F0063560D /* ViewAlert+Constants.swift */; };
		DA91EB031FD62C1F0063560D /* ViewAlert+Constants.swift in Sources */ = {isa = PBXBuildFile; fileRef = DA91EAD91FD62C1F0063560D /* ViewAlert+Constants.swift */; };
		DA91EB041FD62C1F0063560D /* ViewCollection.swift in Sources */ = {isa = PBXBuildFile; fileRef = DA91EADA1FD62C1F0063560D /* ViewCollection.swift */; };
		DA91EB051FD62C1F0063560D /* ViewCollection.swift in Sources */ = {isa = PBXBuildFile; fileRef = DA91EADA1FD62C1F0063560D /* ViewCollection.swift */; };
		DA91EB061FD62C1F0063560D /* ViewAlert.swift in Sources */ = {isa = PBXBuildFile; fileRef = DA91EADB1FD62C1F0063560D /* ViewAlert.swift */; };
		DA91EB071FD62C1F0063560D /* ViewAlert.swift in Sources */ = {isa = PBXBuildFile; fileRef = DA91EADB1FD62C1F0063560D /* ViewAlert.swift */; };
		DA91EB081FD62C1F0063560D /* ViewPushBackground.swift in Sources */ = {isa = PBXBuildFile; fileRef = DA91EADC1FD62C1F0063560D /* ViewPushBackground.swift */; };
		DA91EB091FD62C1F0063560D /* ViewPushBackground.swift in Sources */ = {isa = PBXBuildFile; fileRef = DA91EADC1FD62C1F0063560D /* ViewPushBackground.swift */; };
		DA91EB0A1FD62C1F0063560D /* ViewCollectionFlow.swift in Sources */ = {isa = PBXBuildFile; fileRef = DA91EADD1FD62C1F0063560D /* ViewCollectionFlow.swift */; };
		DA91EB0B1FD62C1F0063560D /* ViewCollectionFlow.swift in Sources */ = {isa = PBXBuildFile; fileRef = DA91EADD1FD62C1F0063560D /* ViewCollectionFlow.swift */; };
		DA91EB0C1FD62C1F0063560D /* ViewSliderBar.swift in Sources */ = {isa = PBXBuildFile; fileRef = DA91EADE1FD62C1F0063560D /* ViewSliderBar.swift */; };
		DA91EB0D1FD62C1F0063560D /* ViewSliderBar.swift in Sources */ = {isa = PBXBuildFile; fileRef = DA91EADE1FD62C1F0063560D /* ViewSliderBar.swift */; };
		DA91EB0E1FD62C1F0063560D /* ViewBlur.swift in Sources */ = {isa = PBXBuildFile; fileRef = DA91EADF1FD62C1F0063560D /* ViewBlur.swift */; };
		DA91EB0F1FD62C1F0063560D /* ViewBlur.swift in Sources */ = {isa = PBXBuildFile; fileRef = DA91EADF1FD62C1F0063560D /* ViewBlur.swift */; };
		DA91EB101FD62C1F0063560D /* ViewSlider+Gesture.swift in Sources */ = {isa = PBXBuildFile; fileRef = DA91EAE01FD62C1F0063560D /* ViewSlider+Gesture.swift */; };
		DA91EB111FD62C1F0063560D /* ViewSlider+Gesture.swift in Sources */ = {isa = PBXBuildFile; fileRef = DA91EAE01FD62C1F0063560D /* ViewSlider+Gesture.swift */; };
		DA91EB121FD62C1F0063560D /* ViewSpinner+Constants.swift in Sources */ = {isa = PBXBuildFile; fileRef = DA91EAE11FD62C1F0063560D /* ViewSpinner+Constants.swift */; };
		DA91EB131FD62C1F0063560D /* ViewSpinner+Constants.swift in Sources */ = {isa = PBXBuildFile; fileRef = DA91EAE11FD62C1F0063560D /* ViewSpinner+Constants.swift */; };
		DA91EB141FD62C1F0063560D /* ViewGradient.swift in Sources */ = {isa = PBXBuildFile; fileRef = DA91EAE21FD62C1F0063560D /* ViewGradient.swift */; };
		DA91EB151FD62C1F0063560D /* ViewGradient.swift in Sources */ = {isa = PBXBuildFile; fileRef = DA91EAE21FD62C1F0063560D /* ViewGradient.swift */; };
		DA91EB161FD62C1F0063560D /* ViewSlider+Constants.swift in Sources */ = {isa = PBXBuildFile; fileRef = DA91EAE31FD62C1F0063560D /* ViewSlider+Constants.swift */; };
		DA91EB171FD62C1F0063560D /* ViewSlider+Constants.swift in Sources */ = {isa = PBXBuildFile; fileRef = DA91EAE31FD62C1F0063560D /* ViewSlider+Constants.swift */; };
		DA91EB181FD62C1F0063560D /* ViewBorder.swift in Sources */ = {isa = PBXBuildFile; fileRef = DA91EAE41FD62C1F0063560D /* ViewBorder.swift */; };
		DA91EB191FD62C1F0063560D /* ViewBorder.swift in Sources */ = {isa = PBXBuildFile; fileRef = DA91EAE41FD62C1F0063560D /* ViewBorder.swift */; };
		DA91EB1A1FD62C1F0063560D /* ViewSlider.swift in Sources */ = {isa = PBXBuildFile; fileRef = DA91EAE51FD62C1F0063560D /* ViewSlider.swift */; };
		DA91EB1B1FD62C1F0063560D /* ViewSlider.swift in Sources */ = {isa = PBXBuildFile; fileRef = DA91EAE51FD62C1F0063560D /* ViewSlider.swift */; };
		DA91EB1C1FD62C1F0063560D /* ViewSpinner.swift in Sources */ = {isa = PBXBuildFile; fileRef = DA91EAE61FD62C1F0063560D /* ViewSpinner.swift */; };
		DA91EB1D1FD62C1F0063560D /* ViewSpinner.swift in Sources */ = {isa = PBXBuildFile; fileRef = DA91EAE61FD62C1F0063560D /* ViewSpinner.swift */; };
		DA91EB1E1FD62C1F0063560D /* ViewGradient+Constants.swift in Sources */ = {isa = PBXBuildFile; fileRef = DA91EAE71FD62C1F0063560D /* ViewGradient+Constants.swift */; };
		DA91EB1F1FD62C1F0063560D /* ViewGradient+Constants.swift in Sources */ = {isa = PBXBuildFile; fileRef = DA91EAE71FD62C1F0063560D /* ViewGradient+Constants.swift */; };
		DA91EB211FD62C7D0063560D /* ViewTransitionableProtocol.swift in Sources */ = {isa = PBXBuildFile; fileRef = DA91EB201FD62C7D0063560D /* ViewTransitionableProtocol.swift */; };
		DA91EB221FD62C7D0063560D /* ViewTransitionableProtocol.swift in Sources */ = {isa = PBXBuildFile; fileRef = DA91EB201FD62C7D0063560D /* ViewTransitionableProtocol.swift */; };
		DA91EB241FD62D700063560D /* ViewControllableProtocol.swift in Sources */ = {isa = PBXBuildFile; fileRef = DA91EB231FD62D700063560D /* ViewControllableProtocol.swift */; };
		DA91EB251FD62D700063560D /* ViewControllableProtocol.swift in Sources */ = {isa = PBXBuildFile; fileRef = DA91EB231FD62D700063560D /* ViewControllableProtocol.swift */; };
		DA91EB271FD630E80063560D /* ViewGlobal.swift in Sources */ = {isa = PBXBuildFile; fileRef = DA91EB261FD630E80063560D /* ViewGlobal.swift */; };
		DA91EB281FD630E80063560D /* ViewGlobal.swift in Sources */ = {isa = PBXBuildFile; fileRef = DA91EB261FD630E80063560D /* ViewGlobal.swift */; };
		DA992D771FD61E7300A6CFEF /* MenuItemGenericProtocol.swift in Sources */ = {isa = PBXBuildFile; fileRef = DA992D751FD61E7300A6CFEF /* MenuItemGenericProtocol.swift */; };
		DA992D781FD61E7300A6CFEF /* MenuItemGenericProtocol+Default.swift in Sources */ = {isa = PBXBuildFile; fileRef = DA992D761FD61E7300A6CFEF /* MenuItemGenericProtocol+Default.swift */; };
		DA992D791FD61ED700A6CFEF /* MenuItemGenericProtocol.swift in Sources */ = {isa = PBXBuildFile; fileRef = DA992D751FD61E7300A6CFEF /* MenuItemGenericProtocol.swift */; };
		DA992D7A1FD61EE500A6CFEF /* MenuItemGenericProtocol+Default.swift in Sources */ = {isa = PBXBuildFile; fileRef = DA992D761FD61E7300A6CFEF /* MenuItemGenericProtocol+Default.swift */; };
		DACF55071FD7656F00069701 /* habanero.xcdatamodeld in Sources */ = {isa = PBXBuildFile; fileRef = DACF55051FD7656E00069701 /* habanero.xcdatamodeld */; };
		DACF55081FD7656F00069701 /* habanero.xcdatamodeld in Sources */ = {isa = PBXBuildFile; fileRef = DACF55051FD7656E00069701 /* habanero.xcdatamodeld */; };
		DACF552B1FD7661E00069701 /* ExtensionDictionary.swift in Sources */ = {isa = PBXBuildFile; fileRef = DACF55191FD7661E00069701 /* ExtensionDictionary.swift */; };
		DACF552C1FD7661E00069701 /* ExtensionDictionary.swift in Sources */ = {isa = PBXBuildFile; fileRef = DACF55191FD7661E00069701 /* ExtensionDictionary.swift */; };
		DACF552D1FD7661E00069701 /* ExtensionNotification.swift in Sources */ = {isa = PBXBuildFile; fileRef = DACF551A1FD7661E00069701 /* ExtensionNotification.swift */; };
		DACF552E1FD7661E00069701 /* ExtensionNotification.swift in Sources */ = {isa = PBXBuildFile; fileRef = DACF551A1FD7661E00069701 /* ExtensionNotification.swift */; };
		DACF552F1FD7661E00069701 /* ExtensionUIColor.swift in Sources */ = {isa = PBXBuildFile; fileRef = DACF551B1FD7661E00069701 /* ExtensionUIColor.swift */; };
		DACF55301FD7661E00069701 /* ExtensionUIColor.swift in Sources */ = {isa = PBXBuildFile; fileRef = DACF551B1FD7661E00069701 /* ExtensionUIColor.swift */; };
		DACF55311FD7661E00069701 /* ExtensionCGImage.swift in Sources */ = {isa = PBXBuildFile; fileRef = DACF551C1FD7661E00069701 /* ExtensionCGImage.swift */; };
		DACF55321FD7661E00069701 /* ExtensionCGImage.swift in Sources */ = {isa = PBXBuildFile; fileRef = DACF551C1FD7661E00069701 /* ExtensionCGImage.swift */; };
		DACF55331FD7661E00069701 /* ExtensionMKPolyline.swift in Sources */ = {isa = PBXBuildFile; fileRef = DACF551D1FD7661E00069701 /* ExtensionMKPolyline.swift */; };
		DACF55341FD7661E00069701 /* ExtensionMKPolyline.swift in Sources */ = {isa = PBXBuildFile; fileRef = DACF551D1FD7661E00069701 /* ExtensionMKPolyline.swift */; };
		DACF55351FD7661E00069701 /* ExtensionString+Constants.swift in Sources */ = {isa = PBXBuildFile; fileRef = DACF551E1FD7661E00069701 /* ExtensionString+Constants.swift */; };
		DACF55361FD7661E00069701 /* ExtensionString+Constants.swift in Sources */ = {isa = PBXBuildFile; fileRef = DACF551E1FD7661E00069701 /* ExtensionString+Constants.swift */; };
		DACF55371FD7661E00069701 /* ExtensionFileManager.swift in Sources */ = {isa = PBXBuildFile; fileRef = DACF551F1FD7661E00069701 /* ExtensionFileManager.swift */; };
		DACF55381FD7661E00069701 /* ExtensionFileManager.swift in Sources */ = {isa = PBXBuildFile; fileRef = DACF551F1FD7661E00069701 /* ExtensionFileManager.swift */; };
		DACF55391FD7661E00069701 /* ExtensionURLResponse.swift in Sources */ = {isa = PBXBuildFile; fileRef = DACF55201FD7661E00069701 /* ExtensionURLResponse.swift */; };
		DACF553A1FD7661E00069701 /* ExtensionURLResponse.swift in Sources */ = {isa = PBXBuildFile; fileRef = DACF55201FD7661E00069701 /* ExtensionURLResponse.swift */; };
		DACF553B1FD7661E00069701 /* ExtensionMKAnnotationView.swift in Sources */ = {isa = PBXBuildFile; fileRef = DACF55211FD7661E00069701 /* ExtensionMKAnnotationView.swift */; };
		DACF553C1FD7661E00069701 /* ExtensionMKAnnotationView.swift in Sources */ = {isa = PBXBuildFile; fileRef = DACF55211FD7661E00069701 /* ExtensionMKAnnotationView.swift */; };
		DACF553D1FD7661E00069701 /* ExtensionNSLayoutConstraint.swift in Sources */ = {isa = PBXBuildFile; fileRef = DACF55221FD7661E00069701 /* ExtensionNSLayoutConstraint.swift */; };
		DACF553E1FD7661E00069701 /* ExtensionNSLayoutConstraint.swift in Sources */ = {isa = PBXBuildFile; fileRef = DACF55221FD7661E00069701 /* ExtensionNSLayoutConstraint.swift */; };
		DACF553F1FD7661E00069701 /* ExtensionUIFont.swift in Sources */ = {isa = PBXBuildFile; fileRef = DACF55231FD7661E00069701 /* ExtensionUIFont.swift */; };
		DACF55401FD7661E00069701 /* ExtensionUIFont.swift in Sources */ = {isa = PBXBuildFile; fileRef = DACF55231FD7661E00069701 /* ExtensionUIFont.swift */; };
		DACF55411FD7661E00069701 /* ExtensionUIImage.swift in Sources */ = {isa = PBXBuildFile; fileRef = DACF55241FD7661E00069701 /* ExtensionUIImage.swift */; };
		DACF55421FD7661E00069701 /* ExtensionUIImage.swift in Sources */ = {isa = PBXBuildFile; fileRef = DACF55241FD7661E00069701 /* ExtensionUIImage.swift */; };
		DACF55431FD7661E00069701 /* ExtensionData.swift in Sources */ = {isa = PBXBuildFile; fileRef = DACF55251FD7661E00069701 /* ExtensionData.swift */; };
		DACF55441FD7661E00069701 /* ExtensionData.swift in Sources */ = {isa = PBXBuildFile; fileRef = DACF55251FD7661E00069701 /* ExtensionData.swift */; };
		DACF55451FD7661E00069701 /* ExtensionNSManagedObject.swift in Sources */ = {isa = PBXBuildFile; fileRef = DACF55261FD7661E00069701 /* ExtensionNSManagedObject.swift */; };
		DACF55461FD7661E00069701 /* ExtensionNSManagedObject.swift in Sources */ = {isa = PBXBuildFile; fileRef = DACF55261FD7661E00069701 /* ExtensionNSManagedObject.swift */; };
		DACF55471FD7661E00069701 /* ExtensionString.swift in Sources */ = {isa = PBXBuildFile; fileRef = DACF55271FD7661E00069701 /* ExtensionString.swift */; };
		DACF55481FD7661E00069701 /* ExtensionString.swift in Sources */ = {isa = PBXBuildFile; fileRef = DACF55271FD7661E00069701 /* ExtensionString.swift */; };
		DACF55491FD7661E00069701 /* ExtensionUIFont+Constants.swift in Sources */ = {isa = PBXBuildFile; fileRef = DACF55281FD7661E00069701 /* ExtensionUIFont+Constants.swift */; };
		DACF554A1FD7661E00069701 /* ExtensionUIFont+Constants.swift in Sources */ = {isa = PBXBuildFile; fileRef = DACF55281FD7661E00069701 /* ExtensionUIFont+Constants.swift */; };
		DACF554B1FD7661E00069701 /* ExtensionUICollectionReusableView.swift in Sources */ = {isa = PBXBuildFile; fileRef = DACF55291FD7661E00069701 /* ExtensionUICollectionReusableView.swift */; };
		DACF554C1FD7661E00069701 /* ExtensionUICollectionReusableView.swift in Sources */ = {isa = PBXBuildFile; fileRef = DACF55291FD7661E00069701 /* ExtensionUICollectionReusableView.swift */; };
		DACF554D1FD7661E00069701 /* ExtensionURL.swift in Sources */ = {isa = PBXBuildFile; fileRef = DACF552A1FD7661E00069701 /* ExtensionURL.swift */; };
		DACF554E1FD7661E00069701 /* ExtensionURL.swift in Sources */ = {isa = PBXBuildFile; fileRef = DACF552A1FD7661E00069701 /* ExtensionURL.swift */; };
/* End PBXBuildFile section */

/* Begin PBXFileReference section */
		DA177BEA1FD7758F003B3836 /* ViewNew+Factory.swift */ = {isa = PBXFileReference; lastKnownFileType = sourcecode.swift; path = "ViewNew+Factory.swift"; sourceTree = "<group>"; };
		DA177BEC1FD77713003B3836 /* ViewNewList.swift */ = {isa = PBXFileReference; lastKnownFileType = sourcecode.swift; path = ViewNewList.swift; sourceTree = "<group>"; };
		DA177BEE1FD77773003B3836 /* ViewNewListCell.swift */ = {isa = PBXFileReference; lastKnownFileType = sourcecode.swift; path = ViewNewListCell.swift; sourceTree = "<group>"; };
		DA177BF01FD77874003B3836 /* ViewNewBar.swift */ = {isa = PBXFileReference; lastKnownFileType = sourcecode.swift; path = ViewNewBar.swift; sourceTree = "<group>"; };
		DA177BF31FD7792C003B3836 /* ViewBar.swift */ = {isa = PBXFileReference; lastKnownFileType = sourcecode.swift; path = ViewBar.swift; sourceTree = "<group>"; };
		DA177BF61FD77B2E003B3836 /* ViewBar+Factory.swift */ = {isa = PBXFileReference; lastKnownFileType = sourcecode.swift; path = "ViewBar+Factory.swift"; sourceTree = "<group>"; };
		DA3F0EB01FD7480000593B83 /* menu.xcassets */ = {isa = PBXFileReference; lastKnownFileType = folder.assetcatalog; path = menu.xcassets; sourceTree = "<group>"; };
		DA3F0EB31FD74C5F00593B83 /* Menu+FactoryUser.swift */ = {isa = PBXFileReference; lastKnownFileType = sourcecode.swift; path = "Menu+FactoryUser.swift"; sourceTree = "<group>"; };
		DA3F0EB51FD74C8700593B83 /* Menu+FactoryAdmin.swift */ = {isa = PBXFileReference; lastKnownFileType = sourcecode.swift; path = "Menu+FactoryAdmin.swift"; sourceTree = "<group>"; };
		DA3F0EB71FD74FC400593B83 /* MenuItemNew.swift */ = {isa = PBXFileReference; lastKnownFileType = sourcecode.swift; path = MenuItemNew.swift; sourceTree = "<group>"; };
		DA3F0EB91FD7505A00593B83 /* Menu+OrderUser.swift */ = {isa = PBXFileReference; lastKnownFileType = sourcecode.swift; path = "Menu+OrderUser.swift"; sourceTree = "<group>"; };
		DA3F0EBC1FD7509500593B83 /* Menu+OrderAdmin.swift */ = {isa = PBXFileReference; lastKnownFileType = sourcecode.swift; path = "Menu+OrderAdmin.swift"; sourceTree = "<group>"; };
		DA5A97CB1FD605E1006223BA /* MenuItemGeneric.swift */ = {isa = PBXFileReference; lastKnownFileType = sourcecode.swift; path = MenuItemGeneric.swift; sourceTree = "<group>"; };
		DA70AFBE1FD5A8B10016B0DC /* ViewHome.swift */ = {isa = PBXFileReference; lastKnownFileType = sourcecode.swift; path = ViewHome.swift; sourceTree = "<group>"; };
		DA70AFC11FD5AA980016B0DC /* ControllerHome.swift */ = {isa = PBXFileReference; lastKnownFileType = sourcecode.swift; path = ControllerHome.swift; sourceTree = "<group>"; };
		DA70AFC41FD5AABF0016B0DC /* Home.swift */ = {isa = PBXFileReference; lastKnownFileType = sourcecode.swift; path = Home.swift; sourceTree = "<group>"; };
		DA753DA91FD5EB96007E5BC5 /* Design */ = {isa = PBXFileReference; lastKnownFileType = folder; path = Design; sourceTree = "<group>"; };
		DA753DAA1FD5EBC8007E5BC5 /* generic.xcassets */ = {isa = PBXFileReference; lastKnownFileType = folder.assetcatalog; path = generic.xcassets; sourceTree = "<group>"; };
		DA84C0EE1FD73F59008959EA /* ArchNew.swift */ = {isa = PBXFileReference; lastKnownFileType = sourcecode.swift; path = ArchNew.swift; sourceTree = "<group>"; };
		DA84C0F11FD73FCD008959EA /* ControllerNew.swift */ = {isa = PBXFileReference; lastKnownFileType = sourcecode.swift; path = ControllerNew.swift; sourceTree = "<group>"; };
		DA84C0F41FD74009008959EA /* New.swift */ = {isa = PBXFileReference; lastKnownFileType = sourcecode.swift; path = New.swift; sourceTree = "<group>"; };
		DA84C0F71FD7403D008959EA /* ViewNew.swift */ = {isa = PBXFileReference; lastKnownFileType = sourcecode.swift; path = ViewNew.swift; sourceTree = "<group>"; };
		DA9088821FD4C38E00C1208A /* user.app */ = {isa = PBXFileReference; explicitFileType = wrapper.application; includeInIndex = 0; path = user.app; sourceTree = BUILT_PRODUCTS_DIR; };
		DA9088981FD4C45600C1208A /* README.md */ = {isa = PBXFileReference; fileEncoding = 4; lastKnownFileType = net.daringfireball.markdown; path = README.md; sourceTree = "<group>"; };
		DA90889B1FD4C4AF00C1208A /* LICENSE */ = {isa = PBXFileReference; fileEncoding = 4; lastKnownFileType = text; path = LICENSE; sourceTree = "<group>"; };
		DA90889E1FD4C65F00C1208A /* LaunchScreen.storyboard */ = {isa = PBXFileReference; fileEncoding = 4; lastKnownFileType = file.storyboard; path = LaunchScreen.storyboard; sourceTree = "<group>"; };
		DA9088A11FD4C65F00C1208A /* en */ = {isa = PBXFileReference; lastKnownFileType = text.plist.strings; name = en; path = en.lproj/LocalizableModel.strings; sourceTree = "<group>"; };
		DA9088A31FD4C65F00C1208A /* en */ = {isa = PBXFileReference; lastKnownFileType = text.plist.strings; name = en; path = en.lproj/InfoPlist.strings; sourceTree = "<group>"; };
		DA9088A51FD4C65F00C1208A /* en */ = {isa = PBXFileReference; lastKnownFileType = text.plist.strings; name = en; path = en.lproj/LocalizableView.strings; sourceTree = "<group>"; };
		DA9088A71FD4C65F00C1208A /* en */ = {isa = PBXFileReference; lastKnownFileType = text.plist.strings; name = en; path = en.lproj/LocalizableController.strings; sourceTree = "<group>"; };
		DA9088C51FD4C65F00C1208A /* Controller.swift */ = {isa = PBXFileReference; fileEncoding = 4; lastKnownFileType = sourcecode.swift; path = Controller.swift; sourceTree = "<group>"; };
		DA9088C61FD4C65F00C1208A /* ControllerParent+Orientation.swift */ = {isa = PBXFileReference; fileEncoding = 4; lastKnownFileType = sourcecode.swift; path = "ControllerParent+Orientation.swift"; sourceTree = "<group>"; };
		DA9088C71FD4C65F00C1208A /* ControllerParent+Constants.swift */ = {isa = PBXFileReference; fileEncoding = 4; lastKnownFileType = sourcecode.swift; path = "ControllerParent+Constants.swift"; sourceTree = "<group>"; };
		DA9088C81FD4C65F00C1208A /* ControllerParent+Menu.swift */ = {isa = PBXFileReference; fileEncoding = 4; lastKnownFileType = sourcecode.swift; path = "ControllerParent+Menu.swift"; sourceTree = "<group>"; };
		DA9088C91FD4C65F00C1208A /* ControllerParent+Transitions.swift */ = {isa = PBXFileReference; fileEncoding = 4; lastKnownFileType = sourcecode.swift; path = "ControllerParent+Transitions.swift"; sourceTree = "<group>"; };
		DA9088CA1FD4C65F00C1208A /* AppDelegate.swift */ = {isa = PBXFileReference; fileEncoding = 4; lastKnownFileType = sourcecode.swift; path = AppDelegate.swift; sourceTree = "<group>"; };
		DA9088CB1FD4C65F00C1208A /* ControllerTransition.swift */ = {isa = PBXFileReference; fileEncoding = 4; lastKnownFileType = sourcecode.swift; path = ControllerTransition.swift; sourceTree = "<group>"; };
		DA9088CC1FD4C65F00C1208A /* ControllerParent.swift */ = {isa = PBXFileReference; fileEncoding = 4; lastKnownFileType = sourcecode.swift; path = ControllerParent.swift; sourceTree = "<group>"; };
		DA9088CF1FD4C65F00C1208A /* Arch.swift */ = {isa = PBXFileReference; fileEncoding = 4; lastKnownFileType = sourcecode.swift; path = Arch.swift; sourceTree = "<group>"; };
		DA9088D01FD4C65F00C1208A /* ArchHome.swift */ = {isa = PBXFileReference; fileEncoding = 4; lastKnownFileType = sourcecode.swift; path = ArchHome.swift; sourceTree = "<group>"; };
		DA9088D31FD4C65F00C1208A /* Model.swift */ = {isa = PBXFileReference; fileEncoding = 4; lastKnownFileType = sourcecode.swift; path = Model.swift; sourceTree = "<group>"; };
		DA9088D61FD4C65F00C1208A /* Menu+Constants.swift */ = {isa = PBXFileReference; fileEncoding = 4; lastKnownFileType = sourcecode.swift; path = "Menu+Constants.swift"; sourceTree = "<group>"; };
		DA9088D81FD4C65F00C1208A /* MenuItemHome.swift */ = {isa = PBXFileReference; fileEncoding = 4; lastKnownFileType = sourcecode.swift; path = MenuItemHome.swift; sourceTree = "<group>"; };
		DA9088DB1FD4C65F00C1208A /* Menu.swift */ = {isa = PBXFileReference; fileEncoding = 4; lastKnownFileType = sourcecode.swift; path = Menu.swift; sourceTree = "<group>"; };
		DA9088DD1FD4C65F00C1208A /* Menu+Factory.swift */ = {isa = PBXFileReference; fileEncoding = 4; lastKnownFileType = sourcecode.swift; path = "Menu+Factory.swift"; sourceTree = "<group>"; };
		DA9088DF1FD4C65F00C1208A /* MenuItemProtocol.swift */ = {isa = PBXFileReference; fileEncoding = 4; lastKnownFileType = sourcecode.swift; path = MenuItemProtocol.swift; sourceTree = "<group>"; };
		DA9089531FD4CB4D00C1208A /* admin.app */ = {isa = PBXFileReference; explicitFileType = wrapper.application; includeInIndex = 0; path = admin.app; sourceTree = BUILT_PRODUCTS_DIR; };
		DA91EACA1FD62C1F0063560D /* ViewMenu+Actions.swift */ = {isa = PBXFileReference; fileEncoding = 4; lastKnownFileType = sourcecode.swift; path = "ViewMenu+Actions.swift"; sourceTree = "<group>"; };
		DA91EACB1FD62C1F0063560D /* ViewMenu+Collection.swift */ = {isa = PBXFileReference; fileEncoding = 4; lastKnownFileType = sourcecode.swift; path = "ViewMenu+Collection.swift"; sourceTree = "<group>"; };
		DA91EACC1FD62C1F0063560D /* ViewMenu.swift */ = {isa = PBXFileReference; fileEncoding = 4; lastKnownFileType = sourcecode.swift; path = ViewMenu.swift; sourceTree = "<group>"; };
		DA91EACD1FD62C1F0063560D /* ViewMenu+Synth.swift */ = {isa = PBXFileReference; fileEncoding = 4; lastKnownFileType = sourcecode.swift; path = "ViewMenu+Synth.swift"; sourceTree = "<group>"; };
		DA91EACE1FD62C1F0063560D /* ViewMenuCell.swift */ = {isa = PBXFileReference; fileEncoding = 4; lastKnownFileType = sourcecode.swift; path = ViewMenuCell.swift; sourceTree = "<group>"; };
		DA91EAD01FD62C1F0063560D /* View.swift */ = {isa = PBXFileReference; fileEncoding = 4; lastKnownFileType = sourcecode.swift; path = View.swift; sourceTree = "<group>"; };
		DA91EAD11FD62C1F0063560D /* ViewParent.swift */ = {isa = PBXFileReference; fileEncoding = 4; lastKnownFileType = sourcecode.swift; path = ViewParent.swift; sourceTree = "<group>"; };
		DA91EAD41FD62C1F0063560D /* ViewMain.swift */ = {isa = PBXFileReference; fileEncoding = 4; lastKnownFileType = sourcecode.swift; path = ViewMain.swift; sourceTree = "<group>"; };
		DA91EAD51FD62C1F0063560D /* ViewParent+Transitions.swift */ = {isa = PBXFileReference; fileEncoding = 4; lastKnownFileType = sourcecode.swift; path = "ViewParent+Transitions.swift"; sourceTree = "<group>"; };
		DA91EAD61FD62C1F0063560D /* ViewParent+Constants.swift */ = {isa = PBXFileReference; fileEncoding = 4; lastKnownFileType = sourcecode.swift; path = "ViewParent+Constants.swift"; sourceTree = "<group>"; };
		DA91EAD71FD62C1F0063560D /* ViewParent+Gesture.swift */ = {isa = PBXFileReference; fileEncoding = 4; lastKnownFileType = sourcecode.swift; path = "ViewParent+Gesture.swift"; sourceTree = "<group>"; };
		DA91EAD91FD62C1F0063560D /* ViewAlert+Constants.swift */ = {isa = PBXFileReference; fileEncoding = 4; lastKnownFileType = sourcecode.swift; path = "ViewAlert+Constants.swift"; sourceTree = "<group>"; };
		DA91EADA1FD62C1F0063560D /* ViewCollection.swift */ = {isa = PBXFileReference; fileEncoding = 4; lastKnownFileType = sourcecode.swift; path = ViewCollection.swift; sourceTree = "<group>"; };
		DA91EADB1FD62C1F0063560D /* ViewAlert.swift */ = {isa = PBXFileReference; fileEncoding = 4; lastKnownFileType = sourcecode.swift; path = ViewAlert.swift; sourceTree = "<group>"; };
		DA91EADC1FD62C1F0063560D /* ViewPushBackground.swift */ = {isa = PBXFileReference; fileEncoding = 4; lastKnownFileType = sourcecode.swift; path = ViewPushBackground.swift; sourceTree = "<group>"; };
		DA91EADD1FD62C1F0063560D /* ViewCollectionFlow.swift */ = {isa = PBXFileReference; fileEncoding = 4; lastKnownFileType = sourcecode.swift; path = ViewCollectionFlow.swift; sourceTree = "<group>"; };
		DA91EADE1FD62C1F0063560D /* ViewSliderBar.swift */ = {isa = PBXFileReference; fileEncoding = 4; lastKnownFileType = sourcecode.swift; path = ViewSliderBar.swift; sourceTree = "<group>"; };
		DA91EADF1FD62C1F0063560D /* ViewBlur.swift */ = {isa = PBXFileReference; fileEncoding = 4; lastKnownFileType = sourcecode.swift; path = ViewBlur.swift; sourceTree = "<group>"; };
		DA91EAE01FD62C1F0063560D /* ViewSlider+Gesture.swift */ = {isa = PBXFileReference; fileEncoding = 4; lastKnownFileType = sourcecode.swift; path = "ViewSlider+Gesture.swift"; sourceTree = "<group>"; };
		DA91EAE11FD62C1F0063560D /* ViewSpinner+Constants.swift */ = {isa = PBXFileReference; fileEncoding = 4; lastKnownFileType = sourcecode.swift; path = "ViewSpinner+Constants.swift"; sourceTree = "<group>"; };
		DA91EAE21FD62C1F0063560D /* ViewGradient.swift */ = {isa = PBXFileReference; fileEncoding = 4; lastKnownFileType = sourcecode.swift; path = ViewGradient.swift; sourceTree = "<group>"; };
		DA91EAE31FD62C1F0063560D /* ViewSlider+Constants.swift */ = {isa = PBXFileReference; fileEncoding = 4; lastKnownFileType = sourcecode.swift; path = "ViewSlider+Constants.swift"; sourceTree = "<group>"; };
		DA91EAE41FD62C1F0063560D /* ViewBorder.swift */ = {isa = PBXFileReference; fileEncoding = 4; lastKnownFileType = sourcecode.swift; path = ViewBorder.swift; sourceTree = "<group>"; };
		DA91EAE51FD62C1F0063560D /* ViewSlider.swift */ = {isa = PBXFileReference; fileEncoding = 4; lastKnownFileType = sourcecode.swift; path = ViewSlider.swift; sourceTree = "<group>"; };
		DA91EAE61FD62C1F0063560D /* ViewSpinner.swift */ = {isa = PBXFileReference; fileEncoding = 4; lastKnownFileType = sourcecode.swift; path = ViewSpinner.swift; sourceTree = "<group>"; };
		DA91EAE71FD62C1F0063560D /* ViewGradient+Constants.swift */ = {isa = PBXFileReference; fileEncoding = 4; lastKnownFileType = sourcecode.swift; path = "ViewGradient+Constants.swift"; sourceTree = "<group>"; };
		DA91EB201FD62C7D0063560D /* ViewTransitionableProtocol.swift */ = {isa = PBXFileReference; lastKnownFileType = sourcecode.swift; path = ViewTransitionableProtocol.swift; sourceTree = "<group>"; };
		DA91EB231FD62D700063560D /* ViewControllableProtocol.swift */ = {isa = PBXFileReference; lastKnownFileType = sourcecode.swift; path = ViewControllableProtocol.swift; sourceTree = "<group>"; };
		DA91EB261FD630E80063560D /* ViewGlobal.swift */ = {isa = PBXFileReference; lastKnownFileType = sourcecode.swift; path = ViewGlobal.swift; sourceTree = "<group>"; };
		DA992D751FD61E7300A6CFEF /* MenuItemGenericProtocol.swift */ = {isa = PBXFileReference; fileEncoding = 4; lastKnownFileType = sourcecode.swift; path = MenuItemGenericProtocol.swift; sourceTree = "<group>"; };
		DA992D761FD61E7300A6CFEF /* MenuItemGenericProtocol+Default.swift */ = {isa = PBXFileReference; fileEncoding = 4; lastKnownFileType = sourcecode.swift; path = "MenuItemGenericProtocol+Default.swift"; sourceTree = "<group>"; };
		DACF55061FD7656E00069701 /* habanero.xcdatamodel */ = {isa = PBXFileReference; lastKnownFileType = wrapper.xcdatamodel; path = habanero.xcdatamodel; sourceTree = "<group>"; };
		DACF550A1FD7658500069701 /* userInfo.plist */ = {isa = PBXFileReference; fileEncoding = 4; lastKnownFileType = text.plist.xml; path = userInfo.plist; sourceTree = "<group>"; };
		DACF550B1FD7658500069701 /* adminInfo.plist */ = {isa = PBXFileReference; fileEncoding = 4; lastKnownFileType = text.plist.xml; path = adminInfo.plist; sourceTree = "<group>"; };
		DACF55141FD765C700069701 /* Scripts */ = {isa = PBXFileReference; lastKnownFileType = folder; path = Scripts; sourceTree = "<group>"; };
		DACF55191FD7661E00069701 /* ExtensionDictionary.swift */ = {isa = PBXFileReference; fileEncoding = 4; lastKnownFileType = sourcecode.swift; path = ExtensionDictionary.swift; sourceTree = "<group>"; };
		DACF551A1FD7661E00069701 /* ExtensionNotification.swift */ = {isa = PBXFileReference; fileEncoding = 4; lastKnownFileType = sourcecode.swift; path = ExtensionNotification.swift; sourceTree = "<group>"; };
		DACF551B1FD7661E00069701 /* ExtensionUIColor.swift */ = {isa = PBXFileReference; fileEncoding = 4; lastKnownFileType = sourcecode.swift; path = ExtensionUIColor.swift; sourceTree = "<group>"; };
		DACF551C1FD7661E00069701 /* ExtensionCGImage.swift */ = {isa = PBXFileReference; fileEncoding = 4; lastKnownFileType = sourcecode.swift; path = ExtensionCGImage.swift; sourceTree = "<group>"; };
		DACF551D1FD7661E00069701 /* ExtensionMKPolyline.swift */ = {isa = PBXFileReference; fileEncoding = 4; lastKnownFileType = sourcecode.swift; path = ExtensionMKPolyline.swift; sourceTree = "<group>"; };
		DACF551E1FD7661E00069701 /* ExtensionString+Constants.swift */ = {isa = PBXFileReference; fileEncoding = 4; lastKnownFileType = sourcecode.swift; path = "ExtensionString+Constants.swift"; sourceTree = "<group>"; };
		DACF551F1FD7661E00069701 /* ExtensionFileManager.swift */ = {isa = PBXFileReference; fileEncoding = 4; lastKnownFileType = sourcecode.swift; path = ExtensionFileManager.swift; sourceTree = "<group>"; };
		DACF55201FD7661E00069701 /* ExtensionURLResponse.swift */ = {isa = PBXFileReference; fileEncoding = 4; lastKnownFileType = sourcecode.swift; path = ExtensionURLResponse.swift; sourceTree = "<group>"; };
		DACF55211FD7661E00069701 /* ExtensionMKAnnotationView.swift */ = {isa = PBXFileReference; fileEncoding = 4; lastKnownFileType = sourcecode.swift; path = ExtensionMKAnnotationView.swift; sourceTree = "<group>"; };
		DACF55221FD7661E00069701 /* ExtensionNSLayoutConstraint.swift */ = {isa = PBXFileReference; fileEncoding = 4; lastKnownFileType = sourcecode.swift; path = ExtensionNSLayoutConstraint.swift; sourceTree = "<group>"; };
		DACF55231FD7661E00069701 /* ExtensionUIFont.swift */ = {isa = PBXFileReference; fileEncoding = 4; lastKnownFileType = sourcecode.swift; path = ExtensionUIFont.swift; sourceTree = "<group>"; };
		DACF55241FD7661E00069701 /* ExtensionUIImage.swift */ = {isa = PBXFileReference; fileEncoding = 4; lastKnownFileType = sourcecode.swift; path = ExtensionUIImage.swift; sourceTree = "<group>"; };
		DACF55251FD7661E00069701 /* ExtensionData.swift */ = {isa = PBXFileReference; fileEncoding = 4; lastKnownFileType = sourcecode.swift; path = ExtensionData.swift; sourceTree = "<group>"; };
		DACF55261FD7661E00069701 /* ExtensionNSManagedObject.swift */ = {isa = PBXFileReference; fileEncoding = 4; lastKnownFileType = sourcecode.swift; path = ExtensionNSManagedObject.swift; sourceTree = "<group>"; };
		DACF55271FD7661E00069701 /* ExtensionString.swift */ = {isa = PBXFileReference; fileEncoding = 4; lastKnownFileType = sourcecode.swift; path = ExtensionString.swift; sourceTree = "<group>"; };
		DACF55281FD7661E00069701 /* ExtensionUIFont+Constants.swift */ = {isa = PBXFileReference; fileEncoding = 4; lastKnownFileType = sourcecode.swift; path = "ExtensionUIFont+Constants.swift"; sourceTree = "<group>"; };
		DACF55291FD7661E00069701 /* ExtensionUICollectionReusableView.swift */ = {isa = PBXFileReference; fileEncoding = 4; lastKnownFileType = sourcecode.swift; path = ExtensionUICollectionReusableView.swift; sourceTree = "<group>"; };
		DACF552A1FD7661E00069701 /* ExtensionURL.swift */ = {isa = PBXFileReference; fileEncoding = 4; lastKnownFileType = sourcecode.swift; path = ExtensionURL.swift; sourceTree = "<group>"; };
/* End PBXFileReference section */

/* Begin PBXFrameworksBuildPhase section */
		DA90887F1FD4C38E00C1208A /* Frameworks */ = {
			isa = PBXFrameworksBuildPhase;
			buildActionMask = 2147483647;
			files = (
			);
			runOnlyForDeploymentPostprocessing = 0;
		};
		DA9089501FD4CB4D00C1208A /* Frameworks */ = {
			isa = PBXFrameworksBuildPhase;
			buildActionMask = 2147483647;
			files = (
			);
			runOnlyForDeploymentPostprocessing = 0;
		};
/* End PBXFrameworksBuildPhase section */

/* Begin PBXGroup section */
		DA177BF21FD77915003B3836 /* Shared */ = {
			isa = PBXGroup;
			children = (
				DA177BF31FD7792C003B3836 /* ViewBar.swift */,
				DA177BF61FD77B2E003B3836 /* ViewBar+Factory.swift */,
			);
			path = Shared;
			sourceTree = "<group>";
		};
		DA84C0F01FD73FC5008959EA /* New */ = {
			isa = PBXGroup;
			children = (
				DA84C0F11FD73FCD008959EA /* ControllerNew.swift */,
			);
			path = New;
			sourceTree = "<group>";
		};
		DA84C0F31FD73FF7008959EA /* New */ = {
			isa = PBXGroup;
			children = (
				DA84C0F41FD74009008959EA /* New.swift */,
			);
			path = New;
			sourceTree = "<group>";
		};
		DA84C0F61FD7402F008959EA /* New */ = {
			isa = PBXGroup;
			children = (
				DA84C0F71FD7403D008959EA /* ViewNew.swift */,
				DA177BEA1FD7758F003B3836 /* ViewNew+Factory.swift */,
				DA177BF01FD77874003B3836 /* ViewNewBar.swift */,
				DA177BEC1FD77713003B3836 /* ViewNewList.swift */,
				DA177BEE1FD77773003B3836 /* ViewNewListCell.swift */,
			);
			path = New;
			sourceTree = "<group>";
		};
		DA9088791FD4C38E00C1208A = {
			isa = PBXGroup;
			children = (
				DA9088A81FD4C65F00C1208A /* Source */,
				DACF55041FD7656E00069701 /* Coredata */,
				DA90889D1FD4C65F00C1208A /* Assets */,
				DA90889F1FD4C65F00C1208A /* Resources */,
				DACF55091FD7658500069701 /* Info */,
				DACF55141FD765C700069701 /* Scripts */,
				DA753DA91FD5EB96007E5BC5 /* Design */,
				DA90889B1FD4C4AF00C1208A /* LICENSE */,
				DA9088981FD4C45600C1208A /* README.md */,
				DA9088831FD4C38E00C1208A /* Products */,
			);
			sourceTree = "<group>";
		};
		DA9088831FD4C38E00C1208A /* Products */ = {
			isa = PBXGroup;
			children = (
				DA9088821FD4C38E00C1208A /* user.app */,
				DA9089531FD4CB4D00C1208A /* admin.app */,
			);
			name = Products;
			sourceTree = "<group>";
		};
		DA90889D1FD4C65F00C1208A /* Assets */ = {
			isa = PBXGroup;
			children = (
				DA90889E1FD4C65F00C1208A /* LaunchScreen.storyboard */,
				DA753DAA1FD5EBC8007E5BC5 /* generic.xcassets */,
				DA3F0EB01FD7480000593B83 /* menu.xcassets */,
			);
			path = Assets;
			sourceTree = "<group>";
		};
		DA90889F1FD4C65F00C1208A /* Resources */ = {
			isa = PBXGroup;
			children = (
				DA9088A01FD4C65F00C1208A /* LocalizableModel.strings */,
				DA9088A21FD4C65F00C1208A /* InfoPlist.strings */,
				DA9088A41FD4C65F00C1208A /* LocalizableView.strings */,
				DA9088A61FD4C65F00C1208A /* LocalizableController.strings */,
			);
			path = Resources;
			sourceTree = "<group>";
		};
		DA9088A81FD4C65F00C1208A /* Source */ = {
			isa = PBXGroup;
			children = (
				DA9088CE1FD4C65F00C1208A /* Architecture */,
				DA9088C31FD4C65F00C1208A /* Controller */,
				DA9088D11FD4C65F00C1208A /* Model */,
				DA9088E01FD4C65F00C1208A /* View */,
				DACF55181FD7661E00069701 /* Extensions */,
			);
			path = Source;
			sourceTree = "<group>";
		};
		DA9088C31FD4C65F00C1208A /* Controller */ = {
			isa = PBXGroup;
			children = (
				DA9088C41FD4C65F00C1208A /* Abstract */,
				DA9088CD1FD4C65F00C1208A /* Home */,
				DA84C0F01FD73FC5008959EA /* New */,
			);
			path = Controller;
			sourceTree = "<group>";
		};
		DA9088C41FD4C65F00C1208A /* Abstract */ = {
			isa = PBXGroup;
			children = (
				DA9088CA1FD4C65F00C1208A /* AppDelegate.swift */,
				DA9088C51FD4C65F00C1208A /* Controller.swift */,
				DA9088CC1FD4C65F00C1208A /* ControllerParent.swift */,
				DA9088C61FD4C65F00C1208A /* ControllerParent+Orientation.swift */,
				DA9088C71FD4C65F00C1208A /* ControllerParent+Constants.swift */,
				DA9088C81FD4C65F00C1208A /* ControllerParent+Menu.swift */,
				DA9088C91FD4C65F00C1208A /* ControllerParent+Transitions.swift */,
				DA9088CB1FD4C65F00C1208A /* ControllerTransition.swift */,
			);
			path = Abstract;
			sourceTree = "<group>";
		};
		DA9088CD1FD4C65F00C1208A /* Home */ = {
			isa = PBXGroup;
			children = (
				DA70AFC11FD5AA980016B0DC /* ControllerHome.swift */,
			);
			path = Home;
			sourceTree = "<group>";
		};
		DA9088CE1FD4C65F00C1208A /* Architecture */ = {
			isa = PBXGroup;
			children = (
				DA9088CF1FD4C65F00C1208A /* Arch.swift */,
				DA9088D01FD4C65F00C1208A /* ArchHome.swift */,
				DA84C0EE1FD73F59008959EA /* ArchNew.swift */,
			);
			path = Architecture;
			sourceTree = "<group>";
		};
		DA9088D11FD4C65F00C1208A /* Model */ = {
			isa = PBXGroup;
			children = (
				DA9088D21FD4C65F00C1208A /* Abstract */,
				DA9088D41FD4C65F00C1208A /* Home */,
				DA9088D51FD4C65F00C1208A /* Menu */,
				DA84C0F31FD73FF7008959EA /* New */,
			);
			path = Model;
			sourceTree = "<group>";
		};
		DA9088D21FD4C65F00C1208A /* Abstract */ = {
			isa = PBXGroup;
			children = (
				DA9088D31FD4C65F00C1208A /* Model.swift */,
			);
			path = Abstract;
			sourceTree = "<group>";
		};
		DA9088D41FD4C65F00C1208A /* Home */ = {
			isa = PBXGroup;
			children = (
				DA70AFC41FD5AABF0016B0DC /* Home.swift */,
			);
			path = Home;
			sourceTree = "<group>";
		};
		DA9088D51FD4C65F00C1208A /* Menu */ = {
			isa = PBXGroup;
			children = (
				DA9088DB1FD4C65F00C1208A /* Menu.swift */,
				DA9088D61FD4C65F00C1208A /* Menu+Constants.swift */,
				DA3F0EB91FD7505A00593B83 /* Menu+OrderUser.swift */,
				DA3F0EBC1FD7509500593B83 /* Menu+OrderAdmin.swift */,
				DA9088DD1FD4C65F00C1208A /* Menu+Factory.swift */,
				DA3F0EB31FD74C5F00593B83 /* Menu+FactoryUser.swift */,
				DA3F0EB51FD74C8700593B83 /* Menu+FactoryAdmin.swift */,
				DA5A97CB1FD605E1006223BA /* MenuItemGeneric.swift */,
				DA9088DF1FD4C65F00C1208A /* MenuItemProtocol.swift */,
				DA992D751FD61E7300A6CFEF /* MenuItemGenericProtocol.swift */,
				DA992D761FD61E7300A6CFEF /* MenuItemGenericProtocol+Default.swift */,
				DA9088D81FD4C65F00C1208A /* MenuItemHome.swift */,
				DA3F0EB71FD74FC400593B83 /* MenuItemNew.swift */,
			);
			path = Menu;
			sourceTree = "<group>";
		};
		DA9088E01FD4C65F00C1208A /* View */ = {
			isa = PBXGroup;
			children = (
				DA91EAC81FD62C1F0063560D /* Global */,
				DA91EAD81FD62C1F0063560D /* Generic */,
				DA177BF21FD77915003B3836 /* Shared */,
				DA9088F11FD4C65F00C1208A /* Home */,
				DA84C0F61FD7402F008959EA /* New */,
			);
			path = View;
			sourceTree = "<group>";
		};
		DA9088F11FD4C65F00C1208A /* Home */ = {
			isa = PBXGroup;
			children = (
				DA70AFBE1FD5A8B10016B0DC /* ViewHome.swift */,
			);
			path = Home;
			sourceTree = "<group>";
		};
		DA91EAC81FD62C1F0063560D /* Global */ = {
			isa = PBXGroup;
			children = (
				DA91EACF1FD62C1F0063560D /* View */,
				DA91EAC91FD62C1F0063560D /* Menu */,
			);
			path = Global;
			sourceTree = "<group>";
		};
		DA91EAC91FD62C1F0063560D /* Menu */ = {
			isa = PBXGroup;
			children = (
				DA91EACA1FD62C1F0063560D /* ViewMenu+Actions.swift */,
				DA91EACB1FD62C1F0063560D /* ViewMenu+Collection.swift */,
				DA91EACC1FD62C1F0063560D /* ViewMenu.swift */,
				DA91EACD1FD62C1F0063560D /* ViewMenu+Synth.swift */,
				DA91EACE1FD62C1F0063560D /* ViewMenuCell.swift */,
			);
			path = Menu;
			sourceTree = "<group>";
		};
		DA91EACF1FD62C1F0063560D /* View */ = {
			isa = PBXGroup;
			children = (
				DA91EAD01FD62C1F0063560D /* View.swift */,
				DA91EAD41FD62C1F0063560D /* ViewMain.swift */,
				DA91EAD11FD62C1F0063560D /* ViewParent.swift */,
				DA91EAD51FD62C1F0063560D /* ViewParent+Transitions.swift */,
				DA91EAD61FD62C1F0063560D /* ViewParent+Constants.swift */,
				DA91EAD71FD62C1F0063560D /* ViewParent+Gesture.swift */,
				DA91EB201FD62C7D0063560D /* ViewTransitionableProtocol.swift */,
				DA91EB231FD62D700063560D /* ViewControllableProtocol.swift */,
				DA91EB261FD630E80063560D /* ViewGlobal.swift */,
			);
			path = View;
			sourceTree = "<group>";
		};
		DA91EAD81FD62C1F0063560D /* Generic */ = {
			isa = PBXGroup;
			children = (
				DA91EAD91FD62C1F0063560D /* ViewAlert+Constants.swift */,
				DA91EADA1FD62C1F0063560D /* ViewCollection.swift */,
				DA91EADB1FD62C1F0063560D /* ViewAlert.swift */,
				DA91EADC1FD62C1F0063560D /* ViewPushBackground.swift */,
				DA91EADD1FD62C1F0063560D /* ViewCollectionFlow.swift */,
				DA91EADE1FD62C1F0063560D /* ViewSliderBar.swift */,
				DA91EADF1FD62C1F0063560D /* ViewBlur.swift */,
				DA91EAE01FD62C1F0063560D /* ViewSlider+Gesture.swift */,
				DA91EAE11FD62C1F0063560D /* ViewSpinner+Constants.swift */,
				DA91EAE21FD62C1F0063560D /* ViewGradient.swift */,
				DA91EAE31FD62C1F0063560D /* ViewSlider+Constants.swift */,
				DA91EAE41FD62C1F0063560D /* ViewBorder.swift */,
				DA91EAE51FD62C1F0063560D /* ViewSlider.swift */,
				DA91EAE61FD62C1F0063560D /* ViewSpinner.swift */,
				DA91EAE71FD62C1F0063560D /* ViewGradient+Constants.swift */,
			);
			path = Generic;
			sourceTree = "<group>";
		};
		DACF55041FD7656E00069701 /* Coredata */ = {
			isa = PBXGroup;
			children = (
				DACF55051FD7656E00069701 /* habanero.xcdatamodeld */,
			);
			path = Coredata;
			sourceTree = "<group>";
		};
		DACF55091FD7658500069701 /* Info */ = {
			isa = PBXGroup;
			children = (
				DACF550A1FD7658500069701 /* userInfo.plist */,
				DACF550B1FD7658500069701 /* adminInfo.plist */,
			);
			path = Info;
			sourceTree = "<group>";
		};
		DACF55181FD7661E00069701 /* Extensions */ = {
			isa = PBXGroup;
			children = (
				DACF55191FD7661E00069701 /* ExtensionDictionary.swift */,
				DACF551A1FD7661E00069701 /* ExtensionNotification.swift */,
				DACF551B1FD7661E00069701 /* ExtensionUIColor.swift */,
				DACF551C1FD7661E00069701 /* ExtensionCGImage.swift */,
				DACF551D1FD7661E00069701 /* ExtensionMKPolyline.swift */,
				DACF551E1FD7661E00069701 /* ExtensionString+Constants.swift */,
				DACF551F1FD7661E00069701 /* ExtensionFileManager.swift */,
				DACF55201FD7661E00069701 /* ExtensionURLResponse.swift */,
				DACF55211FD7661E00069701 /* ExtensionMKAnnotationView.swift */,
				DACF55221FD7661E00069701 /* ExtensionNSLayoutConstraint.swift */,
				DACF55231FD7661E00069701 /* ExtensionUIFont.swift */,
				DACF55241FD7661E00069701 /* ExtensionUIImage.swift */,
				DACF55251FD7661E00069701 /* ExtensionData.swift */,
				DACF55261FD7661E00069701 /* ExtensionNSManagedObject.swift */,
				DACF55271FD7661E00069701 /* ExtensionString.swift */,
				DACF55281FD7661E00069701 /* ExtensionUIFont+Constants.swift */,
				DACF55291FD7661E00069701 /* ExtensionUICollectionReusableView.swift */,
				DACF552A1FD7661E00069701 /* ExtensionURL.swift */,
			);
			path = Extensions;
			sourceTree = "<group>";
		};
/* End PBXGroup section */

/* Begin PBXNativeTarget section */
		DA9088811FD4C38E00C1208A /* user */ = {
			isa = PBXNativeTarget;
			buildConfigurationList = DA9088941FD4C38E00C1208A /* Build configuration list for PBXNativeTarget "user" */;
			buildPhases = (
				DA90887E1FD4C38E00C1208A /* Sources */,
				DA90887F1FD4C38E00C1208A /* Frameworks */,
				DA9088801FD4C38E00C1208A /* Resources */,
			);
			buildRules = (
			);
			dependencies = (
			);
			name = user;
			productName = habanero;
			productReference = DA9088821FD4C38E00C1208A /* user.app */;
			productType = "com.apple.product-type.application";
		};
		DA9089521FD4CB4D00C1208A /* admin */ = {
			isa = PBXNativeTarget;
			buildConfigurationList = DA9089621FD4CB4D00C1208A /* Build configuration list for PBXNativeTarget "admin" */;
			buildPhases = (
				DA90894F1FD4CB4D00C1208A /* Sources */,
				DA9089501FD4CB4D00C1208A /* Frameworks */,
				DA9089511FD4CB4D00C1208A /* Resources */,
			);
			buildRules = (
			);
			dependencies = (
			);
			name = admin;
			productName = velvetHabanero;
			productReference = DA9089531FD4CB4D00C1208A /* admin.app */;
			productType = "com.apple.product-type.application";
		};
/* End PBXNativeTarget section */

/* Begin PBXProject section */
		DA90887A1FD4C38E00C1208A /* Project object */ = {
			isa = PBXProject;
			attributes = {
				LastSwiftUpdateCheck = 0910;
				LastUpgradeCheck = 0910;
				ORGANIZATIONNAME = iturbide;
				TargetAttributes = {
					DA9088811FD4C38E00C1208A = {
						CreatedOnToolsVersion = 9.1;
						ProvisioningStyle = Automatic;
					};
					DA9089521FD4CB4D00C1208A = {
						CreatedOnToolsVersion = 9.1;
						ProvisioningStyle = Automatic;
					};
				};
			};
			buildConfigurationList = DA90887D1FD4C38E00C1208A /* Build configuration list for PBXProject "habanero" */;
			compatibilityVersion = "Xcode 8.0";
			developmentRegion = en;
			hasScannedForEncodings = 0;
			knownRegions = (
				en,
			);
			mainGroup = DA9088791FD4C38E00C1208A;
			productRefGroup = DA9088831FD4C38E00C1208A /* Products */;
			projectDirPath = "";
			projectRoot = "";
			targets = (
				DA9088811FD4C38E00C1208A /* user */,
				DA9089521FD4CB4D00C1208A /* admin */,
			);
		};
/* End PBXProject section */

/* Begin PBXResourcesBuildPhase section */
		DA9088801FD4C38E00C1208A /* Resources */ = {
			isa = PBXResourcesBuildPhase;
			buildActionMask = 2147483647;
			files = (
				DA9089031FD4C65F00C1208A /* LaunchScreen.storyboard in Resources */,
				DA3F0EB11FD7480000593B83 /* menu.xcassets in Resources */,
				DA9089071FD4C65F00C1208A /* LocalizableController.strings in Resources */,
				DA9089061FD4C65F00C1208A /* LocalizableView.strings in Resources */,
				DA753DAB1FD5EBC8007E5BC5 /* generic.xcassets in Resources */,
				DA9089041FD4C65F00C1208A /* LocalizableModel.strings in Resources */,
				DA9089051FD4C65F00C1208A /* InfoPlist.strings in Resources */,
			);
			runOnlyForDeploymentPostprocessing = 0;
		};
		DA9089511FD4CB4D00C1208A /* Resources */ = {
			isa = PBXResourcesBuildPhase;
			buildActionMask = 2147483647;
			files = (
				DA9089B41FD4CE5F00C1208A /* LocalizableController.strings in Resources */,
				DA3F0EB21FD7480A00593B83 /* menu.xcassets in Resources */,
				DA9089B31FD4CE5F00C1208A /* LocalizableView.strings in Resources */,
				DA9089B01FD4CE5800C1208A /* LaunchScreen.storyboard in Resources */,
				DA753DAC1FD5EBC8007E5BC5 /* generic.xcassets in Resources */,
				DA9089B21FD4CE5F00C1208A /* InfoPlist.strings in Resources */,
				DA9089B11FD4CE5F00C1208A /* LocalizableModel.strings in Resources */,
			);
			runOnlyForDeploymentPostprocessing = 0;
		};
/* End PBXResourcesBuildPhase section */

/* Begin PBXSourcesBuildPhase section */
		DA90887E1FD4C38E00C1208A /* Sources */ = {
			isa = PBXSourcesBuildPhase;
			buildActionMask = 2147483647;
			files = (
				DACF554B1FD7661E00069701 /* ExtensionUICollectionReusableView.swift in Sources */,
				DA91EB1A1FD62C1F0063560D /* ViewSlider.swift in Sources */,
				DA70AFC21FD5AA980016B0DC /* ControllerHome.swift in Sources */,
				DACF552D1FD7661E00069701 /* ExtensionNotification.swift in Sources */,
				DA3F0EBB1FD7505E00593B83 /* Menu+OrderUser.swift in Sources */,
				DA91EB0C1FD62C1F0063560D /* ViewSliderBar.swift in Sources */,
				DA177BF41FD7792C003B3836 /* ViewBar.swift in Sources */,
				DA9089281FD4C66000C1208A /* Menu+Constants.swift in Sources */,
				DA91EB1E1FD62C1F0063560D /* ViewGradient+Constants.swift in Sources */,
				DACF552F1FD7661E00069701 /* ExtensionUIColor.swift in Sources */,
				DACF55471FD7661E00069701 /* ExtensionString.swift in Sources */,
				DA91EB001FD62C1F0063560D /* ViewParent+Gesture.swift in Sources */,
				DA91EAF41FD62C1F0063560D /* ViewParent.swift in Sources */,
				DACF55351FD7661E00069701 /* ExtensionString+Constants.swift in Sources */,
				DACF554D1FD7661E00069701 /* ExtensionURL.swift in Sources */,
				DACF55451FD7661E00069701 /* ExtensionNSManagedObject.swift in Sources */,
				DA91EAFC1FD62C1F0063560D /* ViewParent+Transitions.swift in Sources */,
				DA90891F1FD4C66000C1208A /* ControllerParent+Constants.swift in Sources */,
				DA91EB101FD62C1F0063560D /* ViewSlider+Gesture.swift in Sources */,
				DA91EB081FD62C1F0063560D /* ViewPushBackground.swift in Sources */,
				DA9089231FD4C66000C1208A /* ControllerTransition.swift in Sources */,
				DACF55331FD7661E00069701 /* ExtensionMKPolyline.swift in Sources */,
				DA90891E1FD4C66000C1208A /* ControllerParent+Orientation.swift in Sources */,
				DA992D781FD61E7300A6CFEF /* MenuItemGenericProtocol+Default.swift in Sources */,
				DA91EB021FD62C1F0063560D /* ViewAlert+Constants.swift in Sources */,
				DA90892A1FD4C66000C1208A /* MenuItemHome.swift in Sources */,
				DA992D771FD61E7300A6CFEF /* MenuItemGenericProtocol.swift in Sources */,
				DA91EAF01FD62C1F0063560D /* ViewMenuCell.swift in Sources */,
				DA91EAE81FD62C1F0063560D /* ViewMenu+Actions.swift in Sources */,
				DA91EB211FD62C7D0063560D /* ViewTransitionableProtocol.swift in Sources */,
				DA91EB121FD62C1F0063560D /* ViewSpinner+Constants.swift in Sources */,
				DA9089261FD4C66000C1208A /* ArchHome.swift in Sources */,
				DA91EAEE1FD62C1F0063560D /* ViewMenu+Synth.swift in Sources */,
				DA91EB041FD62C1F0063560D /* ViewCollection.swift in Sources */,
				DACF552B1FD7661E00069701 /* ExtensionDictionary.swift in Sources */,
				DA5A97CC1FD605E1006223BA /* MenuItemGeneric.swift in Sources */,
				DACF553F1FD7661E00069701 /* ExtensionUIFont.swift in Sources */,
				DA91EAFE1FD62C1F0063560D /* ViewParent+Constants.swift in Sources */,
				DA91EB181FD62C1F0063560D /* ViewBorder.swift in Sources */,
				DA9089311FD4C66000C1208A /* MenuItemProtocol.swift in Sources */,
				DA91EAEC1FD62C1F0063560D /* ViewMenu.swift in Sources */,
				DA9089241FD4C66000C1208A /* ControllerParent.swift in Sources */,
				DA90891D1FD4C66000C1208A /* Controller.swift in Sources */,
				DA91EB141FD62C1F0063560D /* ViewGradient.swift in Sources */,
				DA9089211FD4C66000C1208A /* ControllerParent+Transitions.swift in Sources */,
				DA91EB1C1FD62C1F0063560D /* ViewSpinner.swift in Sources */,
				DA91EB0E1FD62C1F0063560D /* ViewBlur.swift in Sources */,
				DACF553B1FD7661E00069701 /* ExtensionMKAnnotationView.swift in Sources */,
				DACF55311FD7661E00069701 /* ExtensionCGImage.swift in Sources */,
				DACF55371FD7661E00069701 /* ExtensionFileManager.swift in Sources */,
				DA9089201FD4C66000C1208A /* ControllerParent+Menu.swift in Sources */,
				DA91EB241FD62D700063560D /* ViewControllableProtocol.swift in Sources */,
				DA9089271FD4C66000C1208A /* Model.swift in Sources */,
				DA91EB0A1FD62C1F0063560D /* ViewCollectionFlow.swift in Sources */,
				DA91EB161FD62C1F0063560D /* ViewSlider+Constants.swift in Sources */,
				DA91EAF21FD62C1F0063560D /* View.swift in Sources */,
				DACF55411FD7661E00069701 /* ExtensionUIImage.swift in Sources */,
				DACF55491FD7661E00069701 /* ExtensionUIFont+Constants.swift in Sources */,
				DA9089221FD4C66000C1208A /* AppDelegate.swift in Sources */,
				DA90892D1FD4C66000C1208A /* Menu.swift in Sources */,
				DA9089251FD4C66000C1208A /* Arch.swift in Sources */,
				DA91EAEA1FD62C1F0063560D /* ViewMenu+Collection.swift in Sources */,
				DA91EB061FD62C1F0063560D /* ViewAlert.swift in Sources */,
				DACF553D1FD7661E00069701 /* ExtensionNSLayoutConstraint.swift in Sources */,
				DA70AFC51FD5AABF0016B0DC /* Home.swift in Sources */,
				DA91EB271FD630E80063560D /* ViewGlobal.swift in Sources */,
				DACF55071FD7656F00069701 /* habanero.xcdatamodeld in Sources */,
				DACF55431FD7661E00069701 /* ExtensionData.swift in Sources */,
				DA90892F1FD4C66000C1208A /* Menu+Factory.swift in Sources */,
				DA3F0EB41FD74C5F00593B83 /* Menu+FactoryUser.swift in Sources */,
				DA91EAFA1FD62C1F0063560D /* ViewMain.swift in Sources */,
				DA177BF71FD77B2E003B3836 /* ViewBar+Factory.swift in Sources */,
				DACF55391FD7661E00069701 /* ExtensionURLResponse.swift in Sources */,
				DA70AFBF1FD5A8B10016B0DC /* ViewHome.swift in Sources */,
			);
			runOnlyForDeploymentPostprocessing = 0;
		};
		DA90894F1FD4CB4D00C1208A /* Sources */ = {
			isa = PBXSourcesBuildPhase;
			buildActionMask = 2147483647;
			files = (
				DA91EB1B1FD62C1F0063560D /* ViewSlider.swift in Sources */,
				DACF553C1FD7661E00069701 /* ExtensionMKAnnotationView.swift in Sources */,
				DA70AFC31FD5AA980016B0DC /* ControllerHome.swift in Sources */,
				DA91EB0D1FD62C1F0063560D /* ViewSliderBar.swift in Sources */,
				DA90898A1FD4CE3E00C1208A /* Menu+Constants.swift in Sources */,
				DA84C0F21FD73FCD008959EA /* ControllerNew.swift in Sources */,
				DA91EB1F1FD62C1F0063560D /* ViewGradient+Constants.swift in Sources */,
				DA9089871FD4CE3300C1208A /* Arch.swift in Sources */,
				DA177BF51FD7792C003B3836 /* ViewBar.swift in Sources */,
				DA91EB011FD62C1F0063560D /* ViewParent+Gesture.swift in Sources */,
				DA3F0EBD1FD7509500593B83 /* Menu+OrderAdmin.swift in Sources */,
				DA91EAF51FD62C1F0063560D /* ViewParent.swift in Sources */,
				DACF55421FD7661E00069701 /* ExtensionUIImage.swift in Sources */,
				DACF55361FD7661E00069701 /* ExtensionString+Constants.swift in Sources */,
				DA91EAFD1FD62C1F0063560D /* ViewParent+Transitions.swift in Sources */,
				DACF55481FD7661E00069701 /* ExtensionString.swift in Sources */,
				DA84C0EF1FD73F59008959EA /* ArchNew.swift in Sources */,
				DA177BEB1FD7758F003B3836 /* ViewNew+Factory.swift in Sources */,
				DA9089911FD4CE3E00C1208A /* Menu+Factory.swift in Sources */,
				DA91EB111FD62C1F0063560D /* ViewSlider+Gesture.swift in Sources */,
				DA91EB091FD62C1F0063560D /* ViewPushBackground.swift in Sources */,
				DA9089841FD4CE2E00C1208A /* ControllerParent+Transitions.swift in Sources */,
				DA91EB031FD62C1F0063560D /* ViewAlert+Constants.swift in Sources */,
				DA9089851FD4CE2E00C1208A /* ControllerTransition.swift in Sources */,
				DACF55441FD7661E00069701 /* ExtensionData.swift in Sources */,
				DA91EAF11FD62C1F0063560D /* ViewMenuCell.swift in Sources */,
				DA91EAE91FD62C1F0063560D /* ViewMenu+Actions.swift in Sources */,
				DA91EB221FD62C7D0063560D /* ViewTransitionableProtocol.swift in Sources */,
				DACF55341FD7661E00069701 /* ExtensionMKPolyline.swift in Sources */,
				DA177BF11FD77874003B3836 /* ViewNewBar.swift in Sources */,
				DACF55301FD7661E00069701 /* ExtensionUIColor.swift in Sources */,
				DA91EB131FD62C1F0063560D /* ViewSpinner+Constants.swift in Sources */,
				DA91EAEF1FD62C1F0063560D /* ViewMenu+Synth.swift in Sources */,
				DACF55461FD7661E00069701 /* ExtensionNSManagedObject.swift in Sources */,
				DA9089811FD4CE2E00C1208A /* ControllerParent+Orientation.swift in Sources */,
				DA91EB051FD62C1F0063560D /* ViewCollection.swift in Sources */,
				DA5A97CD1FD6061B006223BA /* MenuItemGeneric.swift in Sources */,
				DACF55321FD7661E00069701 /* ExtensionCGImage.swift in Sources */,
				DA91EAFF1FD62C1F0063560D /* ViewParent+Constants.swift in Sources */,
				DA91EB191FD62C1F0063560D /* ViewBorder.swift in Sources */,
				DA9089881FD4CE3300C1208A /* ArchHome.swift in Sources */,
				DA91EAED1FD62C1F0063560D /* ViewMenu.swift in Sources */,
				DACF554C1FD7661E00069701 /* ExtensionUICollectionReusableView.swift in Sources */,
				DA9089801FD4CE2E00C1208A /* Controller.swift in Sources */,
				DACF55401FD7661E00069701 /* ExtensionUIFont.swift in Sources */,
				DA9089861FD4CE2E00C1208A /* ControllerParent.swift in Sources */,
				DA91EB151FD62C1F0063560D /* ViewGradient.swift in Sources */,
				DA84C0F51FD74009008959EA /* New.swift in Sources */,
				DA91EB1D1FD62C1F0063560D /* ViewSpinner.swift in Sources */,
				DA177BF81FD77B2E003B3836 /* ViewBar+Factory.swift in Sources */,
				DACF552C1FD7661E00069701 /* ExtensionDictionary.swift in Sources */,
				DA91EB0F1FD62C1F0063560D /* ViewBlur.swift in Sources */,
				DA91EB251FD62D700063560D /* ViewControllableProtocol.swift in Sources */,
				DA9089931FD4CE3E00C1208A /* MenuItemProtocol.swift in Sources */,
				DA9089821FD4CE2E00C1208A /* ControllerParent+Constants.swift in Sources */,
				DACF552E1FD7661E00069701 /* ExtensionNotification.swift in Sources */,
				DA90898C1FD4CE3E00C1208A /* MenuItemHome.swift in Sources */,
				DA3F0EB81FD74FC400593B83 /* MenuItemNew.swift in Sources */,
				DA3F0EB61FD74C8700593B83 /* Menu+FactoryAdmin.swift in Sources */,
				DA91EB0B1FD62C1F0063560D /* ViewCollectionFlow.swift in Sources */,
				DACF55381FD7661E00069701 /* ExtensionFileManager.swift in Sources */,
				DA91EB171FD62C1F0063560D /* ViewSlider+Constants.swift in Sources */,
				DA91EAF31FD62C1F0063560D /* View.swift in Sources */,
				DACF553E1FD7661E00069701 /* ExtensionNSLayoutConstraint.swift in Sources */,
				DA992D7A1FD61EE500A6CFEF /* MenuItemGenericProtocol+Default.swift in Sources */,
				DA9089831FD4CE2E00C1208A /* ControllerParent+Menu.swift in Sources */,
				DA91EAEB1FD62C1F0063560D /* ViewMenu+Collection.swift in Sources */,
				DA84C0F81FD7403D008959EA /* ViewNew.swift in Sources */,
				DA177BEF1FD77773003B3836 /* ViewNewListCell.swift in Sources */,
				DA91EB071FD62C1F0063560D /* ViewAlert.swift in Sources */,
				DA70AFC61FD5AABF0016B0DC /* Home.swift in Sources */,
				DA91EB281FD630E80063560D /* ViewGlobal.swift in Sources */,
				DA90898F1FD4CE3E00C1208A /* Menu.swift in Sources */,
				DA992D791FD61ED700A6CFEF /* MenuItemGenericProtocol.swift in Sources */,
				DACF553A1FD7661E00069701 /* ExtensionURLResponse.swift in Sources */,
				DA9089891FD4CE3700C1208A /* Model.swift in Sources */,
				DA91EAFB1FD62C1F0063560D /* ViewMain.swift in Sources */,
				DACF55081FD7656F00069701 /* habanero.xcdatamodeld in Sources */,
				DA70AFC01FD5A8B10016B0DC /* ViewHome.swift in Sources */,
				DA177BED1FD77713003B3836 /* ViewNewList.swift in Sources */,
				DA90897F1FD4CE2E00C1208A /* AppDelegate.swift in Sources */,
				DACF554A1FD7661E00069701 /* ExtensionUIFont+Constants.swift in Sources */,
				DACF554E1FD7661E00069701 /* ExtensionURL.swift in Sources */,
			);
			runOnlyForDeploymentPostprocessing = 0;
		};
/* End PBXSourcesBuildPhase section */

/* Begin PBXVariantGroup section */
		DA9088A01FD4C65F00C1208A /* LocalizableModel.strings */ = {
			isa = PBXVariantGroup;
			children = (
				DA9088A11FD4C65F00C1208A /* en */,
			);
			name = LocalizableModel.strings;
			sourceTree = "<group>";
		};
		DA9088A21FD4C65F00C1208A /* InfoPlist.strings */ = {
			isa = PBXVariantGroup;
			children = (
				DA9088A31FD4C65F00C1208A /* en */,
			);
			name = InfoPlist.strings;
			sourceTree = "<group>";
		};
		DA9088A41FD4C65F00C1208A /* LocalizableView.strings */ = {
			isa = PBXVariantGroup;
			children = (
				DA9088A51FD4C65F00C1208A /* en */,
			);
			name = LocalizableView.strings;
			sourceTree = "<group>";
		};
		DA9088A61FD4C65F00C1208A /* LocalizableController.strings */ = {
			isa = PBXVariantGroup;
			children = (
				DA9088A71FD4C65F00C1208A /* en */,
			);
			name = LocalizableController.strings;
			sourceTree = "<group>";
		};
/* End PBXVariantGroup section */

/* Begin XCBuildConfiguration section */
		DA9088921FD4C38E00C1208A /* Debug */ = {
			isa = XCBuildConfiguration;
			buildSettings = {
				ALWAYS_SEARCH_USER_PATHS = NO;
				CLANG_ANALYZER_NONNULL = YES;
				CLANG_ANALYZER_NUMBER_OBJECT_CONVERSION = YES_AGGRESSIVE;
				CLANG_CXX_LANGUAGE_STANDARD = "gnu++14";
				CLANG_CXX_LIBRARY = "libc++";
				CLANG_ENABLE_MODULES = NO;
				CLANG_ENABLE_OBJC_ARC = YES;
				CLANG_WARN_BLOCK_CAPTURE_AUTORELEASING = YES;
				CLANG_WARN_BOOL_CONVERSION = YES;
				CLANG_WARN_COMMA = YES;
				CLANG_WARN_CONSTANT_CONVERSION = YES;
				CLANG_WARN_DIRECT_OBJC_ISA_USAGE = YES_ERROR;
				CLANG_WARN_DOCUMENTATION_COMMENTS = YES;
				CLANG_WARN_EMPTY_BODY = YES;
				CLANG_WARN_ENUM_CONVERSION = YES;
				CLANG_WARN_INFINITE_RECURSION = YES;
				CLANG_WARN_INT_CONVERSION = YES;
				CLANG_WARN_NON_LITERAL_NULL_CONVERSION = YES;
				CLANG_WARN_OBJC_LITERAL_CONVERSION = YES;
				CLANG_WARN_OBJC_ROOT_CLASS = YES_ERROR;
				CLANG_WARN_RANGE_LOOP_ANALYSIS = YES;
				CLANG_WARN_STRICT_PROTOTYPES = YES;
				CLANG_WARN_SUSPICIOUS_MOVE = YES;
				CLANG_WARN_UNGUARDED_AVAILABILITY = YES_AGGRESSIVE;
				CLANG_WARN_UNREACHABLE_CODE = YES;
				CLANG_WARN__DUPLICATE_METHOD_MATCH = YES;
				CODE_SIGN_IDENTITY = "iPhone Developer";
				COPY_PHASE_STRIP = NO;
				CURRENT_PROJECT_VERSION = 33;
				DEBUG_INFORMATION_FORMAT = dwarf;
				ENABLE_STRICT_OBJC_MSGSEND = YES;
				ENABLE_TESTABILITY = YES;
				GCC_C_LANGUAGE_STANDARD = gnu11;
				GCC_DYNAMIC_NO_PIC = NO;
				GCC_NO_COMMON_BLOCKS = YES;
				GCC_OPTIMIZATION_LEVEL = 0;
				GCC_PREPROCESSOR_DEFINITIONS = (
					"DEBUG=1",
					"$(inherited)",
				);
				GCC_WARN_64_TO_32_BIT_CONVERSION = YES;
				GCC_WARN_ABOUT_RETURN_TYPE = YES_ERROR;
				GCC_WARN_UNDECLARED_SELECTOR = YES;
				GCC_WARN_UNINITIALIZED_AUTOS = YES_AGGRESSIVE;
				GCC_WARN_UNUSED_FUNCTION = YES;
				GCC_WARN_UNUSED_VARIABLE = YES;
				IPHONEOS_DEPLOYMENT_TARGET = 9.0;
				MTL_ENABLE_DEBUG_INFO = YES;
				ONLY_ACTIVE_ARCH = YES;
				SDKROOT = iphoneos;
				SWIFT_ACTIVE_COMPILATION_CONDITIONS = DEBUG;
				SWIFT_INSTALL_OBJC_HEADER = NO;
				SWIFT_OPTIMIZATION_LEVEL = "-Onone";
				VERSIONING_SYSTEM = "apple-generic";
			};
			name = Debug;
		};
		DA9088931FD4C38E00C1208A /* Release */ = {
			isa = XCBuildConfiguration;
			buildSettings = {
				ALWAYS_SEARCH_USER_PATHS = NO;
				CLANG_ANALYZER_NONNULL = YES;
				CLANG_ANALYZER_NUMBER_OBJECT_CONVERSION = YES_AGGRESSIVE;
				CLANG_CXX_LANGUAGE_STANDARD = "gnu++14";
				CLANG_CXX_LIBRARY = "libc++";
				CLANG_ENABLE_MODULES = NO;
				CLANG_ENABLE_OBJC_ARC = YES;
				CLANG_WARN_BLOCK_CAPTURE_AUTORELEASING = YES;
				CLANG_WARN_BOOL_CONVERSION = YES;
				CLANG_WARN_COMMA = YES;
				CLANG_WARN_CONSTANT_CONVERSION = YES;
				CLANG_WARN_DIRECT_OBJC_ISA_USAGE = YES_ERROR;
				CLANG_WARN_DOCUMENTATION_COMMENTS = YES;
				CLANG_WARN_EMPTY_BODY = YES;
				CLANG_WARN_ENUM_CONVERSION = YES;
				CLANG_WARN_INFINITE_RECURSION = YES;
				CLANG_WARN_INT_CONVERSION = YES;
				CLANG_WARN_NON_LITERAL_NULL_CONVERSION = YES;
				CLANG_WARN_OBJC_LITERAL_CONVERSION = YES;
				CLANG_WARN_OBJC_ROOT_CLASS = YES_ERROR;
				CLANG_WARN_RANGE_LOOP_ANALYSIS = YES;
				CLANG_WARN_STRICT_PROTOTYPES = YES;
				CLANG_WARN_SUSPICIOUS_MOVE = YES;
				CLANG_WARN_UNGUARDED_AVAILABILITY = YES_AGGRESSIVE;
				CLANG_WARN_UNREACHABLE_CODE = YES;
				CLANG_WARN__DUPLICATE_METHOD_MATCH = YES;
				CODE_SIGN_IDENTITY = "iPhone Developer";
				COPY_PHASE_STRIP = NO;
				CURRENT_PROJECT_VERSION = 33;
				DEBUG_INFORMATION_FORMAT = "dwarf-with-dsym";
				ENABLE_NS_ASSERTIONS = NO;
				ENABLE_STRICT_OBJC_MSGSEND = YES;
				GCC_C_LANGUAGE_STANDARD = gnu11;
				GCC_NO_COMMON_BLOCKS = YES;
				GCC_WARN_64_TO_32_BIT_CONVERSION = YES;
				GCC_WARN_ABOUT_RETURN_TYPE = YES_ERROR;
				GCC_WARN_UNDECLARED_SELECTOR = YES;
				GCC_WARN_UNINITIALIZED_AUTOS = YES_AGGRESSIVE;
				GCC_WARN_UNUSED_FUNCTION = YES;
				GCC_WARN_UNUSED_VARIABLE = YES;
				IPHONEOS_DEPLOYMENT_TARGET = 9.0;
				MTL_ENABLE_DEBUG_INFO = NO;
				SDKROOT = iphoneos;
				SWIFT_INSTALL_OBJC_HEADER = NO;
				SWIFT_OPTIMIZATION_LEVEL = "-Owholemodule";
				VALIDATE_PRODUCT = YES;
				VERSIONING_SYSTEM = "apple-generic";
			};
			name = Release;
		};
		DA9088951FD4C38E00C1208A /* Debug */ = {
			isa = XCBuildConfiguration;
			buildSettings = {
				CODE_SIGN_STYLE = Automatic;
				DEVELOPMENT_TEAM = 7AMWG3RLHN;
				INFOPLIST_FILE = "$(SRCROOT)/Info/userInfo.plist";
				LD_RUNPATH_SEARCH_PATHS = "$(inherited) @executable_path/Frameworks";
				PRODUCT_BUNDLE_IDENTIFIER = iturbide.habanero;
				PRODUCT_NAME = "$(TARGET_NAME)";
				SWIFT_VERSION = 4.0;
				TARGETED_DEVICE_FAMILY = "1,2";
			};
			name = Debug;
		};
		DA9088961FD4C38E00C1208A /* Release */ = {
			isa = XCBuildConfiguration;
			buildSettings = {
				CODE_SIGN_STYLE = Automatic;
				DEVELOPMENT_TEAM = 7AMWG3RLHN;
				INFOPLIST_FILE = "$(SRCROOT)/Info/userInfo.plist";
				LD_RUNPATH_SEARCH_PATHS = "$(inherited) @executable_path/Frameworks";
				PRODUCT_BUNDLE_IDENTIFIER = iturbide.habanero;
				PRODUCT_NAME = "$(TARGET_NAME)";
				SWIFT_VERSION = 4.0;
				TARGETED_DEVICE_FAMILY = "1,2";
			};
			name = Release;
		};
		DA9089631FD4CB4D00C1208A /* Debug */ = {
			isa = XCBuildConfiguration;
			buildSettings = {
				CLANG_ENABLE_MODULES = NO;
				CODE_SIGN_STYLE = Automatic;
				DEVELOPMENT_TEAM = 7AMWG3RLHN;
				INFOPLIST_FILE = "$(SRCROOT)/Info/adminInfo.plist";
				LD_RUNPATH_SEARCH_PATHS = "$(inherited) @executable_path/Frameworks";
				PRODUCT_BUNDLE_IDENTIFIER = "iturbide.-";
				PRODUCT_NAME = "$(TARGET_NAME)";
				SWIFT_VERSION = 4.0;
				TARGETED_DEVICE_FAMILY = "1,2";
			};
			name = Debug;
		};
		DA9089641FD4CB4D00C1208A /* Release */ = {
			isa = XCBuildConfiguration;
			buildSettings = {
				CLANG_ENABLE_MODULES = NO;
				CODE_SIGN_STYLE = Automatic;
				DEVELOPMENT_TEAM = 7AMWG3RLHN;
				INFOPLIST_FILE = "$(SRCROOT)/Info/adminInfo.plist";
				LD_RUNPATH_SEARCH_PATHS = "$(inherited) @executable_path/Frameworks";
				PRODUCT_BUNDLE_IDENTIFIER = "iturbide.-";
				PRODUCT_NAME = "$(TARGET_NAME)";
				SWIFT_VERSION = 4.0;
				TARGETED_DEVICE_FAMILY = "1,2";
			};
			name = Release;
		};
/* End XCBuildConfiguration section */

/* Begin XCConfigurationList section */
		DA90887D1FD4C38E00C1208A /* Build configuration list for PBXProject "habanero" */ = {
			isa = XCConfigurationList;
			buildConfigurations = (
				DA9088921FD4C38E00C1208A /* Debug */,
				DA9088931FD4C38E00C1208A /* Release */,
			);
			defaultConfigurationIsVisible = 0;
			defaultConfigurationName = Release;
		};
		DA9088941FD4C38E00C1208A /* Build configuration list for PBXNativeTarget "user" */ = {
			isa = XCConfigurationList;
			buildConfigurations = (
				DA9088951FD4C38E00C1208A /* Debug */,
				DA9088961FD4C38E00C1208A /* Release */,
			);
			defaultConfigurationIsVisible = 0;
			defaultConfigurationName = Release;
		};
		DA9089621FD4CB4D00C1208A /* Build configuration list for PBXNativeTarget "admin" */ = {
			isa = XCConfigurationList;
			buildConfigurations = (
				DA9089631FD4CB4D00C1208A /* Debug */,
				DA9089641FD4CB4D00C1208A /* Release */,
			);
			defaultConfigurationIsVisible = 0;
			defaultConfigurationName = Release;
		};
/* End XCConfigurationList section */

/* Begin XCVersionGroup section */
		DACF55051FD7656E00069701 /* habanero.xcdatamodeld */ = {
			isa = XCVersionGroup;
			children = (
				DACF55061FD7656E00069701 /* habanero.xcdatamodel */,
			);
			currentVersion = DACF55061FD7656E00069701 /* habanero.xcdatamodel */;
			path = habanero.xcdatamodeld;
			sourceTree = "<group>";
			versionGroupType = wrapper.xcdatamodel;
		};
/* End XCVersionGroup section */
	};
	rootObject = DA90887A1FD4C38E00C1208A /* Project object */;
}
